
Microsoft Visual Studio Solution File, Format Version 12.00
# Visual Studio Version 16
VisualStudioVersion = 16.0.29326.143
MinimumVisualStudioVersion = 10.0.40219.1
Project("{FAE04EC0-301F-11D3-BF4B-00C04F79EFBC}") = "TabbedNavigation.UWP", "TabbedNavigation\TabbedNavigation.UWP\TabbedNavigation.UWP.csproj", "{0163DA7E-C862-4F5F-A967-A149259E95B0}"
EndProject
Project("{FAE04EC0-301F-11D3-BF4B-00C04F79EFBC}") = "TabbedNavigation.Android", "TabbedNavigation\TabbedNavigation.Android\TabbedNavigation.Android.csproj", "{D4EDD0F4-F649-4D39-A58B-EBF6ECD9DFA7}"
EndProject
Project("{FAE04EC0-301F-11D3-BF4B-00C04F79EFBC}") = "TabbedNavigation.iOS", "TabbedNavigation\TabbedNavigation.iOS\TabbedNavigation.iOS.csproj", "{155A6EEB-C52E-4058-BEE0-7224EBECC2EE}"
EndProject
Project("{9A19103F-16F7-4668-BE54-9A1E7A4F7556}") = "TabbedNavigation", "TabbedNavigation\TabbedNavigation\TabbedNavigation.csproj", "{A0B03A06-8961-4A0D-8C59-038239563BB3}"
EndProject
Global
	GlobalSection(SolutionConfigurationPlatforms) = preSolution
		Debug|Any CPU = Debug|Any CPU
		Debug|ARM = Debug|ARM
		Debug|iPhone = Debug|iPhone
		Debug|iPhoneSimulator = Debug|iPhoneSimulator
		Debug|x64 = Debug|x64
		Debug|x86 = Debug|x86
		Release|Any CPU = Release|Any CPU
		Release|ARM = Release|ARM
		Release|iPhone = Release|iPhone
		Release|iPhoneSimulator = Release|iPhoneSimulator
		Release|x64 = Release|x64
		Release|x86 = Release|x86
	EndGlobalSection
	GlobalSection(ProjectConfigurationPlatforms) = postSolution
		{0163DA7E-C862-4F5F-A967-A149259E95B0}.Debug|Any CPU.ActiveCfg = Debug|x86
		{0163DA7E-C862-4F5F-A967-A149259E95B0}.Debug|Any CPU.Build.0 = Debug|x86
		{0163DA7E-C862-4F5F-A967-A149259E95B0}.Debug|Any CPU.Deploy.0 = Debug|x86
		{0163DA7E-C862-4F5F-A967-A149259E95B0}.Debug|ARM.ActiveCfg = Debug|ARM
		{0163DA7E-C862-4F5F-A967-A149259E95B0}.Debug|ARM.Build.0 = Debug|ARM
		{0163DA7E-C862-4F5F-A967-A149259E95B0}.Debug|ARM.Deploy.0 = Debug|ARM
		{0163DA7E-C862-4F5F-A967-A149259E95B0}.Debug|iPhone.ActiveCfg = Debug|x86
		{0163DA7E-C862-4F5F-A967-A149259E95B0}.Debug|iPhone.Build.0 = Debug|x86
		{0163DA7E-C862-4F5F-A967-A149259E95B0}.Debug|iPhone.Deploy.0 = Debug|x86
		{0163DA7E-C862-4F5F-A967-A149259E95B0}.Debug|iPhoneSimulator.ActiveCfg = Debug|x86
		{0163DA7E-C862-4F5F-A967-A149259E95B0}.Debug|iPhoneSimulator.Build.0 = Debug|x86
		{0163DA7E-C862-4F5F-A967-A149259E95B0}.Debug|iPhoneSimulator.Deploy.0 = Debug|x86
		{0163DA7E-C862-4F5F-A967-A149259E95B0}.Debug|x64.ActiveCfg = Debug|x64
		{0163DA7E-C862-4F5F-A967-A149259E95B0}.Debug|x64.Build.0 = Debug|x64
		{0163DA7E-C862-4F5F-A967-A149259E95B0}.Debug|x64.Deploy.0 = Debug|x64
		{0163DA7E-C862-4F5F-A967-A149259E95B0}.Debug|x86.ActiveCfg = Debug|x86
		{0163DA7E-C862-4F5F-A967-A149259E95B0}.Debug|x86.Build.0 = Debug|x86
		{0163DA7E-C862-4F5F-A967-A149259E95B0}.Debug|x86.Deploy.0 = Debug|x86
		{0163DA7E-C862-4F5F-A967-A149259E95B0}.Release|Any CPU.ActiveCfg = Release|x86
		{0163DA7E-C862-4F5F-A967-A149259E95B0}.Release|Any CPU.Build.0 = Release|x86
		{0163DA7E-C862-4F5F-A967-A149259E95B0}.Release|Any CPU.Deploy.0 = Release|x86
		{0163DA7E-C862-4F5F-A967-A149259E95B0}.Release|ARM.ActiveCfg = Release|ARM
		{0163DA7E-C862-4F5F-A967-A149259E95B0}.Release|ARM.Build.0 = Release|ARM
		{0163DA7E-C862-4F5F-A967-A149259E95B0}.Release|ARM.Deploy.0 = Release|ARM
		{0163DA7E-C862-4F5F-A967-A149259E95B0}.Release|iPhone.ActiveCfg = Release|x86
		{0163DA7E-C862-4F5F-A967-A149259E95B0}.Release|iPhone.Build.0 = Release|x86
		{0163DA7E-C862-4F5F-A967-A149259E95B0}.Release|iPhone.Deploy.0 = Release|x86
		{0163DA7E-C862-4F5F-A967-A149259E95B0}.Release|iPhoneSimulator.ActiveCfg = Release|x86
		{0163DA7E-C862-4F5F-A967-A149259E95B0}.Release|iPhoneSimulator.Build.0 = Release|x86
		{0163DA7E-C862-4F5F-A967-A149259E95B0}.Release|iPhoneSimulator.Deploy.0 = Release|x86
		{0163DA7E-C862-4F5F-A967-A149259E95B0}.Release|x64.ActiveCfg = Release|x64
		{0163DA7E-C862-4F5F-A967-A149259E95B0}.Release|x64.Build.0 = Release|x64
		{0163DA7E-C862-4F5F-A967-A149259E95B0}.Release|x64.Deploy.0 = Release|x64
		{0163DA7E-C862-4F5F-A967-A149259E95B0}.Release|x86.ActiveCfg = Release|x86
		{0163DA7E-C862-4F5F-A967-A149259E95B0}.Release|x86.Build.0 = Release|x86
		{0163DA7E-C862-4F5F-A967-A149259E95B0}.Release|x86.Deploy.0 = Release|x86
		{D4EDD0F4-F649-4D39-A58B-EBF6ECD9DFA7}.Debug|Any CPU.ActiveCfg = Debug|Any CPU
		{D4EDD0F4-F649-4D39-A58B-EBF6ECD9DFA7}.Debug|Any CPU.Build.0 = Debug|Any CPU
		{D4EDD0F4-F649-4D39-A58B-EBF6ECD9DFA7}.Debug|Any CPU.Deploy.0 = Debug|Any CPU
		{D4EDD0F4-F649-4D39-A58B-EBF6ECD9DFA7}.Debug|ARM.ActiveCfg = Debug|Any CPU
		{D4EDD0F4-F649-4D39-A58B-EBF6ECD9DFA7}.Debug|ARM.Build.0 = Debug|Any CPU
		{D4EDD0F4-F649-4D39-A58B-EBF6ECD9DFA7}.Debug|ARM.Deploy.0 = Debug|Any CPU
		{D4EDD0F4-F649-4D39-A58B-EBF6ECD9DFA7}.Debug|iPhone.ActiveCfg = Debug|Any CPU
		{D4EDD0F4-F649-4D39-A58B-EBF6ECD9DFA7}.Debug|iPhone.Build.0 = Debug|Any CPU
		{D4EDD0F4-F649-4D39-A58B-EBF6ECD9DFA7}.Debug|iPhone.Deploy.0 = Debug|Any CPU
		{D4EDD0F4-F649-4D39-A58B-EBF6ECD9DFA7}.Debug|iPhoneSimulator.ActiveCfg = Debug|Any CPU
		{D4EDD0F4-F649-4D39-A58B-EBF6ECD9DFA7}.Debug|iPhoneSimulator.Build.0 = Debug|Any CPU
		{D4EDD0F4-F649-4D39-A58B-EBF6ECD9DFA7}.Debug|iPhoneSimulator.Deploy.0 = Debug|Any CPU
		{D4EDD0F4-F649-4D39-A58B-EBF6ECD9DFA7}.Debug|x64.ActiveCfg = Debug|Any CPU
		{D4EDD0F4-F649-4D39-A58B-EBF6ECD9DFA7}.Debug|x64.Build.0 = Debug|Any CPU
		{D4EDD0F4-F649-4D39-A58B-EBF6ECD9DFA7}.Debug|x64.Deploy.0 = Debug|Any CPU
		{D4EDD0F4-F649-4D39-A58B-EBF6ECD9DFA7}.Debug|x86.ActiveCfg = Debug|Any CPU
		{D4EDD0F4-F649-4D39-A58B-EBF6ECD9DFA7}.Debug|x86.Build.0 = Debug|Any CPU
		{D4EDD0F4-F649-4D39-A58B-EBF6ECD9DFA7}.Debug|x86.Deploy.0 = Debug|Any CPU
		{D4EDD0F4-F649-4D39-A58B-EBF6ECD9DFA7}.Release|Any CPU.ActiveCfg = Release|Any CPU
		{D4EDD0F4-F649-4D39-A58B-EBF6ECD9DFA7}.Release|Any CPU.Build.0 = Release|Any CPU
		{D4EDD0F4-F649-4D39-A58B-EBF6ECD9DFA7}.Release|Any CPU.Deploy.0 = Release|Any CPU
		{D4EDD0F4-F649-4D39-A58B-EBF6ECD9DFA7}.Release|ARM.ActiveCfg = Release|Any CPU
		{D4EDD0F4-F649-4D39-A58B-EBF6ECD9DFA7}.Release|ARM.Build.0 = Release|Any CPU
		{D4EDD0F4-F649-4D39-A58B-EBF6ECD9DFA7}.Release|ARM.Deploy.0 = Release|Any CPU
		{D4EDD0F4-F649-4D39-A58B-EBF6ECD9DFA7}.Release|iPhone.ActiveCfg = Release|Any CPU
		{D4EDD0F4-F649-4D39-A58B-EBF6ECD9DFA7}.Release|iPhone.Build.0 = Release|Any CPU
		{D4EDD0F4-F649-4D39-A58B-EBF6ECD9DFA7}.Release|iPhone.Deploy.0 = Release|Any CPU
		{D4EDD0F4-F649-4D39-A58B-EBF6ECD9DFA7}.Release|iPhoneSimulator.ActiveCfg = Release|Any CPU
		{D4EDD0F4-F649-4D39-A58B-EBF6ECD9DFA7}.Release|iPhoneSimulator.Build.0 = Release|Any CPU
		{D4EDD0F4-F649-4D39-A58B-EBF6ECD9DFA7}.Release|iPhoneSimulator.Deploy.0 = Release|Any CPU
		{D4EDD0F4-F649-4D39-A58B-EBF6ECD9DFA7}.Release|x64.ActiveCfg = Release|Any CPU
		{D4EDD0F4-F649-4D39-A58B-EBF6ECD9DFA7}.Release|x64.Build.0 = Release|Any CPU
		{D4EDD0F4-F649-4D39-A58B-EBF6ECD9DFA7}.Release|x64.Deploy.0 = Release|Any CPU
		{D4EDD0F4-F649-4D39-A58B-EBF6ECD9DFA7}.Release|x86.ActiveCfg = Release|Any CPU
		{D4EDD0F4-F649-4D39-A58B-EBF6ECD9DFA7}.Release|x86.Build.0 = Release|Any CPU
		{D4EDD0F4-F649-4D39-A58B-EBF6ECD9DFA7}.Release|x86.Deploy.0 = Release|Any CPU
		{155A6EEB-C52E-4058-BEE0-7224EBECC2EE}.Debug|Any CPU.ActiveCfg = Debug|iPhone
		{155A6EEB-C52E-4058-BEE0-7224EBECC2EE}.Debug|Any CPU.Build.0 = Debug|iPhone
		{155A6EEB-C52E-4058-BEE0-7224EBECC2EE}.Debug|Any CPU.Deploy.0 = Debug|iPhone
		{155A6EEB-C52E-4058-BEE0-7224EBECC2EE}.Debug|ARM.ActiveCfg = Debug|iPhoneSimulator
		{155A6EEB-C52E-4058-BEE0-7224EBECC2EE}.Debug|ARM.Build.0 = Debug|iPhoneSimulator
		{155A6EEB-C52E-4058-BEE0-7224EBECC2EE}.Debug|ARM.Deploy.0 = Debug|iPhoneSimulator
		{155A6EEB-C52E-4058-BEE0-7224EBECC2EE}.Debug|iPhone.ActiveCfg = Debug|iPhone
		{155A6EEB-C52E-4058-BEE0-7224EBECC2EE}.Debug|iPhone.Build.0 = Debug|iPhone
		{155A6EEB-C52E-4058-BEE0-7224EBECC2EE}.Debug|iPhone.Deploy.0 = Debug|iPhone
		{155A6EEB-C52E-4058-BEE0-7224EBECC2EE}.Debug|iPhoneSimulator.ActiveCfg = Debug|iPhoneSimulator
		{155A6EEB-C52E-4058-BEE0-7224EBECC2EE}.Debug|iPhoneSimulator.Build.0 = Debug|iPhoneSimulator
		{155A6EEB-C52E-4058-BEE0-7224EBECC2EE}.Debug|iPhoneSimulator.Deploy.0 = Debug|iPhoneSimulator
		{155A6EEB-C52E-4058-BEE0-7224EBECC2EE}.Debug|x64.ActiveCfg = Debug|iPhone
		{155A6EEB-C52E-4058-BEE0-7224EBECC2EE}.Debug|x64.Build.0 = Debug|iPhone
		{155A6EEB-C52E-4058-BEE0-7224EBECC2EE}.Debug|x64.Deploy.0 = Debug|iPhone
		{155A6EEB-C52E-4058-BEE0-7224EBECC2EE}.Debug|x86.ActiveCfg = Debug|iPhone
		{155A6EEB-C52E-4058-BEE0-7224EBECC2EE}.Debug|x86.Build.0 = Debug|iPhone
		{155A6EEB-C52E-4058-BEE0-7224EBECC2EE}.Debug|x86.Deploy.0 = Debug|iPhone
		{155A6EEB-C52E-4058-BEE0-7224EBECC2EE}.Release|Any CPU.ActiveCfg = Release|iPhone
		{155A6EEB-C52E-4058-BEE0-7224EBECC2EE}.Release|Any CPU.Build.0 = Release|iPhone
		{155A6EEB-C52E-4058-BEE0-7224EBECC2EE}.Release|Any CPU.Deploy.0 = Release|iPhone
		{155A6EEB-C52E-4058-BEE0-7224EBECC2EE}.Release|ARM.ActiveCfg = Release|iPhone
		{155A6EEB-C52E-4058-BEE0-7224EBECC2EE}.Release|ARM.Build.0 = Release|iPhone
		{155A6EEB-C52E-4058-BEE0-7224EBECC2EE}.Release|ARM.Deploy.0 = Release|iPhone
		{155A6EEB-C52E-4058-BEE0-7224EBECC2EE}.Release|iPhone.ActiveCfg = Release|iPhone
		{155A6EEB-C52E-4058-BEE0-7224EBECC2EE}.Release|iPhone.Build.0 = Release|iPhone
		{155A6EEB-C52E-4058-BEE0-7224EBECC2EE}.Release|iPhone.Deploy.0 = Release|iPhone
		{155A6EEB-C52E-4058-BEE0-7224EBECC2EE}.Release|iPhoneSimulator.ActiveCfg = Release|iPhoneSimulator
		{155A6EEB-C52E-4058-BEE0-7224EBECC2EE}.Release|iPhoneSimulator.Build.0 = Release|iPhoneSimulator
		{155A6EEB-C52E-4058-BEE0-7224EBECC2EE}.Release|iPhoneSimulator.Deploy.0 = Release|iPhoneSimulator
		{155A6EEB-C52E-4058-BEE0-7224EBECC2EE}.Release|x64.ActiveCfg = Release|iPhone
		{155A6EEB-C52E-4058-BEE0-7224EBECC2EE}.Release|x64.Build.0 = Release|iPhone
		{155A6EEB-C52E-4058-BEE0-7224EBECC2EE}.Release|x64.Deploy.0 = Release|iPhone
		{155A6EEB-C52E-4058-BEE0-7224EBECC2EE}.Release|x86.ActiveCfg = Release|iPhone
		{155A6EEB-C52E-4058-BEE0-7224EBECC2EE}.Release|x86.Build.0 = Release|iPhone
		{155A6EEB-C52E-4058-BEE0-7224EBECC2EE}.Release|x86.Deploy.0 = Release|iPhone
		{A0B03A06-8961-4A0D-8C59-038239563BB3}.Debug|Any CPU.ActiveCfg = Debug|Any CPU
		{A0B03A06-8961-4A0D-8C59-038239563BB3}.Debug|Any CPU.Build.0 = Debug|Any CPU
		{A0B03A06-8961-4A0D-8C59-038239563BB3}.Debug|Any CPU.Deploy.0 = Debug|Any CPU
		{A0B03A06-8961-4A0D-8C59-038239563BB3}.Debug|ARM.ActiveCfg = Debug|Any CPU
		{A0B03A06-8961-4A0D-8C59-038239563BB3}.Debug|ARM.Build.0 = Debug|Any CPU
		{A0B03A06-8961-4A0D-8C59-038239563BB3}.Debug|ARM.Deploy.0 = Debug|Any CPU
		{A0B03A06-8961-4A0D-8C59-038239563BB3}.Debug|iPhone.ActiveCfg = Debug|Any CPU
		{A0B03A06-8961-4A0D-8C59-038239563BB3}.Debug|iPhone.Build.0 = Debug|Any CPU
		{A0B03A06-8961-4A0D-8C59-038239563BB3}.Debug|iPhone.Deploy.0 = Debug|Any CPU
		{A0B03A06-8961-4A0D-8C59-038239563BB3}.Debug|iPhoneSimulator.ActiveCfg = Debug|Any CPU
		{A0B03A06-8961-4A0D-8C59-038239563BB3}.Debug|iPhoneSimulator.Build.0 = Debug|Any CPU
		{A0B03A06-8961-4A0D-8C59-038239563BB3}.Debug|iPhoneSimulator.Deploy.0 = Debug|Any CPU
		{A0B03A06-8961-4A0D-8C59-038239563BB3}.Debug|x64.ActiveCfg = Debug|Any CPU
		{A0B03A06-8961-4A0D-8C59-038239563BB3}.Debug|x64.Build.0 = Debug|Any CPU
		{A0B03A06-8961-4A0D-8C59-038239563BB3}.Debug|x64.Deploy.0 = Debug|Any CPU
		{A0B03A06-8961-4A0D-8C59-038239563BB3}.Debug|x86.ActiveCfg = Debug|Any CPU
		{A0B03A06-8961-4A0D-8C59-038239563BB3}.Debug|x86.Build.0 = Debug|Any CPU
		{A0B03A06-8961-4A0D-8C59-038239563BB3}.Debug|x86.Deploy.0 = Debug|Any CPU
		{A0B03A06-8961-4A0D-8C59-038239563BB3}.Release|Any CPU.ActiveCfg = Release|Any CPU
		{A0B03A06-8961-4A0D-8C59-038239563BB3}.Release|Any CPU.Build.0 = Release|Any CPU
		{A0B03A06-8961-4A0D-8C59-038239563BB3}.Release|Any CPU.Deploy.0 = Release|Any CPU
		{A0B03A06-8961-4A0D-8C59-038239563BB3}.Release|ARM.ActiveCfg = Release|Any CPU
		{A0B03A06-8961-4A0D-8C59-038239563BB3}.Release|ARM.Build.0 = Release|Any CPU
		{A0B03A06-8961-4A0D-8C59-038239563BB3}.Release|ARM.Deploy.0 = Release|Any CPU
		{A0B03A06-8961-4A0D-8C59-038239563BB3}.Release|iPhone.ActiveCfg = Release|Any CPU
		{A0B03A06-8961-4A0D-8C59-038239563BB3}.Release|iPhone.Build.0 = Release|Any CPU
		{A0B03A06-8961-4A0D-8C59-038239563BB3}.Release|iPhone.Deploy.0 = Release|Any CPU
		{A0B03A06-8961-4A0D-8C59-038239563BB3}.Release|iPhoneSimulator.ActiveCfg = Release|Any CPU
		{A0B03A06-8961-4A0D-8C59-038239563BB3}.Release|iPhoneSimulator.Build.0 = Release|Any CPU
		{A0B03A06-8961-4A0D-8C59-038239563BB3}.Release|iPhoneSimulator.Deploy.0 = Release|Any CPU
		{A0B03A06-8961-4A0D-8C59-038239563BB3}.Release|x64.ActiveCfg = Release|Any CPU
		{A0B03A06-8961-4A0D-8C59-038239563BB3}.Release|x64.Build.0 = Release|Any CPU
		{A0B03A06-8961-4A0D-8C59-038239563BB3}.Release|x64.Deploy.0 = Release|Any CPU
		{A0B03A06-8961-4A0D-8C59-038239563BB3}.Release|x86.ActiveCfg = Release|Any CPU
		{A0B03A06-8961-4A0D-8C59-038239563BB3}.Release|x86.Build.0 = Release|Any CPU
		{A0B03A06-8961-4A0D-8C59-038239563BB3}.Release|x86.Deploy.0 = Release|Any CPU
	EndGlobalSection
	GlobalSection(SolutionProperties) = preSolution
		HideSolutionNode = FALSE
	EndGlobalSection
	GlobalSection(ExtensibilityGlobals) = postSolution
		SolutionGuid = {D0F72113-ACEF-4E09-801A-950EC39C26E9}
	EndGlobalSection
EndGlobal
