
Microsoft Visual Studio Solution File, Format Version 12.00
# Visual Studio Version 16
VisualStudioVersion = 16.0.29418.71
MinimumVisualStudioVersion = 10.0.40219.1
Project("{FAE04EC0-301F-11D3-BF4B-00C04F79EFBC}") = "WeatherApp.UWP", "WeatherApp\WeatherApp.UWP\WeatherApp.UWP.csproj", "{3DFEECC1-4031-4CC3-8B22-5B298DD81BE6}"
EndProject
Project("{FAE04EC0-301F-11D3-BF4B-00C04F79EFBC}") = "WeatherApp.Android", "WeatherApp\WeatherApp.Android\WeatherApp.Android.csproj", "{FE6A0F46-80F1-4B6F-83ED-6E4F8E512D74}"
EndProject
Project("{FAE04EC0-301F-11D3-BF4B-00C04F79EFBC}") = "WeatherApp.iOS", "WeatherApp\WeatherApp.iOS\WeatherApp.iOS.csproj", "{4FF6E39C-83AF-47A1-8A65-72CEBBEEDC57}"
EndProject
Project("{FAE04EC0-301F-11D3-BF4B-00C04F79EFBC}") = "WeatherApp", "WeatherApp\WeatherApp\WeatherApp.csproj", "{18F03866-AB3F-437B-9060-DEBFC5CCC093}"
EndProject
Global
	GlobalSection(SolutionConfigurationPlatforms) = preSolution
		Debug|Any CPU = Debug|Any CPU
		Debug|ARM = Debug|ARM
		Debug|iPhone = Debug|iPhone
		Debug|iPhoneSimulator = Debug|iPhoneSimulator
		Debug|x64 = Debug|x64
		Debug|x86 = Debug|x86
		Release|Any CPU = Release|Any CPU
		Release|ARM = Release|ARM
		Release|iPhone = Release|iPhone
		Release|iPhoneSimulator = Release|iPhoneSimulator
		Release|x64 = Release|x64
		Release|x86 = Release|x86
	EndGlobalSection
	GlobalSection(ProjectConfigurationPlatforms) = postSolution
		{3DFEECC1-4031-4CC3-8B22-5B298DD81BE6}.Debug|Any CPU.ActiveCfg = Debug|x86
		{3DFEECC1-4031-4CC3-8B22-5B298DD81BE6}.Debug|Any CPU.Build.0 = Debug|x86
		{3DFEECC1-4031-4CC3-8B22-5B298DD81BE6}.Debug|Any CPU.Deploy.0 = Debug|x86
		{3DFEECC1-4031-4CC3-8B22-5B298DD81BE6}.Debug|ARM.ActiveCfg = Debug|ARM
		{3DFEECC1-4031-4CC3-8B22-5B298DD81BE6}.Debug|ARM.Build.0 = Debug|ARM
		{3DFEECC1-4031-4CC3-8B22-5B298DD81BE6}.Debug|ARM.Deploy.0 = Debug|ARM
		{3DFEECC1-4031-4CC3-8B22-5B298DD81BE6}.Debug|iPhone.ActiveCfg = Debug|x86
		{3DFEECC1-4031-4CC3-8B22-5B298DD81BE6}.Debug|iPhone.Build.0 = Debug|x86
		{3DFEECC1-4031-4CC3-8B22-5B298DD81BE6}.Debug|iPhone.Deploy.0 = Debug|x86
		{3DFEECC1-4031-4CC3-8B22-5B298DD81BE6}.Debug|iPhoneSimulator.ActiveCfg = Debug|x86
		{3DFEECC1-4031-4CC3-8B22-5B298DD81BE6}.Debug|iPhoneSimulator.Build.0 = Debug|x86
		{3DFEECC1-4031-4CC3-8B22-5B298DD81BE6}.Debug|iPhoneSimulator.Deploy.0 = Debug|x86
		{3DFEECC1-4031-4CC3-8B22-5B298DD81BE6}.Debug|x64.ActiveCfg = Debug|x64
		{3DFEECC1-4031-4CC3-8B22-5B298DD81BE6}.Debug|x64.Build.0 = Debug|x64
		{3DFEECC1-4031-4CC3-8B22-5B298DD81BE6}.Debug|x64.Deploy.0 = Debug|x64
		{3DFEECC1-4031-4CC3-8B22-5B298DD81BE6}.Debug|x86.ActiveCfg = Debug|x86
		{3DFEECC1-4031-4CC3-8B22-5B298DD81BE6}.Debug|x86.Build.0 = Debug|x86
		{3DFEECC1-4031-4CC3-8B22-5B298DD81BE6}.Debug|x86.Deploy.0 = Debug|x86
		{3DFEECC1-4031-4CC3-8B22-5B298DD81BE6}.Release|Any CPU.ActiveCfg = Release|x86
		{3DFEECC1-4031-4CC3-8B22-5B298DD81BE6}.Release|Any CPU.Build.0 = Release|x86
		{3DFEECC1-4031-4CC3-8B22-5B298DD81BE6}.Release|Any CPU.Deploy.0 = Release|x86
		{3DFEECC1-4031-4CC3-8B22-5B298DD81BE6}.Release|ARM.ActiveCfg = Release|ARM
		{3DFEECC1-4031-4CC3-8B22-5B298DD81BE6}.Release|ARM.Build.0 = Release|ARM
		{3DFEECC1-4031-4CC3-8B22-5B298DD81BE6}.Release|ARM.Deploy.0 = Release|ARM
		{3DFEECC1-4031-4CC3-8B22-5B298DD81BE6}.Release|iPhone.ActiveCfg = Release|x86
		{3DFEECC1-4031-4CC3-8B22-5B298DD81BE6}.Release|iPhone.Build.0 = Release|x86
		{3DFEECC1-4031-4CC3-8B22-5B298DD81BE6}.Release|iPhone.Deploy.0 = Release|x86
		{3DFEECC1-4031-4CC3-8B22-5B298DD81BE6}.Release|iPhoneSimulator.ActiveCfg = Release|x86
		{3DFEECC1-4031-4CC3-8B22-5B298DD81BE6}.Release|iPhoneSimulator.Build.0 = Release|x86
		{3DFEECC1-4031-4CC3-8B22-5B298DD81BE6}.Release|iPhoneSimulator.Deploy.0 = Release|x86
		{3DFEECC1-4031-4CC3-8B22-5B298DD81BE6}.Release|x64.ActiveCfg = Release|x64
		{3DFEECC1-4031-4CC3-8B22-5B298DD81BE6}.Release|x64.Build.0 = Release|x64
		{3DFEECC1-4031-4CC3-8B22-5B298DD81BE6}.Release|x64.Deploy.0 = Release|x64
		{3DFEECC1-4031-4CC3-8B22-5B298DD81BE6}.Release|x86.ActiveCfg = Release|x86
		{3DFEECC1-4031-4CC3-8B22-5B298DD81BE6}.Release|x86.Build.0 = Release|x86
		{3DFEECC1-4031-4CC3-8B22-5B298DD81BE6}.Release|x86.Deploy.0 = Release|x86
		{FE6A0F46-80F1-4B6F-83ED-6E4F8E512D74}.Debug|Any CPU.ActiveCfg = Debug|Any CPU
		{FE6A0F46-80F1-4B6F-83ED-6E4F8E512D74}.Debug|Any CPU.Build.0 = Debug|Any CPU
		{FE6A0F46-80F1-4B6F-83ED-6E4F8E512D74}.Debug|Any CPU.Deploy.0 = Debug|Any CPU
		{FE6A0F46-80F1-4B6F-83ED-6E4F8E512D74}.Debug|ARM.ActiveCfg = Debug|Any CPU
		{FE6A0F46-80F1-4B6F-83ED-6E4F8E512D74}.Debug|ARM.Build.0 = Debug|Any CPU
		{FE6A0F46-80F1-4B6F-83ED-6E4F8E512D74}.Debug|ARM.Deploy.0 = Debug|Any CPU
		{FE6A0F46-80F1-4B6F-83ED-6E4F8E512D74}.Debug|iPhone.ActiveCfg = Debug|Any CPU
		{FE6A0F46-80F1-4B6F-83ED-6E4F8E512D74}.Debug|iPhone.Build.0 = Debug|Any CPU
		{FE6A0F46-80F1-4B6F-83ED-6E4F8E512D74}.Debug|iPhone.Deploy.0 = Debug|Any CPU
		{FE6A0F46-80F1-4B6F-83ED-6E4F8E512D74}.Debug|iPhoneSimulator.ActiveCfg = Debug|Any CPU
		{FE6A0F46-80F1-4B6F-83ED-6E4F8E512D74}.Debug|iPhoneSimulator.Build.0 = Debug|Any CPU
		{FE6A0F46-80F1-4B6F-83ED-6E4F8E512D74}.Debug|iPhoneSimulator.Deploy.0 = Debug|Any CPU
		{FE6A0F46-80F1-4B6F-83ED-6E4F8E512D74}.Debug|x64.ActiveCfg = Debug|Any CPU
		{FE6A0F46-80F1-4B6F-83ED-6E4F8E512D74}.Debug|x64.Build.0 = Debug|Any CPU
		{FE6A0F46-80F1-4B6F-83ED-6E4F8E512D74}.Debug|x64.Deploy.0 = Debug|Any CPU
		{FE6A0F46-80F1-4B6F-83ED-6E4F8E512D74}.Debug|x86.ActiveCfg = Debug|Any CPU
		{FE6A0F46-80F1-4B6F-83ED-6E4F8E512D74}.Debug|x86.Build.0 = Debug|Any CPU
		{FE6A0F46-80F1-4B6F-83ED-6E4F8E512D74}.Debug|x86.Deploy.0 = Debug|Any CPU
		{FE6A0F46-80F1-4B6F-83ED-6E4F8E512D74}.Release|Any CPU.ActiveCfg = Release|Any CPU
		{FE6A0F46-80F1-4B6F-83ED-6E4F8E512D74}.Release|Any CPU.Build.0 = Release|Any CPU
		{FE6A0F46-80F1-4B6F-83ED-6E4F8E512D74}.Release|Any CPU.Deploy.0 = Release|Any CPU
		{FE6A0F46-80F1-4B6F-83ED-6E4F8E512D74}.Release|ARM.ActiveCfg = Release|Any CPU
		{FE6A0F46-80F1-4B6F-83ED-6E4F8E512D74}.Release|ARM.Build.0 = Release|Any CPU
		{FE6A0F46-80F1-4B6F-83ED-6E4F8E512D74}.Release|ARM.Deploy.0 = Release|Any CPU
		{FE6A0F46-80F1-4B6F-83ED-6E4F8E512D74}.Release|iPhone.ActiveCfg = Release|Any CPU
		{FE6A0F46-80F1-4B6F-83ED-6E4F8E512D74}.Release|iPhone.Build.0 = Release|Any CPU
		{FE6A0F46-80F1-4B6F-83ED-6E4F8E512D74}.Release|iPhone.Deploy.0 = Release|Any CPU
		{FE6A0F46-80F1-4B6F-83ED-6E4F8E512D74}.Release|iPhoneSimulator.ActiveCfg = Release|Any CPU
		{FE6A0F46-80F1-4B6F-83ED-6E4F8E512D74}.Release|iPhoneSimulator.Build.0 = Release|Any CPU
		{FE6A0F46-80F1-4B6F-83ED-6E4F8E512D74}.Release|iPhoneSimulator.Deploy.0 = Release|Any CPU
		{FE6A0F46-80F1-4B6F-83ED-6E4F8E512D74}.Release|x64.ActiveCfg = Release|Any CPU
		{FE6A0F46-80F1-4B6F-83ED-6E4F8E512D74}.Release|x64.Build.0 = Release|Any CPU
		{FE6A0F46-80F1-4B6F-83ED-6E4F8E512D74}.Release|x64.Deploy.0 = Release|Any CPU
		{FE6A0F46-80F1-4B6F-83ED-6E4F8E512D74}.Release|x86.ActiveCfg = Release|Any CPU
		{FE6A0F46-80F1-4B6F-83ED-6E4F8E512D74}.Release|x86.Build.0 = Release|Any CPU
		{FE6A0F46-80F1-4B6F-83ED-6E4F8E512D74}.Release|x86.Deploy.0 = Release|Any CPU
		{4FF6E39C-83AF-47A1-8A65-72CEBBEEDC57}.Debug|Any CPU.ActiveCfg = Debug|iPhone
		{4FF6E39C-83AF-47A1-8A65-72CEBBEEDC57}.Debug|Any CPU.Build.0 = Debug|iPhone
		{4FF6E39C-83AF-47A1-8A65-72CEBBEEDC57}.Debug|Any CPU.Deploy.0 = Debug|iPhone
		{4FF6E39C-83AF-47A1-8A65-72CEBBEEDC57}.Debug|ARM.ActiveCfg = Debug|iPhoneSimulator
		{4FF6E39C-83AF-47A1-8A65-72CEBBEEDC57}.Debug|ARM.Build.0 = Debug|iPhoneSimulator
		{4FF6E39C-83AF-47A1-8A65-72CEBBEEDC57}.Debug|ARM.Deploy.0 = Debug|iPhoneSimulator
		{4FF6E39C-83AF-47A1-8A65-72CEBBEEDC57}.Debug|iPhone.ActiveCfg = Debug|iPhone
		{4FF6E39C-83AF-47A1-8A65-72CEBBEEDC57}.Debug|iPhone.Build.0 = Debug|iPhone
		{4FF6E39C-83AF-47A1-8A65-72CEBBEEDC57}.Debug|iPhone.Deploy.0 = Debug|iPhone
		{4FF6E39C-83AF-47A1-8A65-72CEBBEEDC57}.Debug|iPhoneSimulator.ActiveCfg = Debug|iPhoneSimulator
		{4FF6E39C-83AF-47A1-8A65-72CEBBEEDC57}.Debug|iPhoneSimulator.Build.0 = Debug|iPhoneSimulator
		{4FF6E39C-83AF-47A1-8A65-72CEBBEEDC57}.Debug|iPhoneSimulator.Deploy.0 = Debug|iPhoneSimulator
		{4FF6E39C-83AF-47A1-8A65-72CEBBEEDC57}.Debug|x64.ActiveCfg = Debug|iPhone
		{4FF6E39C-83AF-47A1-8A65-72CEBBEEDC57}.Debug|x64.Build.0 = Debug|iPhone
		{4FF6E39C-83AF-47A1-8A65-72CEBBEEDC57}.Debug|x64.Deploy.0 = Debug|iPhone
		{4FF6E39C-83AF-47A1-8A65-72CEBBEEDC57}.Debug|x86.ActiveCfg = Debug|iPhone
		{4FF6E39C-83AF-47A1-8A65-72CEBBEEDC57}.Debug|x86.Build.0 = Debug|iPhone
		{4FF6E39C-83AF-47A1-8A65-72CEBBEEDC57}.Debug|x86.Deploy.0 = Debug|iPhone
		{4FF6E39C-83AF-47A1-8A65-72CEBBEEDC57}.Release|Any CPU.ActiveCfg = Release|iPhone
		{4FF6E39C-83AF-47A1-8A65-72CEBBEEDC57}.Release|Any CPU.Build.0 = Release|iPhone
		{4FF6E39C-83AF-47A1-8A65-72CEBBEEDC57}.Release|Any CPU.Deploy.0 = Release|iPhone
		{4FF6E39C-83AF-47A1-8A65-72CEBBEEDC57}.Release|ARM.ActiveCfg = Release|iPhone
		{4FF6E39C-83AF-47A1-8A65-72CEBBEEDC57}.Release|ARM.Build.0 = Release|iPhone
		{4FF6E39C-83AF-47A1-8A65-72CEBBEEDC57}.Release|ARM.Deploy.0 = Release|iPhone
		{4FF6E39C-83AF-47A1-8A65-72CEBBEEDC57}.Release|iPhone.ActiveCfg = Release|iPhone
		{4FF6E39C-83AF-47A1-8A65-72CEBBEEDC57}.Release|iPhone.Build.0 = Release|iPhone
		{4FF6E39C-83AF-47A1-8A65-72CEBBEEDC57}.Release|iPhone.Deploy.0 = Release|iPhone
		{4FF6E39C-83AF-47A1-8A65-72CEBBEEDC57}.Release|iPhoneSimulator.ActiveCfg = Release|iPhoneSimulator
		{4FF6E39C-83AF-47A1-8A65-72CEBBEEDC57}.Release|iPhoneSimulator.Build.0 = Release|iPhoneSimulator
		{4FF6E39C-83AF-47A1-8A65-72CEBBEEDC57}.Release|iPhoneSimulator.Deploy.0 = Release|iPhoneSimulator
		{4FF6E39C-83AF-47A1-8A65-72CEBBEEDC57}.Release|x64.ActiveCfg = Release|iPhone
		{4FF6E39C-83AF-47A1-8A65-72CEBBEEDC57}.Release|x64.Build.0 = Release|iPhone
		{4FF6E39C-83AF-47A1-8A65-72CEBBEEDC57}.Release|x64.Deploy.0 = Release|iPhone
		{4FF6E39C-83AF-47A1-8A65-72CEBBEEDC57}.Release|x86.ActiveCfg = Release|iPhone
		{4FF6E39C-83AF-47A1-8A65-72CEBBEEDC57}.Release|x86.Build.0 = Release|iPhone
		{4FF6E39C-83AF-47A1-8A65-72CEBBEEDC57}.Release|x86.Deploy.0 = Release|iPhone
		{18F03866-AB3F-437B-9060-DEBFC5CCC093}.Debug|Any CPU.ActiveCfg = Debug|Any CPU
		{18F03866-AB3F-437B-9060-DEBFC5CCC093}.Debug|Any CPU.Build.0 = Debug|Any CPU
		{18F03866-AB3F-437B-9060-DEBFC5CCC093}.Debug|Any CPU.Deploy.0 = Debug|Any CPU
		{18F03866-AB3F-437B-9060-DEBFC5CCC093}.Debug|ARM.ActiveCfg = Debug|Any CPU
		{18F03866-AB3F-437B-9060-DEBFC5CCC093}.Debug|ARM.Build.0 = Debug|Any CPU
		{18F03866-AB3F-437B-9060-DEBFC5CCC093}.Debug|ARM.Deploy.0 = Debug|Any CPU
		{18F03866-AB3F-437B-9060-DEBFC5CCC093}.Debug|iPhone.ActiveCfg = Debug|Any CPU
		{18F03866-AB3F-437B-9060-DEBFC5CCC093}.Debug|iPhone.Build.0 = Debug|Any CPU
		{18F03866-AB3F-437B-9060-DEBFC5CCC093}.Debug|iPhone.Deploy.0 = Debug|Any CPU
		{18F03866-AB3F-437B-9060-DEBFC5CCC093}.Debug|iPhoneSimulator.ActiveCfg = Debug|Any CPU
		{18F03866-AB3F-437B-9060-DEBFC5CCC093}.Debug|iPhoneSimulator.Build.0 = Debug|Any CPU
		{18F03866-AB3F-437B-9060-DEBFC5CCC093}.Debug|iPhoneSimulator.Deploy.0 = Debug|Any CPU
		{18F03866-AB3F-437B-9060-DEBFC5CCC093}.Debug|x64.ActiveCfg = Debug|Any CPU
		{18F03866-AB3F-437B-9060-DEBFC5CCC093}.Debug|x64.Build.0 = Debug|Any CPU
		{18F03866-AB3F-437B-9060-DEBFC5CCC093}.Debug|x64.Deploy.0 = Debug|Any CPU
		{18F03866-AB3F-437B-9060-DEBFC5CCC093}.Debug|x86.ActiveCfg = Debug|Any CPU
		{18F03866-AB3F-437B-9060-DEBFC5CCC093}.Debug|x86.Build.0 = Debug|Any CPU
		{18F03866-AB3F-437B-9060-DEBFC5CCC093}.Debug|x86.Deploy.0 = Debug|Any CPU
		{18F03866-AB3F-437B-9060-DEBFC5CCC093}.Release|Any CPU.ActiveCfg = Release|Any CPU
		{18F03866-AB3F-437B-9060-DEBFC5CCC093}.Release|Any CPU.Build.0 = Release|Any CPU
		{18F03866-AB3F-437B-9060-DEBFC5CCC093}.Release|Any CPU.Deploy.0 = Release|Any CPU
		{18F03866-AB3F-437B-9060-DEBFC5CCC093}.Release|ARM.ActiveCfg = Release|Any CPU
		{18F03866-AB3F-437B-9060-DEBFC5CCC093}.Release|ARM.Build.0 = Release|Any CPU
		{18F03866-AB3F-437B-9060-DEBFC5CCC093}.Release|ARM.Deploy.0 = Release|Any CPU
		{18F03866-AB3F-437B-9060-DEBFC5CCC093}.Release|iPhone.ActiveCfg = Release|Any CPU
		{18F03866-AB3F-437B-9060-DEBFC5CCC093}.Release|iPhone.Build.0 = Release|Any CPU
		{18F03866-AB3F-437B-9060-DEBFC5CCC093}.Release|iPhone.Deploy.0 = Release|Any CPU
		{18F03866-AB3F-437B-9060-DEBFC5CCC093}.Release|iPhoneSimulator.ActiveCfg = Release|Any CPU
		{18F03866-AB3F-437B-9060-DEBFC5CCC093}.Release|iPhoneSimulator.Build.0 = Release|Any CPU
		{18F03866-AB3F-437B-9060-DEBFC5CCC093}.Release|iPhoneSimulator.Deploy.0 = Release|Any CPU
		{18F03866-AB3F-437B-9060-DEBFC5CCC093}.Release|x64.ActiveCfg = Release|Any CPU
		{18F03866-AB3F-437B-9060-DEBFC5CCC093}.Release|x64.Build.0 = Release|Any CPU
		{18F03866-AB3F-437B-9060-DEBFC5CCC093}.Release|x64.Deploy.0 = Release|Any CPU
		{18F03866-AB3F-437B-9060-DEBFC5CCC093}.Release|x86.ActiveCfg = Release|Any CPU
		{18F03866-AB3F-437B-9060-DEBFC5CCC093}.Release|x86.Build.0 = Release|Any CPU
		{18F03866-AB3F-437B-9060-DEBFC5CCC093}.Release|x86.Deploy.0 = Release|Any CPU
	EndGlobalSection
	GlobalSection(SolutionProperties) = preSolution
		HideSolutionNode = FALSE
	EndGlobalSection
	GlobalSection(ExtensibilityGlobals) = postSolution
		SolutionGuid = {D131909F-9224-4A03-A357-1527F368AB8C}
	EndGlobalSection
EndGlobal
