
Microsoft Visual Studio Solution File, Format Version 12.00
# Visual Studio Version 16
VisualStudioVersion = 16.0.29806.167
MinimumVisualStudioVersion = 10.0.40219.1
Project("{FAE04EC0-301F-11D3-BF4B-00C04F79EFBC}") = "ListViewCS.UWP", "ListViewCS\ListViewCS.UWP\ListViewCS.UWP.csproj", "{8B344F12-52B5-4924-BE68-3D996F536A65}"
EndProject
Project("{FAE04EC0-301F-11D3-BF4B-00C04F79EFBC}") = "ListViewCS.Android", "ListViewCS\ListViewCS.Android\ListViewCS.Android.csproj", "{A4A063FB-C11B-4FA2-BFAB-4BB243AC69F1}"
EndProject
Project("{FAE04EC0-301F-11D3-BF4B-00C04F79EFBC}") = "ListViewCS.iOS", "ListViewCS\ListViewCS.iOS\ListViewCS.iOS.csproj", "{8A0840FB-2498-416E-9C08-2418F2A33FEE}"
EndProject
Project("{FAE04EC0-301F-11D3-BF4B-00C04F79EFBC}") = "ListViewCS", "ListViewCS\ListViewCS\ListViewCS.csproj", "{ECCA8A30-4B7E-4F52-A1C4-0494F6A3925C}"
EndProject
Global
	GlobalSection(SolutionConfigurationPlatforms) = preSolution
		Debug|Any CPU = Debug|Any CPU
		Debug|ARM = Debug|ARM
		Debug|iPhone = Debug|iPhone
		Debug|iPhoneSimulator = Debug|iPhoneSimulator
		Debug|x64 = Debug|x64
		Debug|x86 = Debug|x86
		Release|Any CPU = Release|Any CPU
		Release|ARM = Release|ARM
		Release|iPhone = Release|iPhone
		Release|iPhoneSimulator = Release|iPhoneSimulator
		Release|x64 = Release|x64
		Release|x86 = Release|x86
	EndGlobalSection
	GlobalSection(ProjectConfigurationPlatforms) = postSolution
		{8B344F12-52B5-4924-BE68-3D996F536A65}.Debug|Any CPU.ActiveCfg = Debug|x86
		{8B344F12-52B5-4924-BE68-3D996F536A65}.Debug|Any CPU.Build.0 = Debug|x86
		{8B344F12-52B5-4924-BE68-3D996F536A65}.Debug|Any CPU.Deploy.0 = Debug|x86
		{8B344F12-52B5-4924-BE68-3D996F536A65}.Debug|ARM.ActiveCfg = Debug|ARM
		{8B344F12-52B5-4924-BE68-3D996F536A65}.Debug|ARM.Build.0 = Debug|ARM
		{8B344F12-52B5-4924-BE68-3D996F536A65}.Debug|ARM.Deploy.0 = Debug|ARM
		{8B344F12-52B5-4924-BE68-3D996F536A65}.Debug|iPhone.ActiveCfg = Debug|x86
		{8B344F12-52B5-4924-BE68-3D996F536A65}.Debug|iPhone.Build.0 = Debug|x86
		{8B344F12-52B5-4924-BE68-3D996F536A65}.Debug|iPhone.Deploy.0 = Debug|x86
		{8B344F12-52B5-4924-BE68-3D996F536A65}.Debug|iPhoneSimulator.ActiveCfg = Debug|x86
		{8B344F12-52B5-4924-BE68-3D996F536A65}.Debug|iPhoneSimulator.Build.0 = Debug|x86
		{8B344F12-52B5-4924-BE68-3D996F536A65}.Debug|iPhoneSimulator.Deploy.0 = Debug|x86
		{8B344F12-52B5-4924-BE68-3D996F536A65}.Debug|x64.ActiveCfg = Debug|x64
		{8B344F12-52B5-4924-BE68-3D996F536A65}.Debug|x64.Build.0 = Debug|x64
		{8B344F12-52B5-4924-BE68-3D996F536A65}.Debug|x64.Deploy.0 = Debug|x64
		{8B344F12-52B5-4924-BE68-3D996F536A65}.Debug|x86.ActiveCfg = Debug|x86
		{8B344F12-52B5-4924-BE68-3D996F536A65}.Debug|x86.Build.0 = Debug|x86
		{8B344F12-52B5-4924-BE68-3D996F536A65}.Debug|x86.Deploy.0 = Debug|x86
		{8B344F12-52B5-4924-BE68-3D996F536A65}.Release|Any CPU.ActiveCfg = Release|x86
		{8B344F12-52B5-4924-BE68-3D996F536A65}.Release|Any CPU.Build.0 = Release|x86
		{8B344F12-52B5-4924-BE68-3D996F536A65}.Release|Any CPU.Deploy.0 = Release|x86
		{8B344F12-52B5-4924-BE68-3D996F536A65}.Release|ARM.ActiveCfg = Release|ARM
		{8B344F12-52B5-4924-BE68-3D996F536A65}.Release|ARM.Build.0 = Release|ARM
		{8B344F12-52B5-4924-BE68-3D996F536A65}.Release|ARM.Deploy.0 = Release|ARM
		{8B344F12-52B5-4924-BE68-3D996F536A65}.Release|iPhone.ActiveCfg = Release|x86
		{8B344F12-52B5-4924-BE68-3D996F536A65}.Release|iPhone.Build.0 = Release|x86
		{8B344F12-52B5-4924-BE68-3D996F536A65}.Release|iPhone.Deploy.0 = Release|x86
		{8B344F12-52B5-4924-BE68-3D996F536A65}.Release|iPhoneSimulator.ActiveCfg = Release|x86
		{8B344F12-52B5-4924-BE68-3D996F536A65}.Release|iPhoneSimulator.Build.0 = Release|x86
		{8B344F12-52B5-4924-BE68-3D996F536A65}.Release|iPhoneSimulator.Deploy.0 = Release|x86
		{8B344F12-52B5-4924-BE68-3D996F536A65}.Release|x64.ActiveCfg = Release|x64
		{8B344F12-52B5-4924-BE68-3D996F536A65}.Release|x64.Build.0 = Release|x64
		{8B344F12-52B5-4924-BE68-3D996F536A65}.Release|x64.Deploy.0 = Release|x64
		{8B344F12-52B5-4924-BE68-3D996F536A65}.Release|x86.ActiveCfg = Release|x86
		{8B344F12-52B5-4924-BE68-3D996F536A65}.Release|x86.Build.0 = Release|x86
		{8B344F12-52B5-4924-BE68-3D996F536A65}.Release|x86.Deploy.0 = Release|x86
		{A4A063FB-C11B-4FA2-BFAB-4BB243AC69F1}.Debug|Any CPU.ActiveCfg = Debug|Any CPU
		{A4A063FB-C11B-4FA2-BFAB-4BB243AC69F1}.Debug|Any CPU.Build.0 = Debug|Any CPU
		{A4A063FB-C11B-4FA2-BFAB-4BB243AC69F1}.Debug|Any CPU.Deploy.0 = Debug|Any CPU
		{A4A063FB-C11B-4FA2-BFAB-4BB243AC69F1}.Debug|ARM.ActiveCfg = Debug|Any CPU
		{A4A063FB-C11B-4FA2-BFAB-4BB243AC69F1}.Debug|ARM.Build.0 = Debug|Any CPU
		{A4A063FB-C11B-4FA2-BFAB-4BB243AC69F1}.Debug|ARM.Deploy.0 = Debug|Any CPU
		{A4A063FB-C11B-4FA2-BFAB-4BB243AC69F1}.Debug|iPhone.ActiveCfg = Debug|Any CPU
		{A4A063FB-C11B-4FA2-BFAB-4BB243AC69F1}.Debug|iPhone.Build.0 = Debug|Any CPU
		{A4A063FB-C11B-4FA2-BFAB-4BB243AC69F1}.Debug|iPhone.Deploy.0 = Debug|Any CPU
		{A4A063FB-C11B-4FA2-BFAB-4BB243AC69F1}.Debug|iPhoneSimulator.ActiveCfg = Debug|Any CPU
		{A4A063FB-C11B-4FA2-BFAB-4BB243AC69F1}.Debug|iPhoneSimulator.Build.0 = Debug|Any CPU
		{A4A063FB-C11B-4FA2-BFAB-4BB243AC69F1}.Debug|iPhoneSimulator.Deploy.0 = Debug|Any CPU
		{A4A063FB-C11B-4FA2-BFAB-4BB243AC69F1}.Debug|x64.ActiveCfg = Debug|Any CPU
		{A4A063FB-C11B-4FA2-BFAB-4BB243AC69F1}.Debug|x64.Build.0 = Debug|Any CPU
		{A4A063FB-C11B-4FA2-BFAB-4BB243AC69F1}.Debug|x64.Deploy.0 = Debug|Any CPU
		{A4A063FB-C11B-4FA2-BFAB-4BB243AC69F1}.Debug|x86.ActiveCfg = Debug|Any CPU
		{A4A063FB-C11B-4FA2-BFAB-4BB243AC69F1}.Debug|x86.Build.0 = Debug|Any CPU
		{A4A063FB-C11B-4FA2-BFAB-4BB243AC69F1}.Debug|x86.Deploy.0 = Debug|Any CPU
		{A4A063FB-C11B-4FA2-BFAB-4BB243AC69F1}.Release|Any CPU.ActiveCfg = Release|Any CPU
		{A4A063FB-C11B-4FA2-BFAB-4BB243AC69F1}.Release|Any CPU.Build.0 = Release|Any CPU
		{A4A063FB-C11B-4FA2-BFAB-4BB243AC69F1}.Release|Any CPU.Deploy.0 = Release|Any CPU
		{A4A063FB-C11B-4FA2-BFAB-4BB243AC69F1}.Release|ARM.ActiveCfg = Release|Any CPU
		{A4A063FB-C11B-4FA2-BFAB-4BB243AC69F1}.Release|ARM.Build.0 = Release|Any CPU
		{A4A063FB-C11B-4FA2-BFAB-4BB243AC69F1}.Release|ARM.Deploy.0 = Release|Any CPU
		{A4A063FB-C11B-4FA2-BFAB-4BB243AC69F1}.Release|iPhone.ActiveCfg = Release|Any CPU
		{A4A063FB-C11B-4FA2-BFAB-4BB243AC69F1}.Release|iPhone.Build.0 = Release|Any CPU
		{A4A063FB-C11B-4FA2-BFAB-4BB243AC69F1}.Release|iPhone.Deploy.0 = Release|Any CPU
		{A4A063FB-C11B-4FA2-BFAB-4BB243AC69F1}.Release|iPhoneSimulator.ActiveCfg = Release|Any CPU
		{A4A063FB-C11B-4FA2-BFAB-4BB243AC69F1}.Release|iPhoneSimulator.Build.0 = Release|Any CPU
		{A4A063FB-C11B-4FA2-BFAB-4BB243AC69F1}.Release|iPhoneSimulator.Deploy.0 = Release|Any CPU
		{A4A063FB-C11B-4FA2-BFAB-4BB243AC69F1}.Release|x64.ActiveCfg = Release|Any CPU
		{A4A063FB-C11B-4FA2-BFAB-4BB243AC69F1}.Release|x64.Build.0 = Release|Any CPU
		{A4A063FB-C11B-4FA2-BFAB-4BB243AC69F1}.Release|x64.Deploy.0 = Release|Any CPU
		{A4A063FB-C11B-4FA2-BFAB-4BB243AC69F1}.Release|x86.ActiveCfg = Release|Any CPU
		{A4A063FB-C11B-4FA2-BFAB-4BB243AC69F1}.Release|x86.Build.0 = Release|Any CPU
		{A4A063FB-C11B-4FA2-BFAB-4BB243AC69F1}.Release|x86.Deploy.0 = Release|Any CPU
		{8A0840FB-2498-416E-9C08-2418F2A33FEE}.Debug|Any CPU.ActiveCfg = Debug|iPhone
		{8A0840FB-2498-416E-9C08-2418F2A33FEE}.Debug|Any CPU.Build.0 = Debug|iPhone
		{8A0840FB-2498-416E-9C08-2418F2A33FEE}.Debug|Any CPU.Deploy.0 = Debug|iPhone
		{8A0840FB-2498-416E-9C08-2418F2A33FEE}.Debug|ARM.ActiveCfg = Debug|iPhoneSimulator
		{8A0840FB-2498-416E-9C08-2418F2A33FEE}.Debug|ARM.Build.0 = Debug|iPhoneSimulator
		{8A0840FB-2498-416E-9C08-2418F2A33FEE}.Debug|ARM.Deploy.0 = Debug|iPhoneSimulator
		{8A0840FB-2498-416E-9C08-2418F2A33FEE}.Debug|iPhone.ActiveCfg = Debug|iPhone
		{8A0840FB-2498-416E-9C08-2418F2A33FEE}.Debug|iPhone.Build.0 = Debug|iPhone
		{8A0840FB-2498-416E-9C08-2418F2A33FEE}.Debug|iPhone.Deploy.0 = Debug|iPhone
		{8A0840FB-2498-416E-9C08-2418F2A33FEE}.Debug|iPhoneSimulator.ActiveCfg = Debug|iPhoneSimulator
		{8A0840FB-2498-416E-9C08-2418F2A33FEE}.Debug|iPhoneSimulator.Build.0 = Debug|iPhoneSimulator
		{8A0840FB-2498-416E-9C08-2418F2A33FEE}.Debug|iPhoneSimulator.Deploy.0 = Debug|iPhoneSimulator
		{8A0840FB-2498-416E-9C08-2418F2A33FEE}.Debug|x64.ActiveCfg = Debug|iPhone
		{8A0840FB-2498-416E-9C08-2418F2A33FEE}.Debug|x64.Build.0 = Debug|iPhone
		{8A0840FB-2498-416E-9C08-2418F2A33FEE}.Debug|x64.Deploy.0 = Debug|iPhone
		{8A0840FB-2498-416E-9C08-2418F2A33FEE}.Debug|x86.ActiveCfg = Debug|iPhone
		{8A0840FB-2498-416E-9C08-2418F2A33FEE}.Debug|x86.Build.0 = Debug|iPhone
		{8A0840FB-2498-416E-9C08-2418F2A33FEE}.Debug|x86.Deploy.0 = Debug|iPhone
		{8A0840FB-2498-416E-9C08-2418F2A33FEE}.Release|Any CPU.ActiveCfg = Release|iPhone
		{8A0840FB-2498-416E-9C08-2418F2A33FEE}.Release|Any CPU.Build.0 = Release|iPhone
		{8A0840FB-2498-416E-9C08-2418F2A33FEE}.Release|Any CPU.Deploy.0 = Release|iPhone
		{8A0840FB-2498-416E-9C08-2418F2A33FEE}.Release|ARM.ActiveCfg = Release|iPhone
		{8A0840FB-2498-416E-9C08-2418F2A33FEE}.Release|ARM.Build.0 = Release|iPhone
		{8A0840FB-2498-416E-9C08-2418F2A33FEE}.Release|ARM.Deploy.0 = Release|iPhone
		{8A0840FB-2498-416E-9C08-2418F2A33FEE}.Release|iPhone.ActiveCfg = Release|iPhone
		{8A0840FB-2498-416E-9C08-2418F2A33FEE}.Release|iPhone.Build.0 = Release|iPhone
		{8A0840FB-2498-416E-9C08-2418F2A33FEE}.Release|iPhone.Deploy.0 = Release|iPhone
		{8A0840FB-2498-416E-9C08-2418F2A33FEE}.Release|iPhoneSimulator.ActiveCfg = Release|iPhoneSimulator
		{8A0840FB-2498-416E-9C08-2418F2A33FEE}.Release|iPhoneSimulator.Build.0 = Release|iPhoneSimulator
		{8A0840FB-2498-416E-9C08-2418F2A33FEE}.Release|iPhoneSimulator.Deploy.0 = Release|iPhoneSimulator
		{8A0840FB-2498-416E-9C08-2418F2A33FEE}.Release|x64.ActiveCfg = Release|iPhone
		{8A0840FB-2498-416E-9C08-2418F2A33FEE}.Release|x64.Build.0 = Release|iPhone
		{8A0840FB-2498-416E-9C08-2418F2A33FEE}.Release|x64.Deploy.0 = Release|iPhone
		{8A0840FB-2498-416E-9C08-2418F2A33FEE}.Release|x86.ActiveCfg = Release|iPhone
		{8A0840FB-2498-416E-9C08-2418F2A33FEE}.Release|x86.Build.0 = Release|iPhone
		{8A0840FB-2498-416E-9C08-2418F2A33FEE}.Release|x86.Deploy.0 = Release|iPhone
		{ECCA8A30-4B7E-4F52-A1C4-0494F6A3925C}.Debug|Any CPU.ActiveCfg = Debug|Any CPU
		{ECCA8A30-4B7E-4F52-A1C4-0494F6A3925C}.Debug|Any CPU.Build.0 = Debug|Any CPU
		{ECCA8A30-4B7E-4F52-A1C4-0494F6A3925C}.Debug|Any CPU.Deploy.0 = Debug|Any CPU
		{ECCA8A30-4B7E-4F52-A1C4-0494F6A3925C}.Debug|ARM.ActiveCfg = Debug|Any CPU
		{ECCA8A30-4B7E-4F52-A1C4-0494F6A3925C}.Debug|ARM.Build.0 = Debug|Any CPU
		{ECCA8A30-4B7E-4F52-A1C4-0494F6A3925C}.Debug|ARM.Deploy.0 = Debug|Any CPU
		{ECCA8A30-4B7E-4F52-A1C4-0494F6A3925C}.Debug|iPhone.ActiveCfg = Debug|Any CPU
		{ECCA8A30-4B7E-4F52-A1C4-0494F6A3925C}.Debug|iPhone.Build.0 = Debug|Any CPU
		{ECCA8A30-4B7E-4F52-A1C4-0494F6A3925C}.Debug|iPhone.Deploy.0 = Debug|Any CPU
		{ECCA8A30-4B7E-4F52-A1C4-0494F6A3925C}.Debug|iPhoneSimulator.ActiveCfg = Debug|Any CPU
		{ECCA8A30-4B7E-4F52-A1C4-0494F6A3925C}.Debug|iPhoneSimulator.Build.0 = Debug|Any CPU
		{ECCA8A30-4B7E-4F52-A1C4-0494F6A3925C}.Debug|iPhoneSimulator.Deploy.0 = Debug|Any CPU
		{ECCA8A30-4B7E-4F52-A1C4-0494F6A3925C}.Debug|x64.ActiveCfg = Debug|Any CPU
		{ECCA8A30-4B7E-4F52-A1C4-0494F6A3925C}.Debug|x64.Build.0 = Debug|Any CPU
		{ECCA8A30-4B7E-4F52-A1C4-0494F6A3925C}.Debug|x64.Deploy.0 = Debug|Any CPU
		{ECCA8A30-4B7E-4F52-A1C4-0494F6A3925C}.Debug|x86.ActiveCfg = Debug|Any CPU
		{ECCA8A30-4B7E-4F52-A1C4-0494F6A3925C}.Debug|x86.Build.0 = Debug|Any CPU
		{ECCA8A30-4B7E-4F52-A1C4-0494F6A3925C}.Debug|x86.Deploy.0 = Debug|Any CPU
		{ECCA8A30-4B7E-4F52-A1C4-0494F6A3925C}.Release|Any CPU.ActiveCfg = Release|Any CPU
		{ECCA8A30-4B7E-4F52-A1C4-0494F6A3925C}.Release|Any CPU.Build.0 = Release|Any CPU
		{ECCA8A30-4B7E-4F52-A1C4-0494F6A3925C}.Release|Any CPU.Deploy.0 = Release|Any CPU
		{ECCA8A30-4B7E-4F52-A1C4-0494F6A3925C}.Release|ARM.ActiveCfg = Release|Any CPU
		{ECCA8A30-4B7E-4F52-A1C4-0494F6A3925C}.Release|ARM.Build.0 = Release|Any CPU
		{ECCA8A30-4B7E-4F52-A1C4-0494F6A3925C}.Release|ARM.Deploy.0 = Release|Any CPU
		{ECCA8A30-4B7E-4F52-A1C4-0494F6A3925C}.Release|iPhone.ActiveCfg = Release|Any CPU
		{ECCA8A30-4B7E-4F52-A1C4-0494F6A3925C}.Release|iPhone.Build.0 = Release|Any CPU
		{ECCA8A30-4B7E-4F52-A1C4-0494F6A3925C}.Release|iPhone.Deploy.0 = Release|Any CPU
		{ECCA8A30-4B7E-4F52-A1C4-0494F6A3925C}.Release|iPhoneSimulator.ActiveCfg = Release|Any CPU
		{ECCA8A30-4B7E-4F52-A1C4-0494F6A3925C}.Release|iPhoneSimulator.Build.0 = Release|Any CPU
		{ECCA8A30-4B7E-4F52-A1C4-0494F6A3925C}.Release|iPhoneSimulator.Deploy.0 = Release|Any CPU
		{ECCA8A30-4B7E-4F52-A1C4-0494F6A3925C}.Release|x64.ActiveCfg = Release|Any CPU
		{ECCA8A30-4B7E-4F52-A1C4-0494F6A3925C}.Release|x64.Build.0 = Release|Any CPU
		{ECCA8A30-4B7E-4F52-A1C4-0494F6A3925C}.Release|x64.Deploy.0 = Release|Any CPU
		{ECCA8A30-4B7E-4F52-A1C4-0494F6A3925C}.Release|x86.ActiveCfg = Release|Any CPU
		{ECCA8A30-4B7E-4F52-A1C4-0494F6A3925C}.Release|x86.Build.0 = Release|Any CPU
		{ECCA8A30-4B7E-4F52-A1C4-0494F6A3925C}.Release|x86.Deploy.0 = Release|Any CPU
	EndGlobalSection
	GlobalSection(SolutionProperties) = preSolution
		HideSolutionNode = FALSE
	EndGlobalSection
	GlobalSection(ExtensibilityGlobals) = postSolution
		SolutionGuid = {97C57309-B8E0-4B10-8AE9-E2AE93A236E5}
	EndGlobalSection
EndGlobal
