
Microsoft Visual Studio Solution File, Format Version 12.00
# Visual Studio Version 16
VisualStudioVersion = 16.0.29709.97
MinimumVisualStudioVersion = 10.0.40219.1
Project("{FAE04EC0-301F-11D3-BF4B-00C04F79EFBC}") = "InputFiles.UWP", "InputFiles\InputFiles.UWP\InputFiles.UWP.csproj", "{38309EF5-06BE-4272-A2D3-D3CFB3BE6724}"
EndProject
Project("{FAE04EC0-301F-11D3-BF4B-00C04F79EFBC}") = "InputFiles.Android", "InputFiles\InputFiles.Android\InputFiles.Android.csproj", "{B3DDAB7E-D818-4308-91B0-1D4E530489D7}"
EndProject
Project("{FAE04EC0-301F-11D3-BF4B-00C04F79EFBC}") = "InputFiles.iOS", "InputFiles\InputFiles.iOS\InputFiles.iOS.csproj", "{91941834-865C-4B4B-A15B-0B87F80E3B75}"
EndProject
Project("{FAE04EC0-301F-11D3-BF4B-00C04F79EFBC}") = "InputFiles", "InputFiles\InputFiles\InputFiles.csproj", "{335CB93C-871C-408F-B8AD-ACBCD4E0660B}"
EndProject
Global
	GlobalSection(SolutionConfigurationPlatforms) = preSolution
		Debug|Any CPU = Debug|Any CPU
		Debug|ARM = Debug|ARM
		Debug|iPhone = Debug|iPhone
		Debug|iPhoneSimulator = Debug|iPhoneSimulator
		Debug|x64 = Debug|x64
		Debug|x86 = Debug|x86
		Release|Any CPU = Release|Any CPU
		Release|ARM = Release|ARM
		Release|iPhone = Release|iPhone
		Release|iPhoneSimulator = Release|iPhoneSimulator
		Release|x64 = Release|x64
		Release|x86 = Release|x86
	EndGlobalSection
	GlobalSection(ProjectConfigurationPlatforms) = postSolution
		{38309EF5-06BE-4272-A2D3-D3CFB3BE6724}.Debug|Any CPU.ActiveCfg = Debug|x86
		{38309EF5-06BE-4272-A2D3-D3CFB3BE6724}.Debug|Any CPU.Build.0 = Debug|x86
		{38309EF5-06BE-4272-A2D3-D3CFB3BE6724}.Debug|Any CPU.Deploy.0 = Debug|x86
		{38309EF5-06BE-4272-A2D3-D3CFB3BE6724}.Debug|ARM.ActiveCfg = Debug|ARM
		{38309EF5-06BE-4272-A2D3-D3CFB3BE6724}.Debug|ARM.Build.0 = Debug|ARM
		{38309EF5-06BE-4272-A2D3-D3CFB3BE6724}.Debug|ARM.Deploy.0 = Debug|ARM
		{38309EF5-06BE-4272-A2D3-D3CFB3BE6724}.Debug|iPhone.ActiveCfg = Debug|x86
		{38309EF5-06BE-4272-A2D3-D3CFB3BE6724}.Debug|iPhone.Build.0 = Debug|x86
		{38309EF5-06BE-4272-A2D3-D3CFB3BE6724}.Debug|iPhone.Deploy.0 = Debug|x86
		{38309EF5-06BE-4272-A2D3-D3CFB3BE6724}.Debug|iPhoneSimulator.ActiveCfg = Debug|x86
		{38309EF5-06BE-4272-A2D3-D3CFB3BE6724}.Debug|iPhoneSimulator.Build.0 = Debug|x86
		{38309EF5-06BE-4272-A2D3-D3CFB3BE6724}.Debug|iPhoneSimulator.Deploy.0 = Debug|x86
		{38309EF5-06BE-4272-A2D3-D3CFB3BE6724}.Debug|x64.ActiveCfg = Debug|x64
		{38309EF5-06BE-4272-A2D3-D3CFB3BE6724}.Debug|x64.Build.0 = Debug|x64
		{38309EF5-06BE-4272-A2D3-D3CFB3BE6724}.Debug|x64.Deploy.0 = Debug|x64
		{38309EF5-06BE-4272-A2D3-D3CFB3BE6724}.Debug|x86.ActiveCfg = Debug|x86
		{38309EF5-06BE-4272-A2D3-D3CFB3BE6724}.Debug|x86.Build.0 = Debug|x86
		{38309EF5-06BE-4272-A2D3-D3CFB3BE6724}.Debug|x86.Deploy.0 = Debug|x86
		{38309EF5-06BE-4272-A2D3-D3CFB3BE6724}.Release|Any CPU.ActiveCfg = Release|x86
		{38309EF5-06BE-4272-A2D3-D3CFB3BE6724}.Release|Any CPU.Build.0 = Release|x86
		{38309EF5-06BE-4272-A2D3-D3CFB3BE6724}.Release|Any CPU.Deploy.0 = Release|x86
		{38309EF5-06BE-4272-A2D3-D3CFB3BE6724}.Release|ARM.ActiveCfg = Release|ARM
		{38309EF5-06BE-4272-A2D3-D3CFB3BE6724}.Release|ARM.Build.0 = Release|ARM
		{38309EF5-06BE-4272-A2D3-D3CFB3BE6724}.Release|ARM.Deploy.0 = Release|ARM
		{38309EF5-06BE-4272-A2D3-D3CFB3BE6724}.Release|iPhone.ActiveCfg = Release|x86
		{38309EF5-06BE-4272-A2D3-D3CFB3BE6724}.Release|iPhone.Build.0 = Release|x86
		{38309EF5-06BE-4272-A2D3-D3CFB3BE6724}.Release|iPhone.Deploy.0 = Release|x86
		{38309EF5-06BE-4272-A2D3-D3CFB3BE6724}.Release|iPhoneSimulator.ActiveCfg = Release|x86
		{38309EF5-06BE-4272-A2D3-D3CFB3BE6724}.Release|iPhoneSimulator.Build.0 = Release|x86
		{38309EF5-06BE-4272-A2D3-D3CFB3BE6724}.Release|iPhoneSimulator.Deploy.0 = Release|x86
		{38309EF5-06BE-4272-A2D3-D3CFB3BE6724}.Release|x64.ActiveCfg = Release|x64
		{38309EF5-06BE-4272-A2D3-D3CFB3BE6724}.Release|x64.Build.0 = Release|x64
		{38309EF5-06BE-4272-A2D3-D3CFB3BE6724}.Release|x64.Deploy.0 = Release|x64
		{38309EF5-06BE-4272-A2D3-D3CFB3BE6724}.Release|x86.ActiveCfg = Release|x86
		{38309EF5-06BE-4272-A2D3-D3CFB3BE6724}.Release|x86.Build.0 = Release|x86
		{38309EF5-06BE-4272-A2D3-D3CFB3BE6724}.Release|x86.Deploy.0 = Release|x86
		{B3DDAB7E-D818-4308-91B0-1D4E530489D7}.Debug|Any CPU.ActiveCfg = Debug|Any CPU
		{B3DDAB7E-D818-4308-91B0-1D4E530489D7}.Debug|Any CPU.Build.0 = Debug|Any CPU
		{B3DDAB7E-D818-4308-91B0-1D4E530489D7}.Debug|Any CPU.Deploy.0 = Debug|Any CPU
		{B3DDAB7E-D818-4308-91B0-1D4E530489D7}.Debug|ARM.ActiveCfg = Debug|Any CPU
		{B3DDAB7E-D818-4308-91B0-1D4E530489D7}.Debug|ARM.Build.0 = Debug|Any CPU
		{B3DDAB7E-D818-4308-91B0-1D4E530489D7}.Debug|ARM.Deploy.0 = Debug|Any CPU
		{B3DDAB7E-D818-4308-91B0-1D4E530489D7}.Debug|iPhone.ActiveCfg = Debug|Any CPU
		{B3DDAB7E-D818-4308-91B0-1D4E530489D7}.Debug|iPhone.Build.0 = Debug|Any CPU
		{B3DDAB7E-D818-4308-91B0-1D4E530489D7}.Debug|iPhone.Deploy.0 = Debug|Any CPU
		{B3DDAB7E-D818-4308-91B0-1D4E530489D7}.Debug|iPhoneSimulator.ActiveCfg = Debug|Any CPU
		{B3DDAB7E-D818-4308-91B0-1D4E530489D7}.Debug|iPhoneSimulator.Build.0 = Debug|Any CPU
		{B3DDAB7E-D818-4308-91B0-1D4E530489D7}.Debug|iPhoneSimulator.Deploy.0 = Debug|Any CPU
		{B3DDAB7E-D818-4308-91B0-1D4E530489D7}.Debug|x64.ActiveCfg = Debug|Any CPU
		{B3DDAB7E-D818-4308-91B0-1D4E530489D7}.Debug|x64.Build.0 = Debug|Any CPU
		{B3DDAB7E-D818-4308-91B0-1D4E530489D7}.Debug|x64.Deploy.0 = Debug|Any CPU
		{B3DDAB7E-D818-4308-91B0-1D4E530489D7}.Debug|x86.ActiveCfg = Debug|Any CPU
		{B3DDAB7E-D818-4308-91B0-1D4E530489D7}.Debug|x86.Build.0 = Debug|Any CPU
		{B3DDAB7E-D818-4308-91B0-1D4E530489D7}.Debug|x86.Deploy.0 = Debug|Any CPU
		{B3DDAB7E-D818-4308-91B0-1D4E530489D7}.Release|Any CPU.ActiveCfg = Release|Any CPU
		{B3DDAB7E-D818-4308-91B0-1D4E530489D7}.Release|Any CPU.Build.0 = Release|Any CPU
		{B3DDAB7E-D818-4308-91B0-1D4E530489D7}.Release|Any CPU.Deploy.0 = Release|Any CPU
		{B3DDAB7E-D818-4308-91B0-1D4E530489D7}.Release|ARM.ActiveCfg = Release|Any CPU
		{B3DDAB7E-D818-4308-91B0-1D4E530489D7}.Release|ARM.Build.0 = Release|Any CPU
		{B3DDAB7E-D818-4308-91B0-1D4E530489D7}.Release|ARM.Deploy.0 = Release|Any CPU
		{B3DDAB7E-D818-4308-91B0-1D4E530489D7}.Release|iPhone.ActiveCfg = Release|Any CPU
		{B3DDAB7E-D818-4308-91B0-1D4E530489D7}.Release|iPhone.Build.0 = Release|Any CPU
		{B3DDAB7E-D818-4308-91B0-1D4E530489D7}.Release|iPhone.Deploy.0 = Release|Any CPU
		{B3DDAB7E-D818-4308-91B0-1D4E530489D7}.Release|iPhoneSimulator.ActiveCfg = Release|Any CPU
		{B3DDAB7E-D818-4308-91B0-1D4E530489D7}.Release|iPhoneSimulator.Build.0 = Release|Any CPU
		{B3DDAB7E-D818-4308-91B0-1D4E530489D7}.Release|iPhoneSimulator.Deploy.0 = Release|Any CPU
		{B3DDAB7E-D818-4308-91B0-1D4E530489D7}.Release|x64.ActiveCfg = Release|Any CPU
		{B3DDAB7E-D818-4308-91B0-1D4E530489D7}.Release|x64.Build.0 = Release|Any CPU
		{B3DDAB7E-D818-4308-91B0-1D4E530489D7}.Release|x64.Deploy.0 = Release|Any CPU
		{B3DDAB7E-D818-4308-91B0-1D4E530489D7}.Release|x86.ActiveCfg = Release|Any CPU
		{B3DDAB7E-D818-4308-91B0-1D4E530489D7}.Release|x86.Build.0 = Release|Any CPU
		{B3DDAB7E-D818-4308-91B0-1D4E530489D7}.Release|x86.Deploy.0 = Release|Any CPU
		{91941834-865C-4B4B-A15B-0B87F80E3B75}.Debug|Any CPU.ActiveCfg = Debug|iPhone
		{91941834-865C-4B4B-A15B-0B87F80E3B75}.Debug|Any CPU.Build.0 = Debug|iPhone
		{91941834-865C-4B4B-A15B-0B87F80E3B75}.Debug|Any CPU.Deploy.0 = Debug|iPhone
		{91941834-865C-4B4B-A15B-0B87F80E3B75}.Debug|ARM.ActiveCfg = Debug|iPhoneSimulator
		{91941834-865C-4B4B-A15B-0B87F80E3B75}.Debug|ARM.Build.0 = Debug|iPhoneSimulator
		{91941834-865C-4B4B-A15B-0B87F80E3B75}.Debug|ARM.Deploy.0 = Debug|iPhoneSimulator
		{91941834-865C-4B4B-A15B-0B87F80E3B75}.Debug|iPhone.ActiveCfg = Debug|iPhone
		{91941834-865C-4B4B-A15B-0B87F80E3B75}.Debug|iPhone.Build.0 = Debug|iPhone
		{91941834-865C-4B4B-A15B-0B87F80E3B75}.Debug|iPhone.Deploy.0 = Debug|iPhone
		{91941834-865C-4B4B-A15B-0B87F80E3B75}.Debug|iPhoneSimulator.ActiveCfg = Debug|iPhoneSimulator
		{91941834-865C-4B4B-A15B-0B87F80E3B75}.Debug|iPhoneSimulator.Build.0 = Debug|iPhoneSimulator
		{91941834-865C-4B4B-A15B-0B87F80E3B75}.Debug|iPhoneSimulator.Deploy.0 = Debug|iPhoneSimulator
		{91941834-865C-4B4B-A15B-0B87F80E3B75}.Debug|x64.ActiveCfg = Debug|iPhone
		{91941834-865C-4B4B-A15B-0B87F80E3B75}.Debug|x64.Build.0 = Debug|iPhone
		{91941834-865C-4B4B-A15B-0B87F80E3B75}.Debug|x64.Deploy.0 = Debug|iPhone
		{91941834-865C-4B4B-A15B-0B87F80E3B75}.Debug|x86.ActiveCfg = Debug|iPhone
		{91941834-865C-4B4B-A15B-0B87F80E3B75}.Debug|x86.Build.0 = Debug|iPhone
		{91941834-865C-4B4B-A15B-0B87F80E3B75}.Debug|x86.Deploy.0 = Debug|iPhone
		{91941834-865C-4B4B-A15B-0B87F80E3B75}.Release|Any CPU.ActiveCfg = Release|iPhone
		{91941834-865C-4B4B-A15B-0B87F80E3B75}.Release|Any CPU.Build.0 = Release|iPhone
		{91941834-865C-4B4B-A15B-0B87F80E3B75}.Release|Any CPU.Deploy.0 = Release|iPhone
		{91941834-865C-4B4B-A15B-0B87F80E3B75}.Release|ARM.ActiveCfg = Release|iPhone
		{91941834-865C-4B4B-A15B-0B87F80E3B75}.Release|ARM.Build.0 = Release|iPhone
		{91941834-865C-4B4B-A15B-0B87F80E3B75}.Release|ARM.Deploy.0 = Release|iPhone
		{91941834-865C-4B4B-A15B-0B87F80E3B75}.Release|iPhone.ActiveCfg = Release|iPhone
		{91941834-865C-4B4B-A15B-0B87F80E3B75}.Release|iPhone.Build.0 = Release|iPhone
		{91941834-865C-4B4B-A15B-0B87F80E3B75}.Release|iPhone.Deploy.0 = Release|iPhone
		{91941834-865C-4B4B-A15B-0B87F80E3B75}.Release|iPhoneSimulator.ActiveCfg = Release|iPhoneSimulator
		{91941834-865C-4B4B-A15B-0B87F80E3B75}.Release|iPhoneSimulator.Build.0 = Release|iPhoneSimulator
		{91941834-865C-4B4B-A15B-0B87F80E3B75}.Release|iPhoneSimulator.Deploy.0 = Release|iPhoneSimulator
		{91941834-865C-4B4B-A15B-0B87F80E3B75}.Release|x64.ActiveCfg = Release|iPhone
		{91941834-865C-4B4B-A15B-0B87F80E3B75}.Release|x64.Build.0 = Release|iPhone
		{91941834-865C-4B4B-A15B-0B87F80E3B75}.Release|x64.Deploy.0 = Release|iPhone
		{91941834-865C-4B4B-A15B-0B87F80E3B75}.Release|x86.ActiveCfg = Release|iPhone
		{91941834-865C-4B4B-A15B-0B87F80E3B75}.Release|x86.Build.0 = Release|iPhone
		{91941834-865C-4B4B-A15B-0B87F80E3B75}.Release|x86.Deploy.0 = Release|iPhone
		{335CB93C-871C-408F-B8AD-ACBCD4E0660B}.Debug|Any CPU.ActiveCfg = Debug|Any CPU
		{335CB93C-871C-408F-B8AD-ACBCD4E0660B}.Debug|Any CPU.Build.0 = Debug|Any CPU
		{335CB93C-871C-408F-B8AD-ACBCD4E0660B}.Debug|Any CPU.Deploy.0 = Debug|Any CPU
		{335CB93C-871C-408F-B8AD-ACBCD4E0660B}.Debug|ARM.ActiveCfg = Debug|Any CPU
		{335CB93C-871C-408F-B8AD-ACBCD4E0660B}.Debug|ARM.Build.0 = Debug|Any CPU
		{335CB93C-871C-408F-B8AD-ACBCD4E0660B}.Debug|ARM.Deploy.0 = Debug|Any CPU
		{335CB93C-871C-408F-B8AD-ACBCD4E0660B}.Debug|iPhone.ActiveCfg = Debug|Any CPU
		{335CB93C-871C-408F-B8AD-ACBCD4E0660B}.Debug|iPhone.Build.0 = Debug|Any CPU
		{335CB93C-871C-408F-B8AD-ACBCD4E0660B}.Debug|iPhone.Deploy.0 = Debug|Any CPU
		{335CB93C-871C-408F-B8AD-ACBCD4E0660B}.Debug|iPhoneSimulator.ActiveCfg = Debug|Any CPU
		{335CB93C-871C-408F-B8AD-ACBCD4E0660B}.Debug|iPhoneSimulator.Build.0 = Debug|Any CPU
		{335CB93C-871C-408F-B8AD-ACBCD4E0660B}.Debug|iPhoneSimulator.Deploy.0 = Debug|Any CPU
		{335CB93C-871C-408F-B8AD-ACBCD4E0660B}.Debug|x64.ActiveCfg = Debug|Any CPU
		{335CB93C-871C-408F-B8AD-ACBCD4E0660B}.Debug|x64.Build.0 = Debug|Any CPU
		{335CB93C-871C-408F-B8AD-ACBCD4E0660B}.Debug|x64.Deploy.0 = Debug|Any CPU
		{335CB93C-871C-408F-B8AD-ACBCD4E0660B}.Debug|x86.ActiveCfg = Debug|Any CPU
		{335CB93C-871C-408F-B8AD-ACBCD4E0660B}.Debug|x86.Build.0 = Debug|Any CPU
		{335CB93C-871C-408F-B8AD-ACBCD4E0660B}.Debug|x86.Deploy.0 = Debug|Any CPU
		{335CB93C-871C-408F-B8AD-ACBCD4E0660B}.Release|Any CPU.ActiveCfg = Release|Any CPU
		{335CB93C-871C-408F-B8AD-ACBCD4E0660B}.Release|Any CPU.Build.0 = Release|Any CPU
		{335CB93C-871C-408F-B8AD-ACBCD4E0660B}.Release|Any CPU.Deploy.0 = Release|Any CPU
		{335CB93C-871C-408F-B8AD-ACBCD4E0660B}.Release|ARM.ActiveCfg = Release|Any CPU
		{335CB93C-871C-408F-B8AD-ACBCD4E0660B}.Release|ARM.Build.0 = Release|Any CPU
		{335CB93C-871C-408F-B8AD-ACBCD4E0660B}.Release|ARM.Deploy.0 = Release|Any CPU
		{335CB93C-871C-408F-B8AD-ACBCD4E0660B}.Release|iPhone.ActiveCfg = Release|Any CPU
		{335CB93C-871C-408F-B8AD-ACBCD4E0660B}.Release|iPhone.Build.0 = Release|Any CPU
		{335CB93C-871C-408F-B8AD-ACBCD4E0660B}.Release|iPhone.Deploy.0 = Release|Any CPU
		{335CB93C-871C-408F-B8AD-ACBCD4E0660B}.Release|iPhoneSimulator.ActiveCfg = Release|Any CPU
		{335CB93C-871C-408F-B8AD-ACBCD4E0660B}.Release|iPhoneSimulator.Build.0 = Release|Any CPU
		{335CB93C-871C-408F-B8AD-ACBCD4E0660B}.Release|iPhoneSimulator.Deploy.0 = Release|Any CPU
		{335CB93C-871C-408F-B8AD-ACBCD4E0660B}.Release|x64.ActiveCfg = Release|Any CPU
		{335CB93C-871C-408F-B8AD-ACBCD4E0660B}.Release|x64.Build.0 = Release|Any CPU
		{335CB93C-871C-408F-B8AD-ACBCD4E0660B}.Release|x64.Deploy.0 = Release|Any CPU
		{335CB93C-871C-408F-B8AD-ACBCD4E0660B}.Release|x86.ActiveCfg = Release|Any CPU
		{335CB93C-871C-408F-B8AD-ACBCD4E0660B}.Release|x86.Build.0 = Release|Any CPU
		{335CB93C-871C-408F-B8AD-ACBCD4E0660B}.Release|x86.Deploy.0 = Release|Any CPU
	EndGlobalSection
	GlobalSection(SolutionProperties) = preSolution
		HideSolutionNode = FALSE
	EndGlobalSection
	GlobalSection(ExtensibilityGlobals) = postSolution
		SolutionGuid = {EDB8DC38-5C87-4F59-BF7F-8B253E82C503}
	EndGlobalSection
EndGlobal
