
Microsoft Visual Studio Solution File, Format Version 12.00
# Visual Studio Version 16
VisualStudioVersion = 16.0.29503.13
MinimumVisualStudioVersion = 10.0.40219.1
Project("{FAE04EC0-301F-11D3-BF4B-00C04F79EFBC}") = "DependencyService.UWP", "DependencyService\DependencyService.UWP\DependencyService.UWP.csproj", "{E9B50459-074E-4E3B-B7FA-6ECACF1EBCFF}"
EndProject
Project("{FAE04EC0-301F-11D3-BF4B-00C04F79EFBC}") = "DependencyService.Android", "DependencyService\DependencyService.Android\DependencyService.Android.csproj", "{475A9216-D1F7-4E0B-AD40-FE891AEFBF09}"
EndProject
Project("{FAE04EC0-301F-11D3-BF4B-00C04F79EFBC}") = "DependencyService.iOS", "DependencyService\DependencyService.iOS\DependencyService.iOS.csproj", "{49072F3E-8874-4BBE-8D83-F09BC17DEDAE}"
EndProject
Project("{9A19103F-16F7-4668-BE54-9A1E7A4F7556}") = "DependencyService", "DependencyService\DependencyService\DependencyService.csproj", "{CFC991BF-3D0B-4110-8D83-4F4CA2034909}"
EndProject
Global
	GlobalSection(SolutionConfigurationPlatforms) = preSolution
		Debug|Any CPU = Debug|Any CPU
		Debug|ARM = Debug|ARM
		Debug|iPhone = Debug|iPhone
		Debug|iPhoneSimulator = Debug|iPhoneSimulator
		Debug|x64 = Debug|x64
		Debug|x86 = Debug|x86
		Release|Any CPU = Release|Any CPU
		Release|ARM = Release|ARM
		Release|iPhone = Release|iPhone
		Release|iPhoneSimulator = Release|iPhoneSimulator
		Release|x64 = Release|x64
		Release|x86 = Release|x86
	EndGlobalSection
	GlobalSection(ProjectConfigurationPlatforms) = postSolution
		{E9B50459-074E-4E3B-B7FA-6ECACF1EBCFF}.Debug|Any CPU.ActiveCfg = Debug|x86
		{E9B50459-074E-4E3B-B7FA-6ECACF1EBCFF}.Debug|Any CPU.Build.0 = Debug|x86
		{E9B50459-074E-4E3B-B7FA-6ECACF1EBCFF}.Debug|Any CPU.Deploy.0 = Debug|x86
		{E9B50459-074E-4E3B-B7FA-6ECACF1EBCFF}.Debug|ARM.ActiveCfg = Debug|ARM
		{E9B50459-074E-4E3B-B7FA-6ECACF1EBCFF}.Debug|ARM.Build.0 = Debug|ARM
		{E9B50459-074E-4E3B-B7FA-6ECACF1EBCFF}.Debug|ARM.Deploy.0 = Debug|ARM
		{E9B50459-074E-4E3B-B7FA-6ECACF1EBCFF}.Debug|iPhone.ActiveCfg = Debug|x86
		{E9B50459-074E-4E3B-B7FA-6ECACF1EBCFF}.Debug|iPhone.Build.0 = Debug|x86
		{E9B50459-074E-4E3B-B7FA-6ECACF1EBCFF}.Debug|iPhone.Deploy.0 = Debug|x86
		{E9B50459-074E-4E3B-B7FA-6ECACF1EBCFF}.Debug|iPhoneSimulator.ActiveCfg = Debug|x86
		{E9B50459-074E-4E3B-B7FA-6ECACF1EBCFF}.Debug|iPhoneSimulator.Build.0 = Debug|x86
		{E9B50459-074E-4E3B-B7FA-6ECACF1EBCFF}.Debug|iPhoneSimulator.Deploy.0 = Debug|x86
		{E9B50459-074E-4E3B-B7FA-6ECACF1EBCFF}.Debug|x64.ActiveCfg = Debug|x64
		{E9B50459-074E-4E3B-B7FA-6ECACF1EBCFF}.Debug|x64.Build.0 = Debug|x64
		{E9B50459-074E-4E3B-B7FA-6ECACF1EBCFF}.Debug|x64.Deploy.0 = Debug|x64
		{E9B50459-074E-4E3B-B7FA-6ECACF1EBCFF}.Debug|x86.ActiveCfg = Debug|x86
		{E9B50459-074E-4E3B-B7FA-6ECACF1EBCFF}.Debug|x86.Build.0 = Debug|x86
		{E9B50459-074E-4E3B-B7FA-6ECACF1EBCFF}.Debug|x86.Deploy.0 = Debug|x86
		{E9B50459-074E-4E3B-B7FA-6ECACF1EBCFF}.Release|Any CPU.ActiveCfg = Release|x86
		{E9B50459-074E-4E3B-B7FA-6ECACF1EBCFF}.Release|Any CPU.Build.0 = Release|x86
		{E9B50459-074E-4E3B-B7FA-6ECACF1EBCFF}.Release|Any CPU.Deploy.0 = Release|x86
		{E9B50459-074E-4E3B-B7FA-6ECACF1EBCFF}.Release|ARM.ActiveCfg = Release|ARM
		{E9B50459-074E-4E3B-B7FA-6ECACF1EBCFF}.Release|ARM.Build.0 = Release|ARM
		{E9B50459-074E-4E3B-B7FA-6ECACF1EBCFF}.Release|ARM.Deploy.0 = Release|ARM
		{E9B50459-074E-4E3B-B7FA-6ECACF1EBCFF}.Release|iPhone.ActiveCfg = Release|x86
		{E9B50459-074E-4E3B-B7FA-6ECACF1EBCFF}.Release|iPhone.Build.0 = Release|x86
		{E9B50459-074E-4E3B-B7FA-6ECACF1EBCFF}.Release|iPhone.Deploy.0 = Release|x86
		{E9B50459-074E-4E3B-B7FA-6ECACF1EBCFF}.Release|iPhoneSimulator.ActiveCfg = Release|x86
		{E9B50459-074E-4E3B-B7FA-6ECACF1EBCFF}.Release|iPhoneSimulator.Build.0 = Release|x86
		{E9B50459-074E-4E3B-B7FA-6ECACF1EBCFF}.Release|iPhoneSimulator.Deploy.0 = Release|x86
		{E9B50459-074E-4E3B-B7FA-6ECACF1EBCFF}.Release|x64.ActiveCfg = Release|x64
		{E9B50459-074E-4E3B-B7FA-6ECACF1EBCFF}.Release|x64.Build.0 = Release|x64
		{E9B50459-074E-4E3B-B7FA-6ECACF1EBCFF}.Release|x64.Deploy.0 = Release|x64
		{E9B50459-074E-4E3B-B7FA-6ECACF1EBCFF}.Release|x86.ActiveCfg = Release|x86
		{E9B50459-074E-4E3B-B7FA-6ECACF1EBCFF}.Release|x86.Build.0 = Release|x86
		{E9B50459-074E-4E3B-B7FA-6ECACF1EBCFF}.Release|x86.Deploy.0 = Release|x86
		{475A9216-D1F7-4E0B-AD40-FE891AEFBF09}.Debug|Any CPU.ActiveCfg = Debug|Any CPU
		{475A9216-D1F7-4E0B-AD40-FE891AEFBF09}.Debug|Any CPU.Build.0 = Debug|Any CPU
		{475A9216-D1F7-4E0B-AD40-FE891AEFBF09}.Debug|Any CPU.Deploy.0 = Debug|Any CPU
		{475A9216-D1F7-4E0B-AD40-FE891AEFBF09}.Debug|ARM.ActiveCfg = Debug|Any CPU
		{475A9216-D1F7-4E0B-AD40-FE891AEFBF09}.Debug|ARM.Build.0 = Debug|Any CPU
		{475A9216-D1F7-4E0B-AD40-FE891AEFBF09}.Debug|ARM.Deploy.0 = Debug|Any CPU
		{475A9216-D1F7-4E0B-AD40-FE891AEFBF09}.Debug|iPhone.ActiveCfg = Debug|Any CPU
		{475A9216-D1F7-4E0B-AD40-FE891AEFBF09}.Debug|iPhone.Build.0 = Debug|Any CPU
		{475A9216-D1F7-4E0B-AD40-FE891AEFBF09}.Debug|iPhone.Deploy.0 = Debug|Any CPU
		{475A9216-D1F7-4E0B-AD40-FE891AEFBF09}.Debug|iPhoneSimulator.ActiveCfg = Debug|Any CPU
		{475A9216-D1F7-4E0B-AD40-FE891AEFBF09}.Debug|iPhoneSimulator.Build.0 = Debug|Any CPU
		{475A9216-D1F7-4E0B-AD40-FE891AEFBF09}.Debug|iPhoneSimulator.Deploy.0 = Debug|Any CPU
		{475A9216-D1F7-4E0B-AD40-FE891AEFBF09}.Debug|x64.ActiveCfg = Debug|Any CPU
		{475A9216-D1F7-4E0B-AD40-FE891AEFBF09}.Debug|x64.Build.0 = Debug|Any CPU
		{475A9216-D1F7-4E0B-AD40-FE891AEFBF09}.Debug|x64.Deploy.0 = Debug|Any CPU
		{475A9216-D1F7-4E0B-AD40-FE891AEFBF09}.Debug|x86.ActiveCfg = Debug|Any CPU
		{475A9216-D1F7-4E0B-AD40-FE891AEFBF09}.Debug|x86.Build.0 = Debug|Any CPU
		{475A9216-D1F7-4E0B-AD40-FE891AEFBF09}.Debug|x86.Deploy.0 = Debug|Any CPU
		{475A9216-D1F7-4E0B-AD40-FE891AEFBF09}.Release|Any CPU.ActiveCfg = Release|Any CPU
		{475A9216-D1F7-4E0B-AD40-FE891AEFBF09}.Release|Any CPU.Build.0 = Release|Any CPU
		{475A9216-D1F7-4E0B-AD40-FE891AEFBF09}.Release|Any CPU.Deploy.0 = Release|Any CPU
		{475A9216-D1F7-4E0B-AD40-FE891AEFBF09}.Release|ARM.ActiveCfg = Release|Any CPU
		{475A9216-D1F7-4E0B-AD40-FE891AEFBF09}.Release|ARM.Build.0 = Release|Any CPU
		{475A9216-D1F7-4E0B-AD40-FE891AEFBF09}.Release|ARM.Deploy.0 = Release|Any CPU
		{475A9216-D1F7-4E0B-AD40-FE891AEFBF09}.Release|iPhone.ActiveCfg = Release|Any CPU
		{475A9216-D1F7-4E0B-AD40-FE891AEFBF09}.Release|iPhone.Build.0 = Release|Any CPU
		{475A9216-D1F7-4E0B-AD40-FE891AEFBF09}.Release|iPhone.Deploy.0 = Release|Any CPU
		{475A9216-D1F7-4E0B-AD40-FE891AEFBF09}.Release|iPhoneSimulator.ActiveCfg = Release|Any CPU
		{475A9216-D1F7-4E0B-AD40-FE891AEFBF09}.Release|iPhoneSimulator.Build.0 = Release|Any CPU
		{475A9216-D1F7-4E0B-AD40-FE891AEFBF09}.Release|iPhoneSimulator.Deploy.0 = Release|Any CPU
		{475A9216-D1F7-4E0B-AD40-FE891AEFBF09}.Release|x64.ActiveCfg = Release|Any CPU
		{475A9216-D1F7-4E0B-AD40-FE891AEFBF09}.Release|x64.Build.0 = Release|Any CPU
		{475A9216-D1F7-4E0B-AD40-FE891AEFBF09}.Release|x64.Deploy.0 = Release|Any CPU
		{475A9216-D1F7-4E0B-AD40-FE891AEFBF09}.Release|x86.ActiveCfg = Release|Any CPU
		{475A9216-D1F7-4E0B-AD40-FE891AEFBF09}.Release|x86.Build.0 = Release|Any CPU
		{475A9216-D1F7-4E0B-AD40-FE891AEFBF09}.Release|x86.Deploy.0 = Release|Any CPU
		{49072F3E-8874-4BBE-8D83-F09BC17DEDAE}.Debug|Any CPU.ActiveCfg = Debug|iPhone
		{49072F3E-8874-4BBE-8D83-F09BC17DEDAE}.Debug|Any CPU.Build.0 = Debug|iPhone
		{49072F3E-8874-4BBE-8D83-F09BC17DEDAE}.Debug|Any CPU.Deploy.0 = Debug|iPhone
		{49072F3E-8874-4BBE-8D83-F09BC17DEDAE}.Debug|ARM.ActiveCfg = Debug|iPhoneSimulator
		{49072F3E-8874-4BBE-8D83-F09BC17DEDAE}.Debug|ARM.Build.0 = Debug|iPhoneSimulator
		{49072F3E-8874-4BBE-8D83-F09BC17DEDAE}.Debug|ARM.Deploy.0 = Debug|iPhoneSimulator
		{49072F3E-8874-4BBE-8D83-F09BC17DEDAE}.Debug|iPhone.ActiveCfg = Debug|iPhone
		{49072F3E-8874-4BBE-8D83-F09BC17DEDAE}.Debug|iPhone.Build.0 = Debug|iPhone
		{49072F3E-8874-4BBE-8D83-F09BC17DEDAE}.Debug|iPhone.Deploy.0 = Debug|iPhone
		{49072F3E-8874-4BBE-8D83-F09BC17DEDAE}.Debug|iPhoneSimulator.ActiveCfg = Debug|iPhoneSimulator
		{49072F3E-8874-4BBE-8D83-F09BC17DEDAE}.Debug|iPhoneSimulator.Build.0 = Debug|iPhoneSimulator
		{49072F3E-8874-4BBE-8D83-F09BC17DEDAE}.Debug|iPhoneSimulator.Deploy.0 = Debug|iPhoneSimulator
		{49072F3E-8874-4BBE-8D83-F09BC17DEDAE}.Debug|x64.ActiveCfg = Debug|iPhone
		{49072F3E-8874-4BBE-8D83-F09BC17DEDAE}.Debug|x64.Build.0 = Debug|iPhone
		{49072F3E-8874-4BBE-8D83-F09BC17DEDAE}.Debug|x64.Deploy.0 = Debug|iPhone
		{49072F3E-8874-4BBE-8D83-F09BC17DEDAE}.Debug|x86.ActiveCfg = Debug|iPhone
		{49072F3E-8874-4BBE-8D83-F09BC17DEDAE}.Debug|x86.Build.0 = Debug|iPhone
		{49072F3E-8874-4BBE-8D83-F09BC17DEDAE}.Debug|x86.Deploy.0 = Debug|iPhone
		{49072F3E-8874-4BBE-8D83-F09BC17DEDAE}.Release|Any CPU.ActiveCfg = Release|iPhone
		{49072F3E-8874-4BBE-8D83-F09BC17DEDAE}.Release|Any CPU.Build.0 = Release|iPhone
		{49072F3E-8874-4BBE-8D83-F09BC17DEDAE}.Release|Any CPU.Deploy.0 = Release|iPhone
		{49072F3E-8874-4BBE-8D83-F09BC17DEDAE}.Release|ARM.ActiveCfg = Release|iPhone
		{49072F3E-8874-4BBE-8D83-F09BC17DEDAE}.Release|ARM.Build.0 = Release|iPhone
		{49072F3E-8874-4BBE-8D83-F09BC17DEDAE}.Release|ARM.Deploy.0 = Release|iPhone
		{49072F3E-8874-4BBE-8D83-F09BC17DEDAE}.Release|iPhone.ActiveCfg = Release|iPhone
		{49072F3E-8874-4BBE-8D83-F09BC17DEDAE}.Release|iPhone.Build.0 = Release|iPhone
		{49072F3E-8874-4BBE-8D83-F09BC17DEDAE}.Release|iPhone.Deploy.0 = Release|iPhone
		{49072F3E-8874-4BBE-8D83-F09BC17DEDAE}.Release|iPhoneSimulator.ActiveCfg = Release|iPhoneSimulator
		{49072F3E-8874-4BBE-8D83-F09BC17DEDAE}.Release|iPhoneSimulator.Build.0 = Release|iPhoneSimulator
		{49072F3E-8874-4BBE-8D83-F09BC17DEDAE}.Release|iPhoneSimulator.Deploy.0 = Release|iPhoneSimulator
		{49072F3E-8874-4BBE-8D83-F09BC17DEDAE}.Release|x64.ActiveCfg = Release|iPhone
		{49072F3E-8874-4BBE-8D83-F09BC17DEDAE}.Release|x64.Build.0 = Release|iPhone
		{49072F3E-8874-4BBE-8D83-F09BC17DEDAE}.Release|x64.Deploy.0 = Release|iPhone
		{49072F3E-8874-4BBE-8D83-F09BC17DEDAE}.Release|x86.ActiveCfg = Release|iPhone
		{49072F3E-8874-4BBE-8D83-F09BC17DEDAE}.Release|x86.Build.0 = Release|iPhone
		{49072F3E-8874-4BBE-8D83-F09BC17DEDAE}.Release|x86.Deploy.0 = Release|iPhone
		{CFC991BF-3D0B-4110-8D83-4F4CA2034909}.Debug|Any CPU.ActiveCfg = Debug|Any CPU
		{CFC991BF-3D0B-4110-8D83-4F4CA2034909}.Debug|Any CPU.Build.0 = Debug|Any CPU
		{CFC991BF-3D0B-4110-8D83-4F4CA2034909}.Debug|Any CPU.Deploy.0 = Debug|Any CPU
		{CFC991BF-3D0B-4110-8D83-4F4CA2034909}.Debug|ARM.ActiveCfg = Debug|Any CPU
		{CFC991BF-3D0B-4110-8D83-4F4CA2034909}.Debug|ARM.Build.0 = Debug|Any CPU
		{CFC991BF-3D0B-4110-8D83-4F4CA2034909}.Debug|ARM.Deploy.0 = Debug|Any CPU
		{CFC991BF-3D0B-4110-8D83-4F4CA2034909}.Debug|iPhone.ActiveCfg = Debug|Any CPU
		{CFC991BF-3D0B-4110-8D83-4F4CA2034909}.Debug|iPhone.Build.0 = Debug|Any CPU
		{CFC991BF-3D0B-4110-8D83-4F4CA2034909}.Debug|iPhone.Deploy.0 = Debug|Any CPU
		{CFC991BF-3D0B-4110-8D83-4F4CA2034909}.Debug|iPhoneSimulator.ActiveCfg = Debug|Any CPU
		{CFC991BF-3D0B-4110-8D83-4F4CA2034909}.Debug|iPhoneSimulator.Build.0 = Debug|Any CPU
		{CFC991BF-3D0B-4110-8D83-4F4CA2034909}.Debug|iPhoneSimulator.Deploy.0 = Debug|Any CPU
		{CFC991BF-3D0B-4110-8D83-4F4CA2034909}.Debug|x64.ActiveCfg = Debug|Any CPU
		{CFC991BF-3D0B-4110-8D83-4F4CA2034909}.Debug|x64.Build.0 = Debug|Any CPU
		{CFC991BF-3D0B-4110-8D83-4F4CA2034909}.Debug|x64.Deploy.0 = Debug|Any CPU
		{CFC991BF-3D0B-4110-8D83-4F4CA2034909}.Debug|x86.ActiveCfg = Debug|Any CPU
		{CFC991BF-3D0B-4110-8D83-4F4CA2034909}.Debug|x86.Build.0 = Debug|Any CPU
		{CFC991BF-3D0B-4110-8D83-4F4CA2034909}.Debug|x86.Deploy.0 = Debug|Any CPU
		{CFC991BF-3D0B-4110-8D83-4F4CA2034909}.Release|Any CPU.ActiveCfg = Release|Any CPU
		{CFC991BF-3D0B-4110-8D83-4F4CA2034909}.Release|Any CPU.Build.0 = Release|Any CPU
		{CFC991BF-3D0B-4110-8D83-4F4CA2034909}.Release|Any CPU.Deploy.0 = Release|Any CPU
		{CFC991BF-3D0B-4110-8D83-4F4CA2034909}.Release|ARM.ActiveCfg = Release|Any CPU
		{CFC991BF-3D0B-4110-8D83-4F4CA2034909}.Release|ARM.Build.0 = Release|Any CPU
		{CFC991BF-3D0B-4110-8D83-4F4CA2034909}.Release|ARM.Deploy.0 = Release|Any CPU
		{CFC991BF-3D0B-4110-8D83-4F4CA2034909}.Release|iPhone.ActiveCfg = Release|Any CPU
		{CFC991BF-3D0B-4110-8D83-4F4CA2034909}.Release|iPhone.Build.0 = Release|Any CPU
		{CFC991BF-3D0B-4110-8D83-4F4CA2034909}.Release|iPhone.Deploy.0 = Release|Any CPU
		{CFC991BF-3D0B-4110-8D83-4F4CA2034909}.Release|iPhoneSimulator.ActiveCfg = Release|Any CPU
		{CFC991BF-3D0B-4110-8D83-4F4CA2034909}.Release|iPhoneSimulator.Build.0 = Release|Any CPU
		{CFC991BF-3D0B-4110-8D83-4F4CA2034909}.Release|iPhoneSimulator.Deploy.0 = Release|Any CPU
		{CFC991BF-3D0B-4110-8D83-4F4CA2034909}.Release|x64.ActiveCfg = Release|Any CPU
		{CFC991BF-3D0B-4110-8D83-4F4CA2034909}.Release|x64.Build.0 = Release|Any CPU
		{CFC991BF-3D0B-4110-8D83-4F4CA2034909}.Release|x64.Deploy.0 = Release|Any CPU
		{CFC991BF-3D0B-4110-8D83-4F4CA2034909}.Release|x86.ActiveCfg = Release|Any CPU
		{CFC991BF-3D0B-4110-8D83-4F4CA2034909}.Release|x86.Build.0 = Release|Any CPU
		{CFC991BF-3D0B-4110-8D83-4F4CA2034909}.Release|x86.Deploy.0 = Release|Any CPU
	EndGlobalSection
	GlobalSection(SolutionProperties) = preSolution
		HideSolutionNode = FALSE
	EndGlobalSection
	GlobalSection(ExtensibilityGlobals) = postSolution
		SolutionGuid = {424D0F4D-AE0E-4E8A-A61A-DC5D5B39B148}
	EndGlobalSection
EndGlobal
