
Microsoft Visual Studio Solution File, Format Version 12.00
# Visual Studio Version 16
VisualStudioVersion = 16.0.31105.61
MinimumVisualStudioVersion = 10.0.40219.1
Project("{FAE04EC0-301F-11D3-BF4B-00C04F79EFBC}") = "APIKeys", "APIKeys\APIKeys.csproj", "{211A6847-085B-4E0B-9430-DCFE7F20A4A5}"
EndProject
Global
	GlobalSection(SolutionConfigurationPlatforms) = preSolution
		Debug|Any CPU = Debug|Any CPU
		Release|Any CPU = Release|Any CPU
	EndGlobalSection
	GlobalSection(ProjectConfigurationPlatforms) = postSolution
		{211A6847-085B-4E0B-9430-DCFE7F20A4A5}.Debug|Any CPU.ActiveCfg = Debug|Any CPU
		{211A6847-085B-4E0B-9430-DCFE7F20A4A5}.Debug|Any CPU.Build.0 = Debug|Any CPU
		{211A6847-085B-4E0B-9430-DCFE7F20A4A5}.Release|Any CPU.ActiveCfg = Release|Any CPU
		{211A6847-085B-4E0B-9430-DCFE7F20A4A5}.Release|Any CPU.Build.0 = Release|Any CPU
	EndGlobalSection
	GlobalSection(SolutionProperties) = preSolution
		HideSolutionNode = FALSE
	EndGlobalSection
	GlobalSection(ExtensibilityGlobals) = postSolution
		SolutionGuid = {1290BF35-9446-474E-8FD2-29FCBAABE0A1}
	EndGlobalSection
EndGlobal
