
Microsoft Visual Studio Solution File, Format Version 12.00
# Visual Studio Version 16
VisualStudioVersion = 16.0.31313.79
MinimumVisualStudioVersion = 10.0.40219.1
Project("{FAE04EC0-301F-11D3-BF4B-00C04F79EFBC}") = "NumberProperties", "NumberProperties\NumberProperties.csproj", "{3076D7D8-60DE-4B75-B698-4E747D6FA5AD}"
EndProject
Project("{FAE04EC0-301F-11D3-BF4B-00C04F79EFBC}") = "Primes", "Primes\Primes.csproj", "{129D9A41-C4F2-45A7-B389-B56C994A4B1E}"
EndProject
Project("{FAE04EC0-301F-11D3-BF4B-00C04F79EFBC}") = "Evens", "Evens\Evens.csproj", "{78A9F48E-4C0F-42F7-9AAD-6BDF21B29760}"
EndProject
Global
	GlobalSection(SolutionConfigurationPlatforms) = preSolution
		Debug|Any CPU = Debug|Any CPU
		Release|Any CPU = Release|Any CPU
	EndGlobalSection
	GlobalSection(ProjectConfigurationPlatforms) = postSolution
		{3076D7D8-60DE-4B75-B698-4E747D6FA5AD}.Debug|Any CPU.ActiveCfg = Debug|Any CPU
		{3076D7D8-60DE-4B75-B698-4E747D6FA5AD}.Debug|Any CPU.Build.0 = Debug|Any CPU
		{3076D7D8-60DE-4B75-B698-4E747D6FA5AD}.Release|Any CPU.ActiveCfg = Release|Any CPU
		{3076D7D8-60DE-4B75-B698-4E747D6FA5AD}.Release|Any CPU.Build.0 = Release|Any CPU
		{129D9A41-C4F2-45A7-B389-B56C994A4B1E}.Debug|Any CPU.ActiveCfg = Debug|Any CPU
		{129D9A41-C4F2-45A7-B389-B56C994A4B1E}.Debug|Any CPU.Build.0 = Debug|Any CPU
		{129D9A41-C4F2-45A7-B389-B56C994A4B1E}.Release|Any CPU.ActiveCfg = Release|Any CPU
		{129D9A41-C4F2-45A7-B389-B56C994A4B1E}.Release|Any CPU.Build.0 = Release|Any CPU
		{78A9F48E-4C0F-42F7-9AAD-6BDF21B29760}.Debug|Any CPU.ActiveCfg = Debug|Any CPU
		{78A9F48E-4C0F-42F7-9AAD-6BDF21B29760}.Debug|Any CPU.Build.0 = Debug|Any CPU
		{78A9F48E-4C0F-42F7-9AAD-6BDF21B29760}.Release|Any CPU.ActiveCfg = Release|Any CPU
		{78A9F48E-4C0F-42F7-9AAD-6BDF21B29760}.Release|Any CPU.Build.0 = Release|Any CPU
	EndGlobalSection
	GlobalSection(SolutionProperties) = preSolution
		HideSolutionNode = FALSE
	EndGlobalSection
	GlobalSection(ExtensibilityGlobals) = postSolution
		SolutionGuid = {BC5CDD5A-B93D-4E37-B650-35A9766C5121}
	EndGlobalSection
EndGlobal
