
Microsoft Visual Studio Solution File, Format Version 12.00
# Visual Studio Version 16
VisualStudioVersion = 16.0.29920.165
MinimumVisualStudioVersion = 10.0.40219.1
Project("{FAE04EC0-301F-11D3-BF4B-00C04F79EFBC}") = "Audio.UWP", "Audio\Audio.UWP\Audio.UWP.csproj", "{7386954E-42D9-4494-A30F-BA638DEE3107}"
EndProject
Project("{FAE04EC0-301F-11D3-BF4B-00C04F79EFBC}") = "Audio.Android", "Audio\Audio.Android\Audio.Android.csproj", "{654912A8-F223-4E10-9BC6-0BAA2EFBEAF4}"
EndProject
Project("{FAE04EC0-301F-11D3-BF4B-00C04F79EFBC}") = "Audio.iOS", "Audio\Audio.iOS\Audio.iOS.csproj", "{1A53768E-F6CB-44E6-8F71-C5BDFB88F547}"
EndProject
Project("{FAE04EC0-301F-11D3-BF4B-00C04F79EFBC}") = "Audio", "Audio\Audio\Audio.csproj", "{0A7C0367-403B-4EA9-938C-3BEDBD5E043D}"
EndProject
Global
	GlobalSection(SolutionConfigurationPlatforms) = preSolution
		Debug|Any CPU = Debug|Any CPU
		Debug|ARM = Debug|ARM
		Debug|iPhone = Debug|iPhone
		Debug|iPhoneSimulator = Debug|iPhoneSimulator
		Debug|x64 = Debug|x64
		Debug|x86 = Debug|x86
		Release|Any CPU = Release|Any CPU
		Release|ARM = Release|ARM
		Release|iPhone = Release|iPhone
		Release|iPhoneSimulator = Release|iPhoneSimulator
		Release|x64 = Release|x64
		Release|x86 = Release|x86
	EndGlobalSection
	GlobalSection(ProjectConfigurationPlatforms) = postSolution
		{7386954E-42D9-4494-A30F-BA638DEE3107}.Debug|Any CPU.ActiveCfg = Debug|x86
		{7386954E-42D9-4494-A30F-BA638DEE3107}.Debug|Any CPU.Build.0 = Debug|x86
		{7386954E-42D9-4494-A30F-BA638DEE3107}.Debug|Any CPU.Deploy.0 = Debug|x86
		{7386954E-42D9-4494-A30F-BA638DEE3107}.Debug|ARM.ActiveCfg = Debug|ARM
		{7386954E-42D9-4494-A30F-BA638DEE3107}.Debug|ARM.Build.0 = Debug|ARM
		{7386954E-42D9-4494-A30F-BA638DEE3107}.Debug|ARM.Deploy.0 = Debug|ARM
		{7386954E-42D9-4494-A30F-BA638DEE3107}.Debug|iPhone.ActiveCfg = Debug|x86
		{7386954E-42D9-4494-A30F-BA638DEE3107}.Debug|iPhone.Build.0 = Debug|x86
		{7386954E-42D9-4494-A30F-BA638DEE3107}.Debug|iPhone.Deploy.0 = Debug|x86
		{7386954E-42D9-4494-A30F-BA638DEE3107}.Debug|iPhoneSimulator.ActiveCfg = Debug|x86
		{7386954E-42D9-4494-A30F-BA638DEE3107}.Debug|iPhoneSimulator.Build.0 = Debug|x86
		{7386954E-42D9-4494-A30F-BA638DEE3107}.Debug|iPhoneSimulator.Deploy.0 = Debug|x86
		{7386954E-42D9-4494-A30F-BA638DEE3107}.Debug|x64.ActiveCfg = Debug|x64
		{7386954E-42D9-4494-A30F-BA638DEE3107}.Debug|x64.Build.0 = Debug|x64
		{7386954E-42D9-4494-A30F-BA638DEE3107}.Debug|x64.Deploy.0 = Debug|x64
		{7386954E-42D9-4494-A30F-BA638DEE3107}.Debug|x86.ActiveCfg = Debug|x86
		{7386954E-42D9-4494-A30F-BA638DEE3107}.Debug|x86.Build.0 = Debug|x86
		{7386954E-42D9-4494-A30F-BA638DEE3107}.Debug|x86.Deploy.0 = Debug|x86
		{7386954E-42D9-4494-A30F-BA638DEE3107}.Release|Any CPU.ActiveCfg = Release|x86
		{7386954E-42D9-4494-A30F-BA638DEE3107}.Release|Any CPU.Build.0 = Release|x86
		{7386954E-42D9-4494-A30F-BA638DEE3107}.Release|Any CPU.Deploy.0 = Release|x86
		{7386954E-42D9-4494-A30F-BA638DEE3107}.Release|ARM.ActiveCfg = Release|ARM
		{7386954E-42D9-4494-A30F-BA638DEE3107}.Release|ARM.Build.0 = Release|ARM
		{7386954E-42D9-4494-A30F-BA638DEE3107}.Release|ARM.Deploy.0 = Release|ARM
		{7386954E-42D9-4494-A30F-BA638DEE3107}.Release|iPhone.ActiveCfg = Release|x86
		{7386954E-42D9-4494-A30F-BA638DEE3107}.Release|iPhone.Build.0 = Release|x86
		{7386954E-42D9-4494-A30F-BA638DEE3107}.Release|iPhone.Deploy.0 = Release|x86
		{7386954E-42D9-4494-A30F-BA638DEE3107}.Release|iPhoneSimulator.ActiveCfg = Release|x86
		{7386954E-42D9-4494-A30F-BA638DEE3107}.Release|iPhoneSimulator.Build.0 = Release|x86
		{7386954E-42D9-4494-A30F-BA638DEE3107}.Release|iPhoneSimulator.Deploy.0 = Release|x86
		{7386954E-42D9-4494-A30F-BA638DEE3107}.Release|x64.ActiveCfg = Release|x64
		{7386954E-42D9-4494-A30F-BA638DEE3107}.Release|x64.Build.0 = Release|x64
		{7386954E-42D9-4494-A30F-BA638DEE3107}.Release|x64.Deploy.0 = Release|x64
		{7386954E-42D9-4494-A30F-BA638DEE3107}.Release|x86.ActiveCfg = Release|x86
		{7386954E-42D9-4494-A30F-BA638DEE3107}.Release|x86.Build.0 = Release|x86
		{7386954E-42D9-4494-A30F-BA638DEE3107}.Release|x86.Deploy.0 = Release|x86
		{654912A8-F223-4E10-9BC6-0BAA2EFBEAF4}.Debug|Any CPU.ActiveCfg = Debug|Any CPU
		{654912A8-F223-4E10-9BC6-0BAA2EFBEAF4}.Debug|Any CPU.Build.0 = Debug|Any CPU
		{654912A8-F223-4E10-9BC6-0BAA2EFBEAF4}.Debug|Any CPU.Deploy.0 = Debug|Any CPU
		{654912A8-F223-4E10-9BC6-0BAA2EFBEAF4}.Debug|ARM.ActiveCfg = Debug|Any CPU
		{654912A8-F223-4E10-9BC6-0BAA2EFBEAF4}.Debug|ARM.Build.0 = Debug|Any CPU
		{654912A8-F223-4E10-9BC6-0BAA2EFBEAF4}.Debug|ARM.Deploy.0 = Debug|Any CPU
		{654912A8-F223-4E10-9BC6-0BAA2EFBEAF4}.Debug|iPhone.ActiveCfg = Debug|Any CPU
		{654912A8-F223-4E10-9BC6-0BAA2EFBEAF4}.Debug|iPhone.Build.0 = Debug|Any CPU
		{654912A8-F223-4E10-9BC6-0BAA2EFBEAF4}.Debug|iPhone.Deploy.0 = Debug|Any CPU
		{654912A8-F223-4E10-9BC6-0BAA2EFBEAF4}.Debug|iPhoneSimulator.ActiveCfg = Debug|Any CPU
		{654912A8-F223-4E10-9BC6-0BAA2EFBEAF4}.Debug|iPhoneSimulator.Build.0 = Debug|Any CPU
		{654912A8-F223-4E10-9BC6-0BAA2EFBEAF4}.Debug|iPhoneSimulator.Deploy.0 = Debug|Any CPU
		{654912A8-F223-4E10-9BC6-0BAA2EFBEAF4}.Debug|x64.ActiveCfg = Debug|Any CPU
		{654912A8-F223-4E10-9BC6-0BAA2EFBEAF4}.Debug|x64.Build.0 = Debug|Any CPU
		{654912A8-F223-4E10-9BC6-0BAA2EFBEAF4}.Debug|x64.Deploy.0 = Debug|Any CPU
		{654912A8-F223-4E10-9BC6-0BAA2EFBEAF4}.Debug|x86.ActiveCfg = Debug|Any CPU
		{654912A8-F223-4E10-9BC6-0BAA2EFBEAF4}.Debug|x86.Build.0 = Debug|Any CPU
		{654912A8-F223-4E10-9BC6-0BAA2EFBEAF4}.Debug|x86.Deploy.0 = Debug|Any CPU
		{654912A8-F223-4E10-9BC6-0BAA2EFBEAF4}.Release|Any CPU.ActiveCfg = Release|Any CPU
		{654912A8-F223-4E10-9BC6-0BAA2EFBEAF4}.Release|Any CPU.Build.0 = Release|Any CPU
		{654912A8-F223-4E10-9BC6-0BAA2EFBEAF4}.Release|Any CPU.Deploy.0 = Release|Any CPU
		{654912A8-F223-4E10-9BC6-0BAA2EFBEAF4}.Release|ARM.ActiveCfg = Release|Any CPU
		{654912A8-F223-4E10-9BC6-0BAA2EFBEAF4}.Release|ARM.Build.0 = Release|Any CPU
		{654912A8-F223-4E10-9BC6-0BAA2EFBEAF4}.Release|ARM.Deploy.0 = Release|Any CPU
		{654912A8-F223-4E10-9BC6-0BAA2EFBEAF4}.Release|iPhone.ActiveCfg = Release|Any CPU
		{654912A8-F223-4E10-9BC6-0BAA2EFBEAF4}.Release|iPhone.Build.0 = Release|Any CPU
		{654912A8-F223-4E10-9BC6-0BAA2EFBEAF4}.Release|iPhone.Deploy.0 = Release|Any CPU
		{654912A8-F223-4E10-9BC6-0BAA2EFBEAF4}.Release|iPhoneSimulator.ActiveCfg = Release|Any CPU
		{654912A8-F223-4E10-9BC6-0BAA2EFBEAF4}.Release|iPhoneSimulator.Build.0 = Release|Any CPU
		{654912A8-F223-4E10-9BC6-0BAA2EFBEAF4}.Release|iPhoneSimulator.Deploy.0 = Release|Any CPU
		{654912A8-F223-4E10-9BC6-0BAA2EFBEAF4}.Release|x64.ActiveCfg = Release|Any CPU
		{654912A8-F223-4E10-9BC6-0BAA2EFBEAF4}.Release|x64.Build.0 = Release|Any CPU
		{654912A8-F223-4E10-9BC6-0BAA2EFBEAF4}.Release|x64.Deploy.0 = Release|Any CPU
		{654912A8-F223-4E10-9BC6-0BAA2EFBEAF4}.Release|x86.ActiveCfg = Release|Any CPU
		{654912A8-F223-4E10-9BC6-0BAA2EFBEAF4}.Release|x86.Build.0 = Release|Any CPU
		{654912A8-F223-4E10-9BC6-0BAA2EFBEAF4}.Release|x86.Deploy.0 = Release|Any CPU
		{1A53768E-F6CB-44E6-8F71-C5BDFB88F547}.Debug|Any CPU.ActiveCfg = Debug|iPhone
		{1A53768E-F6CB-44E6-8F71-C5BDFB88F547}.Debug|Any CPU.Build.0 = Debug|iPhone
		{1A53768E-F6CB-44E6-8F71-C5BDFB88F547}.Debug|Any CPU.Deploy.0 = Debug|iPhone
		{1A53768E-F6CB-44E6-8F71-C5BDFB88F547}.Debug|ARM.ActiveCfg = Debug|iPhone
		{1A53768E-F6CB-44E6-8F71-C5BDFB88F547}.Debug|ARM.Build.0 = Debug|iPhone
		{1A53768E-F6CB-44E6-8F71-C5BDFB88F547}.Debug|ARM.Deploy.0 = Debug|iPhone
		{1A53768E-F6CB-44E6-8F71-C5BDFB88F547}.Debug|iPhone.ActiveCfg = Debug|iPhone
		{1A53768E-F6CB-44E6-8F71-C5BDFB88F547}.Debug|iPhone.Build.0 = Debug|iPhone
		{1A53768E-F6CB-44E6-8F71-C5BDFB88F547}.Debug|iPhone.Deploy.0 = Debug|iPhone
		{1A53768E-F6CB-44E6-8F71-C5BDFB88F547}.Debug|iPhoneSimulator.ActiveCfg = Debug|iPhoneSimulator
		{1A53768E-F6CB-44E6-8F71-C5BDFB88F547}.Debug|iPhoneSimulator.Build.0 = Debug|iPhoneSimulator
		{1A53768E-F6CB-44E6-8F71-C5BDFB88F547}.Debug|iPhoneSimulator.Deploy.0 = Debug|iPhoneSimulator
		{1A53768E-F6CB-44E6-8F71-C5BDFB88F547}.Debug|x64.ActiveCfg = Debug|iPhone
		{1A53768E-F6CB-44E6-8F71-C5BDFB88F547}.Debug|x64.Build.0 = Debug|iPhone
		{1A53768E-F6CB-44E6-8F71-C5BDFB88F547}.Debug|x64.Deploy.0 = Debug|iPhone
		{1A53768E-F6CB-44E6-8F71-C5BDFB88F547}.Debug|x86.ActiveCfg = Debug|iPhone
		{1A53768E-F6CB-44E6-8F71-C5BDFB88F547}.Debug|x86.Build.0 = Debug|iPhone
		{1A53768E-F6CB-44E6-8F71-C5BDFB88F547}.Debug|x86.Deploy.0 = Debug|iPhone
		{1A53768E-F6CB-44E6-8F71-C5BDFB88F547}.Release|Any CPU.ActiveCfg = Release|iPhone
		{1A53768E-F6CB-44E6-8F71-C5BDFB88F547}.Release|Any CPU.Build.0 = Release|iPhone
		{1A53768E-F6CB-44E6-8F71-C5BDFB88F547}.Release|Any CPU.Deploy.0 = Release|iPhone
		{1A53768E-F6CB-44E6-8F71-C5BDFB88F547}.Release|ARM.ActiveCfg = Release|iPhone
		{1A53768E-F6CB-44E6-8F71-C5BDFB88F547}.Release|ARM.Build.0 = Release|iPhone
		{1A53768E-F6CB-44E6-8F71-C5BDFB88F547}.Release|ARM.Deploy.0 = Release|iPhone
		{1A53768E-F6CB-44E6-8F71-C5BDFB88F547}.Release|iPhone.ActiveCfg = Release|iPhone
		{1A53768E-F6CB-44E6-8F71-C5BDFB88F547}.Release|iPhone.Build.0 = Release|iPhone
		{1A53768E-F6CB-44E6-8F71-C5BDFB88F547}.Release|iPhone.Deploy.0 = Release|iPhone
		{1A53768E-F6CB-44E6-8F71-C5BDFB88F547}.Release|iPhoneSimulator.ActiveCfg = Release|iPhoneSimulator
		{1A53768E-F6CB-44E6-8F71-C5BDFB88F547}.Release|iPhoneSimulator.Build.0 = Release|iPhoneSimulator
		{1A53768E-F6CB-44E6-8F71-C5BDFB88F547}.Release|iPhoneSimulator.Deploy.0 = Release|iPhoneSimulator
		{1A53768E-F6CB-44E6-8F71-C5BDFB88F547}.Release|x64.ActiveCfg = Release|iPhone
		{1A53768E-F6CB-44E6-8F71-C5BDFB88F547}.Release|x64.Build.0 = Release|iPhone
		{1A53768E-F6CB-44E6-8F71-C5BDFB88F547}.Release|x64.Deploy.0 = Release|iPhone
		{1A53768E-F6CB-44E6-8F71-C5BDFB88F547}.Release|x86.ActiveCfg = Release|iPhone
		{1A53768E-F6CB-44E6-8F71-C5BDFB88F547}.Release|x86.Build.0 = Release|iPhone
		{1A53768E-F6CB-44E6-8F71-C5BDFB88F547}.Release|x86.Deploy.0 = Release|iPhone
		{0A7C0367-403B-4EA9-938C-3BEDBD5E043D}.Debug|Any CPU.ActiveCfg = Debug|Any CPU
		{0A7C0367-403B-4EA9-938C-3BEDBD5E043D}.Debug|Any CPU.Build.0 = Debug|Any CPU
		{0A7C0367-403B-4EA9-938C-3BEDBD5E043D}.Debug|Any CPU.Deploy.0 = Debug|Any CPU
		{0A7C0367-403B-4EA9-938C-3BEDBD5E043D}.Debug|ARM.ActiveCfg = Debug|Any CPU
		{0A7C0367-403B-4EA9-938C-3BEDBD5E043D}.Debug|ARM.Build.0 = Debug|Any CPU
		{0A7C0367-403B-4EA9-938C-3BEDBD5E043D}.Debug|ARM.Deploy.0 = Debug|Any CPU
		{0A7C0367-403B-4EA9-938C-3BEDBD5E043D}.Debug|iPhone.ActiveCfg = Debug|Any CPU
		{0A7C0367-403B-4EA9-938C-3BEDBD5E043D}.Debug|iPhone.Build.0 = Debug|Any CPU
		{0A7C0367-403B-4EA9-938C-3BEDBD5E043D}.Debug|iPhone.Deploy.0 = Debug|Any CPU
		{0A7C0367-403B-4EA9-938C-3BEDBD5E043D}.Debug|iPhoneSimulator.ActiveCfg = Debug|Any CPU
		{0A7C0367-403B-4EA9-938C-3BEDBD5E043D}.Debug|iPhoneSimulator.Build.0 = Debug|Any CPU
		{0A7C0367-403B-4EA9-938C-3BEDBD5E043D}.Debug|iPhoneSimulator.Deploy.0 = Debug|Any CPU
		{0A7C0367-403B-4EA9-938C-3BEDBD5E043D}.Debug|x64.ActiveCfg = Debug|Any CPU
		{0A7C0367-403B-4EA9-938C-3BEDBD5E043D}.Debug|x64.Build.0 = Debug|Any CPU
		{0A7C0367-403B-4EA9-938C-3BEDBD5E043D}.Debug|x64.Deploy.0 = Debug|Any CPU
		{0A7C0367-403B-4EA9-938C-3BEDBD5E043D}.Debug|x86.ActiveCfg = Debug|Any CPU
		{0A7C0367-403B-4EA9-938C-3BEDBD5E043D}.Debug|x86.Build.0 = Debug|Any CPU
		{0A7C0367-403B-4EA9-938C-3BEDBD5E043D}.Debug|x86.Deploy.0 = Debug|Any CPU
		{0A7C0367-403B-4EA9-938C-3BEDBD5E043D}.Release|Any CPU.ActiveCfg = Release|Any CPU
		{0A7C0367-403B-4EA9-938C-3BEDBD5E043D}.Release|Any CPU.Build.0 = Release|Any CPU
		{0A7C0367-403B-4EA9-938C-3BEDBD5E043D}.Release|Any CPU.Deploy.0 = Release|Any CPU
		{0A7C0367-403B-4EA9-938C-3BEDBD5E043D}.Release|ARM.ActiveCfg = Release|Any CPU
		{0A7C0367-403B-4EA9-938C-3BEDBD5E043D}.Release|ARM.Build.0 = Release|Any CPU
		{0A7C0367-403B-4EA9-938C-3BEDBD5E043D}.Release|ARM.Deploy.0 = Release|Any CPU
		{0A7C0367-403B-4EA9-938C-3BEDBD5E043D}.Release|iPhone.ActiveCfg = Release|Any CPU
		{0A7C0367-403B-4EA9-938C-3BEDBD5E043D}.Release|iPhone.Build.0 = Release|Any CPU
		{0A7C0367-403B-4EA9-938C-3BEDBD5E043D}.Release|iPhone.Deploy.0 = Release|Any CPU
		{0A7C0367-403B-4EA9-938C-3BEDBD5E043D}.Release|iPhoneSimulator.ActiveCfg = Release|Any CPU
		{0A7C0367-403B-4EA9-938C-3BEDBD5E043D}.Release|iPhoneSimulator.Build.0 = Release|Any CPU
		{0A7C0367-403B-4EA9-938C-3BEDBD5E043D}.Release|iPhoneSimulator.Deploy.0 = Release|Any CPU
		{0A7C0367-403B-4EA9-938C-3BEDBD5E043D}.Release|x64.ActiveCfg = Release|Any CPU
		{0A7C0367-403B-4EA9-938C-3BEDBD5E043D}.Release|x64.Build.0 = Release|Any CPU
		{0A7C0367-403B-4EA9-938C-3BEDBD5E043D}.Release|x64.Deploy.0 = Release|Any CPU
		{0A7C0367-403B-4EA9-938C-3BEDBD5E043D}.Release|x86.ActiveCfg = Release|Any CPU
		{0A7C0367-403B-4EA9-938C-3BEDBD5E043D}.Release|x86.Build.0 = Release|Any CPU
		{0A7C0367-403B-4EA9-938C-3BEDBD5E043D}.Release|x86.Deploy.0 = Release|Any CPU
	EndGlobalSection
	GlobalSection(SolutionProperties) = preSolution
		HideSolutionNode = FALSE
	EndGlobalSection
	GlobalSection(ExtensibilityGlobals) = postSolution
		SolutionGuid = {4198B7D0-6909-4419-A5EB-D5F205ACC381}
	EndGlobalSection
EndGlobal
