
Microsoft Visual Studio Solution File, Format Version 12.00
# Visual Studio Version 16
VisualStudioVersion = 16.0.29215.179
MinimumVisualStudioVersion = 10.0.40219.1
Project("{FAE04EC0-301F-11D3-BF4B-00C04F79EFBC}") = "Litscape.UWP", "Litscape\Litscape.UWP\Litscape.UWP.csproj", "{5F5F6AF3-01BB-4FAE-A0D9-25D585B4573D}"
EndProject
Project("{FAE04EC0-301F-11D3-BF4B-00C04F79EFBC}") = "Litscape.Android", "Litscape\Litscape.Android\Litscape.Android.csproj", "{71C77C09-2E89-4390-A7B2-3879F0E53927}"
EndProject
Project("{FAE04EC0-301F-11D3-BF4B-00C04F79EFBC}") = "Litscape.iOS", "Litscape\Litscape.iOS\Litscape.iOS.csproj", "{B9C4D1EE-C48B-4458-9A57-8B4ACBD9336A}"
EndProject
Project("{FAE04EC0-301F-11D3-BF4B-00C04F79EFBC}") = "Litscape", "Litscape\Litscape\Litscape.csproj", "{B0D9F956-AC31-46C1-8D18-25DCA74F0152}"
EndProject
Global
	GlobalSection(SolutionConfigurationPlatforms) = preSolution
		Debug|Any CPU = Debug|Any CPU
		Debug|ARM = Debug|ARM
		Debug|iPhone = Debug|iPhone
		Debug|iPhoneSimulator = Debug|iPhoneSimulator
		Debug|x64 = Debug|x64
		Debug|x86 = Debug|x86
		Release|Any CPU = Release|Any CPU
		Release|ARM = Release|ARM
		Release|iPhone = Release|iPhone
		Release|iPhoneSimulator = Release|iPhoneSimulator
		Release|x64 = Release|x64
		Release|x86 = Release|x86
	EndGlobalSection
	GlobalSection(ProjectConfigurationPlatforms) = postSolution
		{5F5F6AF3-01BB-4FAE-A0D9-25D585B4573D}.Debug|Any CPU.ActiveCfg = Debug|x86
		{5F5F6AF3-01BB-4FAE-A0D9-25D585B4573D}.Debug|Any CPU.Build.0 = Debug|x86
		{5F5F6AF3-01BB-4FAE-A0D9-25D585B4573D}.Debug|Any CPU.Deploy.0 = Debug|x86
		{5F5F6AF3-01BB-4FAE-A0D9-25D585B4573D}.Debug|ARM.ActiveCfg = Debug|ARM
		{5F5F6AF3-01BB-4FAE-A0D9-25D585B4573D}.Debug|ARM.Build.0 = Debug|ARM
		{5F5F6AF3-01BB-4FAE-A0D9-25D585B4573D}.Debug|ARM.Deploy.0 = Debug|ARM
		{5F5F6AF3-01BB-4FAE-A0D9-25D585B4573D}.Debug|iPhone.ActiveCfg = Debug|x86
		{5F5F6AF3-01BB-4FAE-A0D9-25D585B4573D}.Debug|iPhone.Build.0 = Debug|x86
		{5F5F6AF3-01BB-4FAE-A0D9-25D585B4573D}.Debug|iPhone.Deploy.0 = Debug|x86
		{5F5F6AF3-01BB-4FAE-A0D9-25D585B4573D}.Debug|iPhoneSimulator.ActiveCfg = Debug|x86
		{5F5F6AF3-01BB-4FAE-A0D9-25D585B4573D}.Debug|iPhoneSimulator.Build.0 = Debug|x86
		{5F5F6AF3-01BB-4FAE-A0D9-25D585B4573D}.Debug|iPhoneSimulator.Deploy.0 = Debug|x86
		{5F5F6AF3-01BB-4FAE-A0D9-25D585B4573D}.Debug|x64.ActiveCfg = Debug|x64
		{5F5F6AF3-01BB-4FAE-A0D9-25D585B4573D}.Debug|x64.Build.0 = Debug|x64
		{5F5F6AF3-01BB-4FAE-A0D9-25D585B4573D}.Debug|x64.Deploy.0 = Debug|x64
		{5F5F6AF3-01BB-4FAE-A0D9-25D585B4573D}.Debug|x86.ActiveCfg = Debug|x86
		{5F5F6AF3-01BB-4FAE-A0D9-25D585B4573D}.Debug|x86.Build.0 = Debug|x86
		{5F5F6AF3-01BB-4FAE-A0D9-25D585B4573D}.Debug|x86.Deploy.0 = Debug|x86
		{5F5F6AF3-01BB-4FAE-A0D9-25D585B4573D}.Release|Any CPU.ActiveCfg = Release|x86
		{5F5F6AF3-01BB-4FAE-A0D9-25D585B4573D}.Release|Any CPU.Build.0 = Release|x86
		{5F5F6AF3-01BB-4FAE-A0D9-25D585B4573D}.Release|Any CPU.Deploy.0 = Release|x86
		{5F5F6AF3-01BB-4FAE-A0D9-25D585B4573D}.Release|ARM.ActiveCfg = Release|ARM
		{5F5F6AF3-01BB-4FAE-A0D9-25D585B4573D}.Release|ARM.Build.0 = Release|ARM
		{5F5F6AF3-01BB-4FAE-A0D9-25D585B4573D}.Release|ARM.Deploy.0 = Release|ARM
		{5F5F6AF3-01BB-4FAE-A0D9-25D585B4573D}.Release|iPhone.ActiveCfg = Release|x86
		{5F5F6AF3-01BB-4FAE-A0D9-25D585B4573D}.Release|iPhone.Build.0 = Release|x86
		{5F5F6AF3-01BB-4FAE-A0D9-25D585B4573D}.Release|iPhone.Deploy.0 = Release|x86
		{5F5F6AF3-01BB-4FAE-A0D9-25D585B4573D}.Release|iPhoneSimulator.ActiveCfg = Release|x86
		{5F5F6AF3-01BB-4FAE-A0D9-25D585B4573D}.Release|iPhoneSimulator.Build.0 = Release|x86
		{5F5F6AF3-01BB-4FAE-A0D9-25D585B4573D}.Release|iPhoneSimulator.Deploy.0 = Release|x86
		{5F5F6AF3-01BB-4FAE-A0D9-25D585B4573D}.Release|x64.ActiveCfg = Release|x64
		{5F5F6AF3-01BB-4FAE-A0D9-25D585B4573D}.Release|x64.Build.0 = Release|x64
		{5F5F6AF3-01BB-4FAE-A0D9-25D585B4573D}.Release|x64.Deploy.0 = Release|x64
		{5F5F6AF3-01BB-4FAE-A0D9-25D585B4573D}.Release|x86.ActiveCfg = Release|x86
		{5F5F6AF3-01BB-4FAE-A0D9-25D585B4573D}.Release|x86.Build.0 = Release|x86
		{5F5F6AF3-01BB-4FAE-A0D9-25D585B4573D}.Release|x86.Deploy.0 = Release|x86
		{71C77C09-2E89-4390-A7B2-3879F0E53927}.Debug|Any CPU.ActiveCfg = Debug|Any CPU
		{71C77C09-2E89-4390-A7B2-3879F0E53927}.Debug|Any CPU.Build.0 = Debug|Any CPU
		{71C77C09-2E89-4390-A7B2-3879F0E53927}.Debug|Any CPU.Deploy.0 = Debug|Any CPU
		{71C77C09-2E89-4390-A7B2-3879F0E53927}.Debug|ARM.ActiveCfg = Debug|Any CPU
		{71C77C09-2E89-4390-A7B2-3879F0E53927}.Debug|ARM.Build.0 = Debug|Any CPU
		{71C77C09-2E89-4390-A7B2-3879F0E53927}.Debug|ARM.Deploy.0 = Debug|Any CPU
		{71C77C09-2E89-4390-A7B2-3879F0E53927}.Debug|iPhone.ActiveCfg = Debug|Any CPU
		{71C77C09-2E89-4390-A7B2-3879F0E53927}.Debug|iPhone.Build.0 = Debug|Any CPU
		{71C77C09-2E89-4390-A7B2-3879F0E53927}.Debug|iPhone.Deploy.0 = Debug|Any CPU
		{71C77C09-2E89-4390-A7B2-3879F0E53927}.Debug|iPhoneSimulator.ActiveCfg = Debug|Any CPU
		{71C77C09-2E89-4390-A7B2-3879F0E53927}.Debug|iPhoneSimulator.Build.0 = Debug|Any CPU
		{71C77C09-2E89-4390-A7B2-3879F0E53927}.Debug|iPhoneSimulator.Deploy.0 = Debug|Any CPU
		{71C77C09-2E89-4390-A7B2-3879F0E53927}.Debug|x64.ActiveCfg = Debug|Any CPU
		{71C77C09-2E89-4390-A7B2-3879F0E53927}.Debug|x64.Build.0 = Debug|Any CPU
		{71C77C09-2E89-4390-A7B2-3879F0E53927}.Debug|x64.Deploy.0 = Debug|Any CPU
		{71C77C09-2E89-4390-A7B2-3879F0E53927}.Debug|x86.ActiveCfg = Debug|Any CPU
		{71C77C09-2E89-4390-A7B2-3879F0E53927}.Debug|x86.Build.0 = Debug|Any CPU
		{71C77C09-2E89-4390-A7B2-3879F0E53927}.Debug|x86.Deploy.0 = Debug|Any CPU
		{71C77C09-2E89-4390-A7B2-3879F0E53927}.Release|Any CPU.ActiveCfg = Release|Any CPU
		{71C77C09-2E89-4390-A7B2-3879F0E53927}.Release|Any CPU.Build.0 = Release|Any CPU
		{71C77C09-2E89-4390-A7B2-3879F0E53927}.Release|Any CPU.Deploy.0 = Release|Any CPU
		{71C77C09-2E89-4390-A7B2-3879F0E53927}.Release|ARM.ActiveCfg = Release|Any CPU
		{71C77C09-2E89-4390-A7B2-3879F0E53927}.Release|ARM.Build.0 = Release|Any CPU
		{71C77C09-2E89-4390-A7B2-3879F0E53927}.Release|ARM.Deploy.0 = Release|Any CPU
		{71C77C09-2E89-4390-A7B2-3879F0E53927}.Release|iPhone.ActiveCfg = Release|Any CPU
		{71C77C09-2E89-4390-A7B2-3879F0E53927}.Release|iPhone.Build.0 = Release|Any CPU
		{71C77C09-2E89-4390-A7B2-3879F0E53927}.Release|iPhone.Deploy.0 = Release|Any CPU
		{71C77C09-2E89-4390-A7B2-3879F0E53927}.Release|iPhoneSimulator.ActiveCfg = Release|Any CPU
		{71C77C09-2E89-4390-A7B2-3879F0E53927}.Release|iPhoneSimulator.Build.0 = Release|Any CPU
		{71C77C09-2E89-4390-A7B2-3879F0E53927}.Release|iPhoneSimulator.Deploy.0 = Release|Any CPU
		{71C77C09-2E89-4390-A7B2-3879F0E53927}.Release|x64.ActiveCfg = Release|Any CPU
		{71C77C09-2E89-4390-A7B2-3879F0E53927}.Release|x64.Build.0 = Release|Any CPU
		{71C77C09-2E89-4390-A7B2-3879F0E53927}.Release|x64.Deploy.0 = Release|Any CPU
		{71C77C09-2E89-4390-A7B2-3879F0E53927}.Release|x86.ActiveCfg = Release|Any CPU
		{71C77C09-2E89-4390-A7B2-3879F0E53927}.Release|x86.Build.0 = Release|Any CPU
		{71C77C09-2E89-4390-A7B2-3879F0E53927}.Release|x86.Deploy.0 = Release|Any CPU
		{B9C4D1EE-C48B-4458-9A57-8B4ACBD9336A}.Debug|Any CPU.ActiveCfg = Debug|iPhone
		{B9C4D1EE-C48B-4458-9A57-8B4ACBD9336A}.Debug|Any CPU.Build.0 = Debug|iPhone
		{B9C4D1EE-C48B-4458-9A57-8B4ACBD9336A}.Debug|Any CPU.Deploy.0 = Debug|iPhone
		{B9C4D1EE-C48B-4458-9A57-8B4ACBD9336A}.Debug|ARM.ActiveCfg = Debug|iPhoneSimulator
		{B9C4D1EE-C48B-4458-9A57-8B4ACBD9336A}.Debug|ARM.Build.0 = Debug|iPhoneSimulator
		{B9C4D1EE-C48B-4458-9A57-8B4ACBD9336A}.Debug|ARM.Deploy.0 = Debug|iPhoneSimulator
		{B9C4D1EE-C48B-4458-9A57-8B4ACBD9336A}.Debug|iPhone.ActiveCfg = Debug|iPhone
		{B9C4D1EE-C48B-4458-9A57-8B4ACBD9336A}.Debug|iPhone.Build.0 = Debug|iPhone
		{B9C4D1EE-C48B-4458-9A57-8B4ACBD9336A}.Debug|iPhone.Deploy.0 = Debug|iPhone
		{B9C4D1EE-C48B-4458-9A57-8B4ACBD9336A}.Debug|iPhoneSimulator.ActiveCfg = Debug|iPhoneSimulator
		{B9C4D1EE-C48B-4458-9A57-8B4ACBD9336A}.Debug|iPhoneSimulator.Build.0 = Debug|iPhoneSimulator
		{B9C4D1EE-C48B-4458-9A57-8B4ACBD9336A}.Debug|iPhoneSimulator.Deploy.0 = Debug|iPhoneSimulator
		{B9C4D1EE-C48B-4458-9A57-8B4ACBD9336A}.Debug|x64.ActiveCfg = Debug|iPhone
		{B9C4D1EE-C48B-4458-9A57-8B4ACBD9336A}.Debug|x64.Build.0 = Debug|iPhone
		{B9C4D1EE-C48B-4458-9A57-8B4ACBD9336A}.Debug|x64.Deploy.0 = Debug|iPhone
		{B9C4D1EE-C48B-4458-9A57-8B4ACBD9336A}.Debug|x86.ActiveCfg = Debug|iPhone
		{B9C4D1EE-C48B-4458-9A57-8B4ACBD9336A}.Debug|x86.Build.0 = Debug|iPhone
		{B9C4D1EE-C48B-4458-9A57-8B4ACBD9336A}.Debug|x86.Deploy.0 = Debug|iPhone
		{B9C4D1EE-C48B-4458-9A57-8B4ACBD9336A}.Release|Any CPU.ActiveCfg = Release|iPhone
		{B9C4D1EE-C48B-4458-9A57-8B4ACBD9336A}.Release|Any CPU.Build.0 = Release|iPhone
		{B9C4D1EE-C48B-4458-9A57-8B4ACBD9336A}.Release|Any CPU.Deploy.0 = Release|iPhone
		{B9C4D1EE-C48B-4458-9A57-8B4ACBD9336A}.Release|ARM.ActiveCfg = Release|iPhone
		{B9C4D1EE-C48B-4458-9A57-8B4ACBD9336A}.Release|ARM.Build.0 = Release|iPhone
		{B9C4D1EE-C48B-4458-9A57-8B4ACBD9336A}.Release|ARM.Deploy.0 = Release|iPhone
		{B9C4D1EE-C48B-4458-9A57-8B4ACBD9336A}.Release|iPhone.ActiveCfg = Release|iPhone
		{B9C4D1EE-C48B-4458-9A57-8B4ACBD9336A}.Release|iPhone.Build.0 = Release|iPhone
		{B9C4D1EE-C48B-4458-9A57-8B4ACBD9336A}.Release|iPhone.Deploy.0 = Release|iPhone
		{B9C4D1EE-C48B-4458-9A57-8B4ACBD9336A}.Release|iPhoneSimulator.ActiveCfg = Release|iPhoneSimulator
		{B9C4D1EE-C48B-4458-9A57-8B4ACBD9336A}.Release|iPhoneSimulator.Build.0 = Release|iPhoneSimulator
		{B9C4D1EE-C48B-4458-9A57-8B4ACBD9336A}.Release|iPhoneSimulator.Deploy.0 = Release|iPhoneSimulator
		{B9C4D1EE-C48B-4458-9A57-8B4ACBD9336A}.Release|x64.ActiveCfg = Release|iPhone
		{B9C4D1EE-C48B-4458-9A57-8B4ACBD9336A}.Release|x64.Build.0 = Release|iPhone
		{B9C4D1EE-C48B-4458-9A57-8B4ACBD9336A}.Release|x64.Deploy.0 = Release|iPhone
		{B9C4D1EE-C48B-4458-9A57-8B4ACBD9336A}.Release|x86.ActiveCfg = Release|iPhone
		{B9C4D1EE-C48B-4458-9A57-8B4ACBD9336A}.Release|x86.Build.0 = Release|iPhone
		{B9C4D1EE-C48B-4458-9A57-8B4ACBD9336A}.Release|x86.Deploy.0 = Release|iPhone
		{B0D9F956-AC31-46C1-8D18-25DCA74F0152}.Debug|Any CPU.ActiveCfg = Debug|Any CPU
		{B0D9F956-AC31-46C1-8D18-25DCA74F0152}.Debug|Any CPU.Build.0 = Debug|Any CPU
		{B0D9F956-AC31-46C1-8D18-25DCA74F0152}.Debug|Any CPU.Deploy.0 = Debug|Any CPU
		{B0D9F956-AC31-46C1-8D18-25DCA74F0152}.Debug|ARM.ActiveCfg = Debug|Any CPU
		{B0D9F956-AC31-46C1-8D18-25DCA74F0152}.Debug|ARM.Build.0 = Debug|Any CPU
		{B0D9F956-AC31-46C1-8D18-25DCA74F0152}.Debug|ARM.Deploy.0 = Debug|Any CPU
		{B0D9F956-AC31-46C1-8D18-25DCA74F0152}.Debug|iPhone.ActiveCfg = Debug|Any CPU
		{B0D9F956-AC31-46C1-8D18-25DCA74F0152}.Debug|iPhone.Build.0 = Debug|Any CPU
		{B0D9F956-AC31-46C1-8D18-25DCA74F0152}.Debug|iPhone.Deploy.0 = Debug|Any CPU
		{B0D9F956-AC31-46C1-8D18-25DCA74F0152}.Debug|iPhoneSimulator.ActiveCfg = Debug|Any CPU
		{B0D9F956-AC31-46C1-8D18-25DCA74F0152}.Debug|iPhoneSimulator.Build.0 = Debug|Any CPU
		{B0D9F956-AC31-46C1-8D18-25DCA74F0152}.Debug|iPhoneSimulator.Deploy.0 = Debug|Any CPU
		{B0D9F956-AC31-46C1-8D18-25DCA74F0152}.Debug|x64.ActiveCfg = Debug|Any CPU
		{B0D9F956-AC31-46C1-8D18-25DCA74F0152}.Debug|x64.Build.0 = Debug|Any CPU
		{B0D9F956-AC31-46C1-8D18-25DCA74F0152}.Debug|x64.Deploy.0 = Debug|Any CPU
		{B0D9F956-AC31-46C1-8D18-25DCA74F0152}.Debug|x86.ActiveCfg = Debug|Any CPU
		{B0D9F956-AC31-46C1-8D18-25DCA74F0152}.Debug|x86.Build.0 = Debug|Any CPU
		{B0D9F956-AC31-46C1-8D18-25DCA74F0152}.Debug|x86.Deploy.0 = Debug|Any CPU
		{B0D9F956-AC31-46C1-8D18-25DCA74F0152}.Release|Any CPU.ActiveCfg = Release|Any CPU
		{B0D9F956-AC31-46C1-8D18-25DCA74F0152}.Release|Any CPU.Build.0 = Release|Any CPU
		{B0D9F956-AC31-46C1-8D18-25DCA74F0152}.Release|Any CPU.Deploy.0 = Release|Any CPU
		{B0D9F956-AC31-46C1-8D18-25DCA74F0152}.Release|ARM.ActiveCfg = Release|Any CPU
		{B0D9F956-AC31-46C1-8D18-25DCA74F0152}.Release|ARM.Build.0 = Release|Any CPU
		{B0D9F956-AC31-46C1-8D18-25DCA74F0152}.Release|ARM.Deploy.0 = Release|Any CPU
		{B0D9F956-AC31-46C1-8D18-25DCA74F0152}.Release|iPhone.ActiveCfg = Release|Any CPU
		{B0D9F956-AC31-46C1-8D18-25DCA74F0152}.Release|iPhone.Build.0 = Release|Any CPU
		{B0D9F956-AC31-46C1-8D18-25DCA74F0152}.Release|iPhone.Deploy.0 = Release|Any CPU
		{B0D9F956-AC31-46C1-8D18-25DCA74F0152}.Release|iPhoneSimulator.ActiveCfg = Release|Any CPU
		{B0D9F956-AC31-46C1-8D18-25DCA74F0152}.Release|iPhoneSimulator.Build.0 = Release|Any CPU
		{B0D9F956-AC31-46C1-8D18-25DCA74F0152}.Release|iPhoneSimulator.Deploy.0 = Release|Any CPU
		{B0D9F956-AC31-46C1-8D18-25DCA74F0152}.Release|x64.ActiveCfg = Release|Any CPU
		{B0D9F956-AC31-46C1-8D18-25DCA74F0152}.Release|x64.Build.0 = Release|Any CPU
		{B0D9F956-AC31-46C1-8D18-25DCA74F0152}.Release|x64.Deploy.0 = Release|Any CPU
		{B0D9F956-AC31-46C1-8D18-25DCA74F0152}.Release|x86.ActiveCfg = Release|Any CPU
		{B0D9F956-AC31-46C1-8D18-25DCA74F0152}.Release|x86.Build.0 = Release|Any CPU
		{B0D9F956-AC31-46C1-8D18-25DCA74F0152}.Release|x86.Deploy.0 = Release|Any CPU
	EndGlobalSection
	GlobalSection(SolutionProperties) = preSolution
		HideSolutionNode = FALSE
	EndGlobalSection
	GlobalSection(ExtensibilityGlobals) = postSolution
		SolutionGuid = {D42465EC-EFA0-4B1B-A3FF-FDAE29EFDA71}
	EndGlobalSection
EndGlobal
