
Microsoft Visual Studio Solution File, Format Version 12.00
# Visual Studio Version 16
VisualStudioVersion = 16.0.30907.101
MinimumVisualStudioVersion = 10.0.40219.1
Project("{FAE04EC0-301F-11D3-BF4B-00C04F79EFBC}") = "Popups.UWP", "Popups\Popups.UWP\Popups.UWP.csproj", "{0826B7C3-1DED-4205-B990-7B4C3BD68FA0}"
EndProject
Project("{FAE04EC0-301F-11D3-BF4B-00C04F79EFBC}") = "Popups.Android", "Popups\Popups.Android\Popups.Android.csproj", "{54DC8215-821E-467E-AEAE-0BFF2F49BE47}"
EndProject
Project("{FAE04EC0-301F-11D3-BF4B-00C04F79EFBC}") = "Popups.iOS", "Popups\Popups.iOS\Popups.iOS.csproj", "{78FFD320-D376-49EE-9C5E-57C75D6DB2CA}"
EndProject
Project("{FAE04EC0-301F-11D3-BF4B-00C04F79EFBC}") = "Popups", "Popups\Popups\Popups.csproj", "{AE4BD515-8666-49FA-9EE8-145A4A7B3F72}"
EndProject
Global
	GlobalSection(SolutionConfigurationPlatforms) = preSolution
		Debug|Any CPU = Debug|Any CPU
		Debug|ARM = Debug|ARM
		Debug|iPhone = Debug|iPhone
		Debug|iPhoneSimulator = Debug|iPhoneSimulator
		Debug|x64 = Debug|x64
		Debug|x86 = Debug|x86
		Release|Any CPU = Release|Any CPU
		Release|ARM = Release|ARM
		Release|iPhone = Release|iPhone
		Release|iPhoneSimulator = Release|iPhoneSimulator
		Release|x64 = Release|x64
		Release|x86 = Release|x86
	EndGlobalSection
	GlobalSection(ProjectConfigurationPlatforms) = postSolution
		{0826B7C3-1DED-4205-B990-7B4C3BD68FA0}.Debug|Any CPU.ActiveCfg = Debug|x86
		{0826B7C3-1DED-4205-B990-7B4C3BD68FA0}.Debug|Any CPU.Build.0 = Debug|x86
		{0826B7C3-1DED-4205-B990-7B4C3BD68FA0}.Debug|Any CPU.Deploy.0 = Debug|x86
		{0826B7C3-1DED-4205-B990-7B4C3BD68FA0}.Debug|ARM.ActiveCfg = Debug|ARM
		{0826B7C3-1DED-4205-B990-7B4C3BD68FA0}.Debug|ARM.Build.0 = Debug|ARM
		{0826B7C3-1DED-4205-B990-7B4C3BD68FA0}.Debug|ARM.Deploy.0 = Debug|ARM
		{0826B7C3-1DED-4205-B990-7B4C3BD68FA0}.Debug|iPhone.ActiveCfg = Debug|x86
		{0826B7C3-1DED-4205-B990-7B4C3BD68FA0}.Debug|iPhone.Build.0 = Debug|x86
		{0826B7C3-1DED-4205-B990-7B4C3BD68FA0}.Debug|iPhone.Deploy.0 = Debug|x86
		{0826B7C3-1DED-4205-B990-7B4C3BD68FA0}.Debug|iPhoneSimulator.ActiveCfg = Debug|x86
		{0826B7C3-1DED-4205-B990-7B4C3BD68FA0}.Debug|iPhoneSimulator.Build.0 = Debug|x86
		{0826B7C3-1DED-4205-B990-7B4C3BD68FA0}.Debug|iPhoneSimulator.Deploy.0 = Debug|x86
		{0826B7C3-1DED-4205-B990-7B4C3BD68FA0}.Debug|x64.ActiveCfg = Debug|x64
		{0826B7C3-1DED-4205-B990-7B4C3BD68FA0}.Debug|x64.Build.0 = Debug|x64
		{0826B7C3-1DED-4205-B990-7B4C3BD68FA0}.Debug|x64.Deploy.0 = Debug|x64
		{0826B7C3-1DED-4205-B990-7B4C3BD68FA0}.Debug|x86.ActiveCfg = Debug|x86
		{0826B7C3-1DED-4205-B990-7B4C3BD68FA0}.Debug|x86.Build.0 = Debug|x86
		{0826B7C3-1DED-4205-B990-7B4C3BD68FA0}.Debug|x86.Deploy.0 = Debug|x86
		{0826B7C3-1DED-4205-B990-7B4C3BD68FA0}.Release|Any CPU.ActiveCfg = Release|x86
		{0826B7C3-1DED-4205-B990-7B4C3BD68FA0}.Release|Any CPU.Build.0 = Release|x86
		{0826B7C3-1DED-4205-B990-7B4C3BD68FA0}.Release|Any CPU.Deploy.0 = Release|x86
		{0826B7C3-1DED-4205-B990-7B4C3BD68FA0}.Release|ARM.ActiveCfg = Release|ARM
		{0826B7C3-1DED-4205-B990-7B4C3BD68FA0}.Release|ARM.Build.0 = Release|ARM
		{0826B7C3-1DED-4205-B990-7B4C3BD68FA0}.Release|ARM.Deploy.0 = Release|ARM
		{0826B7C3-1DED-4205-B990-7B4C3BD68FA0}.Release|iPhone.ActiveCfg = Release|x86
		{0826B7C3-1DED-4205-B990-7B4C3BD68FA0}.Release|iPhone.Build.0 = Release|x86
		{0826B7C3-1DED-4205-B990-7B4C3BD68FA0}.Release|iPhone.Deploy.0 = Release|x86
		{0826B7C3-1DED-4205-B990-7B4C3BD68FA0}.Release|iPhoneSimulator.ActiveCfg = Release|x86
		{0826B7C3-1DED-4205-B990-7B4C3BD68FA0}.Release|iPhoneSimulator.Build.0 = Release|x86
		{0826B7C3-1DED-4205-B990-7B4C3BD68FA0}.Release|iPhoneSimulator.Deploy.0 = Release|x86
		{0826B7C3-1DED-4205-B990-7B4C3BD68FA0}.Release|x64.ActiveCfg = Release|x64
		{0826B7C3-1DED-4205-B990-7B4C3BD68FA0}.Release|x64.Build.0 = Release|x64
		{0826B7C3-1DED-4205-B990-7B4C3BD68FA0}.Release|x64.Deploy.0 = Release|x64
		{0826B7C3-1DED-4205-B990-7B4C3BD68FA0}.Release|x86.ActiveCfg = Release|x86
		{0826B7C3-1DED-4205-B990-7B4C3BD68FA0}.Release|x86.Build.0 = Release|x86
		{0826B7C3-1DED-4205-B990-7B4C3BD68FA0}.Release|x86.Deploy.0 = Release|x86
		{54DC8215-821E-467E-AEAE-0BFF2F49BE47}.Debug|Any CPU.ActiveCfg = Debug|Any CPU
		{54DC8215-821E-467E-AEAE-0BFF2F49BE47}.Debug|Any CPU.Build.0 = Debug|Any CPU
		{54DC8215-821E-467E-AEAE-0BFF2F49BE47}.Debug|Any CPU.Deploy.0 = Debug|Any CPU
		{54DC8215-821E-467E-AEAE-0BFF2F49BE47}.Debug|ARM.ActiveCfg = Debug|Any CPU
		{54DC8215-821E-467E-AEAE-0BFF2F49BE47}.Debug|ARM.Build.0 = Debug|Any CPU
		{54DC8215-821E-467E-AEAE-0BFF2F49BE47}.Debug|ARM.Deploy.0 = Debug|Any CPU
		{54DC8215-821E-467E-AEAE-0BFF2F49BE47}.Debug|iPhone.ActiveCfg = Debug|Any CPU
		{54DC8215-821E-467E-AEAE-0BFF2F49BE47}.Debug|iPhone.Build.0 = Debug|Any CPU
		{54DC8215-821E-467E-AEAE-0BFF2F49BE47}.Debug|iPhone.Deploy.0 = Debug|Any CPU
		{54DC8215-821E-467E-AEAE-0BFF2F49BE47}.Debug|iPhoneSimulator.ActiveCfg = Debug|Any CPU
		{54DC8215-821E-467E-AEAE-0BFF2F49BE47}.Debug|iPhoneSimulator.Build.0 = Debug|Any CPU
		{54DC8215-821E-467E-AEAE-0BFF2F49BE47}.Debug|iPhoneSimulator.Deploy.0 = Debug|Any CPU
		{54DC8215-821E-467E-AEAE-0BFF2F49BE47}.Debug|x64.ActiveCfg = Debug|Any CPU
		{54DC8215-821E-467E-AEAE-0BFF2F49BE47}.Debug|x64.Build.0 = Debug|Any CPU
		{54DC8215-821E-467E-AEAE-0BFF2F49BE47}.Debug|x64.Deploy.0 = Debug|Any CPU
		{54DC8215-821E-467E-AEAE-0BFF2F49BE47}.Debug|x86.ActiveCfg = Debug|Any CPU
		{54DC8215-821E-467E-AEAE-0BFF2F49BE47}.Debug|x86.Build.0 = Debug|Any CPU
		{54DC8215-821E-467E-AEAE-0BFF2F49BE47}.Debug|x86.Deploy.0 = Debug|Any CPU
		{54DC8215-821E-467E-AEAE-0BFF2F49BE47}.Release|Any CPU.ActiveCfg = Release|Any CPU
		{54DC8215-821E-467E-AEAE-0BFF2F49BE47}.Release|Any CPU.Build.0 = Release|Any CPU
		{54DC8215-821E-467E-AEAE-0BFF2F49BE47}.Release|Any CPU.Deploy.0 = Release|Any CPU
		{54DC8215-821E-467E-AEAE-0BFF2F49BE47}.Release|ARM.ActiveCfg = Release|Any CPU
		{54DC8215-821E-467E-AEAE-0BFF2F49BE47}.Release|ARM.Build.0 = Release|Any CPU
		{54DC8215-821E-467E-AEAE-0BFF2F49BE47}.Release|ARM.Deploy.0 = Release|Any CPU
		{54DC8215-821E-467E-AEAE-0BFF2F49BE47}.Release|iPhone.ActiveCfg = Release|Any CPU
		{54DC8215-821E-467E-AEAE-0BFF2F49BE47}.Release|iPhone.Build.0 = Release|Any CPU
		{54DC8215-821E-467E-AEAE-0BFF2F49BE47}.Release|iPhone.Deploy.0 = Release|Any CPU
		{54DC8215-821E-467E-AEAE-0BFF2F49BE47}.Release|iPhoneSimulator.ActiveCfg = Release|Any CPU
		{54DC8215-821E-467E-AEAE-0BFF2F49BE47}.Release|iPhoneSimulator.Build.0 = Release|Any CPU
		{54DC8215-821E-467E-AEAE-0BFF2F49BE47}.Release|iPhoneSimulator.Deploy.0 = Release|Any CPU
		{54DC8215-821E-467E-AEAE-0BFF2F49BE47}.Release|x64.ActiveCfg = Release|Any CPU
		{54DC8215-821E-467E-AEAE-0BFF2F49BE47}.Release|x64.Build.0 = Release|Any CPU
		{54DC8215-821E-467E-AEAE-0BFF2F49BE47}.Release|x64.Deploy.0 = Release|Any CPU
		{54DC8215-821E-467E-AEAE-0BFF2F49BE47}.Release|x86.ActiveCfg = Release|Any CPU
		{54DC8215-821E-467E-AEAE-0BFF2F49BE47}.Release|x86.Build.0 = Release|Any CPU
		{54DC8215-821E-467E-AEAE-0BFF2F49BE47}.Release|x86.Deploy.0 = Release|Any CPU
		{78FFD320-D376-49EE-9C5E-57C75D6DB2CA}.Debug|Any CPU.ActiveCfg = Debug|iPhoneSimulator
		{78FFD320-D376-49EE-9C5E-57C75D6DB2CA}.Debug|Any CPU.Build.0 = Debug|iPhoneSimulator
		{78FFD320-D376-49EE-9C5E-57C75D6DB2CA}.Debug|Any CPU.Deploy.0 = Debug|iPhoneSimulator
		{78FFD320-D376-49EE-9C5E-57C75D6DB2CA}.Debug|ARM.ActiveCfg = Debug|iPhone
		{78FFD320-D376-49EE-9C5E-57C75D6DB2CA}.Debug|ARM.Build.0 = Debug|iPhone
		{78FFD320-D376-49EE-9C5E-57C75D6DB2CA}.Debug|ARM.Deploy.0 = Debug|iPhone
		{78FFD320-D376-49EE-9C5E-57C75D6DB2CA}.Debug|iPhone.ActiveCfg = Debug|iPhone
		{78FFD320-D376-49EE-9C5E-57C75D6DB2CA}.Debug|iPhone.Build.0 = Debug|iPhone
		{78FFD320-D376-49EE-9C5E-57C75D6DB2CA}.Debug|iPhone.Deploy.0 = Debug|iPhone
		{78FFD320-D376-49EE-9C5E-57C75D6DB2CA}.Debug|iPhoneSimulator.ActiveCfg = Debug|iPhoneSimulator
		{78FFD320-D376-49EE-9C5E-57C75D6DB2CA}.Debug|iPhoneSimulator.Build.0 = Debug|iPhoneSimulator
		{78FFD320-D376-49EE-9C5E-57C75D6DB2CA}.Debug|iPhoneSimulator.Deploy.0 = Debug|iPhoneSimulator
		{78FFD320-D376-49EE-9C5E-57C75D6DB2CA}.Debug|x64.ActiveCfg = Debug|iPhoneSimulator
		{78FFD320-D376-49EE-9C5E-57C75D6DB2CA}.Debug|x64.Build.0 = Debug|iPhoneSimulator
		{78FFD320-D376-49EE-9C5E-57C75D6DB2CA}.Debug|x64.Deploy.0 = Debug|iPhoneSimulator
		{78FFD320-D376-49EE-9C5E-57C75D6DB2CA}.Debug|x86.ActiveCfg = Debug|iPhoneSimulator
		{78FFD320-D376-49EE-9C5E-57C75D6DB2CA}.Debug|x86.Build.0 = Debug|iPhoneSimulator
		{78FFD320-D376-49EE-9C5E-57C75D6DB2CA}.Debug|x86.Deploy.0 = Debug|iPhoneSimulator
		{78FFD320-D376-49EE-9C5E-57C75D6DB2CA}.Release|Any CPU.ActiveCfg = Release|iPhoneSimulator
		{78FFD320-D376-49EE-9C5E-57C75D6DB2CA}.Release|Any CPU.Build.0 = Release|iPhoneSimulator
		{78FFD320-D376-49EE-9C5E-57C75D6DB2CA}.Release|Any CPU.Deploy.0 = Release|iPhoneSimulator
		{78FFD320-D376-49EE-9C5E-57C75D6DB2CA}.Release|ARM.ActiveCfg = Release|iPhoneSimulator
		{78FFD320-D376-49EE-9C5E-57C75D6DB2CA}.Release|ARM.Build.0 = Release|iPhoneSimulator
		{78FFD320-D376-49EE-9C5E-57C75D6DB2CA}.Release|ARM.Deploy.0 = Release|iPhoneSimulator
		{78FFD320-D376-49EE-9C5E-57C75D6DB2CA}.Release|iPhone.ActiveCfg = Release|iPhone
		{78FFD320-D376-49EE-9C5E-57C75D6DB2CA}.Release|iPhone.Build.0 = Release|iPhone
		{78FFD320-D376-49EE-9C5E-57C75D6DB2CA}.Release|iPhone.Deploy.0 = Release|iPhone
		{78FFD320-D376-49EE-9C5E-57C75D6DB2CA}.Release|iPhoneSimulator.ActiveCfg = Release|iPhoneSimulator
		{78FFD320-D376-49EE-9C5E-57C75D6DB2CA}.Release|iPhoneSimulator.Build.0 = Release|iPhoneSimulator
		{78FFD320-D376-49EE-9C5E-57C75D6DB2CA}.Release|iPhoneSimulator.Deploy.0 = Release|iPhoneSimulator
		{78FFD320-D376-49EE-9C5E-57C75D6DB2CA}.Release|x64.ActiveCfg = Release|iPhoneSimulator
		{78FFD320-D376-49EE-9C5E-57C75D6DB2CA}.Release|x64.Build.0 = Release|iPhoneSimulator
		{78FFD320-D376-49EE-9C5E-57C75D6DB2CA}.Release|x64.Deploy.0 = Release|iPhoneSimulator
		{78FFD320-D376-49EE-9C5E-57C75D6DB2CA}.Release|x86.ActiveCfg = Release|iPhoneSimulator
		{78FFD320-D376-49EE-9C5E-57C75D6DB2CA}.Release|x86.Build.0 = Release|iPhoneSimulator
		{78FFD320-D376-49EE-9C5E-57C75D6DB2CA}.Release|x86.Deploy.0 = Release|iPhoneSimulator
		{AE4BD515-8666-49FA-9EE8-145A4A7B3F72}.Debug|Any CPU.ActiveCfg = Debug|Any CPU
		{AE4BD515-8666-49FA-9EE8-145A4A7B3F72}.Debug|Any CPU.Build.0 = Debug|Any CPU
		{AE4BD515-8666-49FA-9EE8-145A4A7B3F72}.Debug|Any CPU.Deploy.0 = Debug|Any CPU
		{AE4BD515-8666-49FA-9EE8-145A4A7B3F72}.Debug|ARM.ActiveCfg = Debug|Any CPU
		{AE4BD515-8666-49FA-9EE8-145A4A7B3F72}.Debug|ARM.Build.0 = Debug|Any CPU
		{AE4BD515-8666-49FA-9EE8-145A4A7B3F72}.Debug|ARM.Deploy.0 = Debug|Any CPU
		{AE4BD515-8666-49FA-9EE8-145A4A7B3F72}.Debug|iPhone.ActiveCfg = Debug|Any CPU
		{AE4BD515-8666-49FA-9EE8-145A4A7B3F72}.Debug|iPhone.Build.0 = Debug|Any CPU
		{AE4BD515-8666-49FA-9EE8-145A4A7B3F72}.Debug|iPhone.Deploy.0 = Debug|Any CPU
		{AE4BD515-8666-49FA-9EE8-145A4A7B3F72}.Debug|iPhoneSimulator.ActiveCfg = Debug|Any CPU
		{AE4BD515-8666-49FA-9EE8-145A4A7B3F72}.Debug|iPhoneSimulator.Build.0 = Debug|Any CPU
		{AE4BD515-8666-49FA-9EE8-145A4A7B3F72}.Debug|iPhoneSimulator.Deploy.0 = Debug|Any CPU
		{AE4BD515-8666-49FA-9EE8-145A4A7B3F72}.Debug|x64.ActiveCfg = Debug|Any CPU
		{AE4BD515-8666-49FA-9EE8-145A4A7B3F72}.Debug|x64.Build.0 = Debug|Any CPU
		{AE4BD515-8666-49FA-9EE8-145A4A7B3F72}.Debug|x64.Deploy.0 = Debug|Any CPU
		{AE4BD515-8666-49FA-9EE8-145A4A7B3F72}.Debug|x86.ActiveCfg = Debug|Any CPU
		{AE4BD515-8666-49FA-9EE8-145A4A7B3F72}.Debug|x86.Build.0 = Debug|Any CPU
		{AE4BD515-8666-49FA-9EE8-145A4A7B3F72}.Debug|x86.Deploy.0 = Debug|Any CPU
		{AE4BD515-8666-49FA-9EE8-145A4A7B3F72}.Release|Any CPU.ActiveCfg = Release|Any CPU
		{AE4BD515-8666-49FA-9EE8-145A4A7B3F72}.Release|Any CPU.Build.0 = Release|Any CPU
		{AE4BD515-8666-49FA-9EE8-145A4A7B3F72}.Release|Any CPU.Deploy.0 = Release|Any CPU
		{AE4BD515-8666-49FA-9EE8-145A4A7B3F72}.Release|ARM.ActiveCfg = Release|Any CPU
		{AE4BD515-8666-49FA-9EE8-145A4A7B3F72}.Release|ARM.Build.0 = Release|Any CPU
		{AE4BD515-8666-49FA-9EE8-145A4A7B3F72}.Release|ARM.Deploy.0 = Release|Any CPU
		{AE4BD515-8666-49FA-9EE8-145A4A7B3F72}.Release|iPhone.ActiveCfg = Release|Any CPU
		{AE4BD515-8666-49FA-9EE8-145A4A7B3F72}.Release|iPhone.Build.0 = Release|Any CPU
		{AE4BD515-8666-49FA-9EE8-145A4A7B3F72}.Release|iPhone.Deploy.0 = Release|Any CPU
		{AE4BD515-8666-49FA-9EE8-145A4A7B3F72}.Release|iPhoneSimulator.ActiveCfg = Release|Any CPU
		{AE4BD515-8666-49FA-9EE8-145A4A7B3F72}.Release|iPhoneSimulator.Build.0 = Release|Any CPU
		{AE4BD515-8666-49FA-9EE8-145A4A7B3F72}.Release|iPhoneSimulator.Deploy.0 = Release|Any CPU
		{AE4BD515-8666-49FA-9EE8-145A4A7B3F72}.Release|x64.ActiveCfg = Release|Any CPU
		{AE4BD515-8666-49FA-9EE8-145A4A7B3F72}.Release|x64.Build.0 = Release|Any CPU
		{AE4BD515-8666-49FA-9EE8-145A4A7B3F72}.Release|x64.Deploy.0 = Release|Any CPU
		{AE4BD515-8666-49FA-9EE8-145A4A7B3F72}.Release|x86.ActiveCfg = Release|Any CPU
		{AE4BD515-8666-49FA-9EE8-145A4A7B3F72}.Release|x86.Build.0 = Release|Any CPU
		{AE4BD515-8666-49FA-9EE8-145A4A7B3F72}.Release|x86.Deploy.0 = Release|Any CPU
	EndGlobalSection
	GlobalSection(SolutionProperties) = preSolution
		HideSolutionNode = FALSE
	EndGlobalSection
	GlobalSection(ExtensibilityGlobals) = postSolution
		SolutionGuid = {B0F27857-0E43-43AB-B136-0F80283EE3AE}
	EndGlobalSection
EndGlobal
