
Microsoft Visual Studio Solution File, Format Version 12.00
# Visual Studio Version 16
VisualStudioVersion = 16.0.29418.71
MinimumVisualStudioVersion = 10.0.40219.1
Project("{FAE04EC0-301F-11D3-BF4B-00C04F79EFBC}") = "RestConsole", "RestConsole\RestConsole.csproj", "{5666DA40-87E6-468F-9A27-7403FD475095}"
EndProject
Global
	GlobalSection(SolutionConfigurationPlatforms) = preSolution
		Debug|Any CPU = Debug|Any CPU
		Release|Any CPU = Release|Any CPU
	EndGlobalSection
	GlobalSection(ProjectConfigurationPlatforms) = postSolution
		{5666DA40-87E6-468F-9A27-7403FD475095}.Debug|Any CPU.ActiveCfg = Debug|Any CPU
		{5666DA40-87E6-468F-9A27-7403FD475095}.Debug|Any CPU.Build.0 = Debug|Any CPU
		{5666DA40-87E6-468F-9A27-7403FD475095}.Release|Any CPU.ActiveCfg = Release|Any CPU
		{5666DA40-87E6-468F-9A27-7403FD475095}.Release|Any CPU.Build.0 = Release|Any CPU
	EndGlobalSection
	GlobalSection(SolutionProperties) = preSolution
		HideSolutionNode = FALSE
	EndGlobalSection
	GlobalSection(ExtensibilityGlobals) = postSolution
		SolutionGuid = {80C84572-1949-4275-B2EA-52A010540001}
	EndGlobalSection
EndGlobal
