
Microsoft Visual Studio Solution File, Format Version 12.00
# Visual Studio Version 16
VisualStudioVersion = 16.0.29326.143
MinimumVisualStudioVersion = 10.0.40219.1
Project("{FAE04EC0-301F-11D3-BF4B-00C04F79EFBC}") = "Carousel.UWP", "Carousel\Carousel.UWP\Carousel.UWP.csproj", "{7AA19EF8-5F3D-402D-8F57-37B33EEAF661}"
EndProject
Project("{FAE04EC0-301F-11D3-BF4B-00C04F79EFBC}") = "Carousel.Android", "Carousel\Carousel.Android\Carousel.Android.csproj", "{660F4A87-2944-46D9-8877-DF9E85C55D78}"
EndProject
Project("{FAE04EC0-301F-11D3-BF4B-00C04F79EFBC}") = "Carousel.iOS", "Carousel\Carousel.iOS\Carousel.iOS.csproj", "{0FF2A54E-C5A4-425A-A7CF-7BF2BF6A6B9A}"
EndProject
Project("{FAE04EC0-301F-11D3-BF4B-00C04F79EFBC}") = "Carousel", "Carousel\Carousel\Carousel.csproj", "{224ACFFE-B7A8-4400-BB85-1BDAE9D1A7E4}"
EndProject
Global
	GlobalSection(SolutionConfigurationPlatforms) = preSolution
		Debug|Any CPU = Debug|Any CPU
		Debug|ARM = Debug|ARM
		Debug|iPhone = Debug|iPhone
		Debug|iPhoneSimulator = Debug|iPhoneSimulator
		Debug|x64 = Debug|x64
		Debug|x86 = Debug|x86
		Release|Any CPU = Release|Any CPU
		Release|ARM = Release|ARM
		Release|iPhone = Release|iPhone
		Release|iPhoneSimulator = Release|iPhoneSimulator
		Release|x64 = Release|x64
		Release|x86 = Release|x86
	EndGlobalSection
	GlobalSection(ProjectConfigurationPlatforms) = postSolution
		{7AA19EF8-5F3D-402D-8F57-37B33EEAF661}.Debug|Any CPU.ActiveCfg = Debug|x86
		{7AA19EF8-5F3D-402D-8F57-37B33EEAF661}.Debug|Any CPU.Build.0 = Debug|x86
		{7AA19EF8-5F3D-402D-8F57-37B33EEAF661}.Debug|Any CPU.Deploy.0 = Debug|x86
		{7AA19EF8-5F3D-402D-8F57-37B33EEAF661}.Debug|ARM.ActiveCfg = Debug|ARM
		{7AA19EF8-5F3D-402D-8F57-37B33EEAF661}.Debug|ARM.Build.0 = Debug|ARM
		{7AA19EF8-5F3D-402D-8F57-37B33EEAF661}.Debug|ARM.Deploy.0 = Debug|ARM
		{7AA19EF8-5F3D-402D-8F57-37B33EEAF661}.Debug|iPhone.ActiveCfg = Debug|x86
		{7AA19EF8-5F3D-402D-8F57-37B33EEAF661}.Debug|iPhone.Build.0 = Debug|x86
		{7AA19EF8-5F3D-402D-8F57-37B33EEAF661}.Debug|iPhone.Deploy.0 = Debug|x86
		{7AA19EF8-5F3D-402D-8F57-37B33EEAF661}.Debug|iPhoneSimulator.ActiveCfg = Debug|x86
		{7AA19EF8-5F3D-402D-8F57-37B33EEAF661}.Debug|iPhoneSimulator.Build.0 = Debug|x86
		{7AA19EF8-5F3D-402D-8F57-37B33EEAF661}.Debug|iPhoneSimulator.Deploy.0 = Debug|x86
		{7AA19EF8-5F3D-402D-8F57-37B33EEAF661}.Debug|x64.ActiveCfg = Debug|x64
		{7AA19EF8-5F3D-402D-8F57-37B33EEAF661}.Debug|x64.Build.0 = Debug|x64
		{7AA19EF8-5F3D-402D-8F57-37B33EEAF661}.Debug|x64.Deploy.0 = Debug|x64
		{7AA19EF8-5F3D-402D-8F57-37B33EEAF661}.Debug|x86.ActiveCfg = Debug|x86
		{7AA19EF8-5F3D-402D-8F57-37B33EEAF661}.Debug|x86.Build.0 = Debug|x86
		{7AA19EF8-5F3D-402D-8F57-37B33EEAF661}.Debug|x86.Deploy.0 = Debug|x86
		{7AA19EF8-5F3D-402D-8F57-37B33EEAF661}.Release|Any CPU.ActiveCfg = Release|x86
		{7AA19EF8-5F3D-402D-8F57-37B33EEAF661}.Release|Any CPU.Build.0 = Release|x86
		{7AA19EF8-5F3D-402D-8F57-37B33EEAF661}.Release|Any CPU.Deploy.0 = Release|x86
		{7AA19EF8-5F3D-402D-8F57-37B33EEAF661}.Release|ARM.ActiveCfg = Release|ARM
		{7AA19EF8-5F3D-402D-8F57-37B33EEAF661}.Release|ARM.Build.0 = Release|ARM
		{7AA19EF8-5F3D-402D-8F57-37B33EEAF661}.Release|ARM.Deploy.0 = Release|ARM
		{7AA19EF8-5F3D-402D-8F57-37B33EEAF661}.Release|iPhone.ActiveCfg = Release|x86
		{7AA19EF8-5F3D-402D-8F57-37B33EEAF661}.Release|iPhone.Build.0 = Release|x86
		{7AA19EF8-5F3D-402D-8F57-37B33EEAF661}.Release|iPhone.Deploy.0 = Release|x86
		{7AA19EF8-5F3D-402D-8F57-37B33EEAF661}.Release|iPhoneSimulator.ActiveCfg = Release|x86
		{7AA19EF8-5F3D-402D-8F57-37B33EEAF661}.Release|iPhoneSimulator.Build.0 = Release|x86
		{7AA19EF8-5F3D-402D-8F57-37B33EEAF661}.Release|iPhoneSimulator.Deploy.0 = Release|x86
		{7AA19EF8-5F3D-402D-8F57-37B33EEAF661}.Release|x64.ActiveCfg = Release|x64
		{7AA19EF8-5F3D-402D-8F57-37B33EEAF661}.Release|x64.Build.0 = Release|x64
		{7AA19EF8-5F3D-402D-8F57-37B33EEAF661}.Release|x64.Deploy.0 = Release|x64
		{7AA19EF8-5F3D-402D-8F57-37B33EEAF661}.Release|x86.ActiveCfg = Release|x86
		{7AA19EF8-5F3D-402D-8F57-37B33EEAF661}.Release|x86.Build.0 = Release|x86
		{7AA19EF8-5F3D-402D-8F57-37B33EEAF661}.Release|x86.Deploy.0 = Release|x86
		{660F4A87-2944-46D9-8877-DF9E85C55D78}.Debug|Any CPU.ActiveCfg = Debug|Any CPU
		{660F4A87-2944-46D9-8877-DF9E85C55D78}.Debug|Any CPU.Build.0 = Debug|Any CPU
		{660F4A87-2944-46D9-8877-DF9E85C55D78}.Debug|Any CPU.Deploy.0 = Debug|Any CPU
		{660F4A87-2944-46D9-8877-DF9E85C55D78}.Debug|ARM.ActiveCfg = Debug|Any CPU
		{660F4A87-2944-46D9-8877-DF9E85C55D78}.Debug|ARM.Build.0 = Debug|Any CPU
		{660F4A87-2944-46D9-8877-DF9E85C55D78}.Debug|ARM.Deploy.0 = Debug|Any CPU
		{660F4A87-2944-46D9-8877-DF9E85C55D78}.Debug|iPhone.ActiveCfg = Debug|Any CPU
		{660F4A87-2944-46D9-8877-DF9E85C55D78}.Debug|iPhone.Build.0 = Debug|Any CPU
		{660F4A87-2944-46D9-8877-DF9E85C55D78}.Debug|iPhone.Deploy.0 = Debug|Any CPU
		{660F4A87-2944-46D9-8877-DF9E85C55D78}.Debug|iPhoneSimulator.ActiveCfg = Debug|Any CPU
		{660F4A87-2944-46D9-8877-DF9E85C55D78}.Debug|iPhoneSimulator.Build.0 = Debug|Any CPU
		{660F4A87-2944-46D9-8877-DF9E85C55D78}.Debug|iPhoneSimulator.Deploy.0 = Debug|Any CPU
		{660F4A87-2944-46D9-8877-DF9E85C55D78}.Debug|x64.ActiveCfg = Debug|Any CPU
		{660F4A87-2944-46D9-8877-DF9E85C55D78}.Debug|x64.Build.0 = Debug|Any CPU
		{660F4A87-2944-46D9-8877-DF9E85C55D78}.Debug|x64.Deploy.0 = Debug|Any CPU
		{660F4A87-2944-46D9-8877-DF9E85C55D78}.Debug|x86.ActiveCfg = Debug|Any CPU
		{660F4A87-2944-46D9-8877-DF9E85C55D78}.Debug|x86.Build.0 = Debug|Any CPU
		{660F4A87-2944-46D9-8877-DF9E85C55D78}.Debug|x86.Deploy.0 = Debug|Any CPU
		{660F4A87-2944-46D9-8877-DF9E85C55D78}.Release|Any CPU.ActiveCfg = Release|Any CPU
		{660F4A87-2944-46D9-8877-DF9E85C55D78}.Release|Any CPU.Build.0 = Release|Any CPU
		{660F4A87-2944-46D9-8877-DF9E85C55D78}.Release|Any CPU.Deploy.0 = Release|Any CPU
		{660F4A87-2944-46D9-8877-DF9E85C55D78}.Release|ARM.ActiveCfg = Release|Any CPU
		{660F4A87-2944-46D9-8877-DF9E85C55D78}.Release|ARM.Build.0 = Release|Any CPU
		{660F4A87-2944-46D9-8877-DF9E85C55D78}.Release|ARM.Deploy.0 = Release|Any CPU
		{660F4A87-2944-46D9-8877-DF9E85C55D78}.Release|iPhone.ActiveCfg = Release|Any CPU
		{660F4A87-2944-46D9-8877-DF9E85C55D78}.Release|iPhone.Build.0 = Release|Any CPU
		{660F4A87-2944-46D9-8877-DF9E85C55D78}.Release|iPhone.Deploy.0 = Release|Any CPU
		{660F4A87-2944-46D9-8877-DF9E85C55D78}.Release|iPhoneSimulator.ActiveCfg = Release|Any CPU
		{660F4A87-2944-46D9-8877-DF9E85C55D78}.Release|iPhoneSimulator.Build.0 = Release|Any CPU
		{660F4A87-2944-46D9-8877-DF9E85C55D78}.Release|iPhoneSimulator.Deploy.0 = Release|Any CPU
		{660F4A87-2944-46D9-8877-DF9E85C55D78}.Release|x64.ActiveCfg = Release|Any CPU
		{660F4A87-2944-46D9-8877-DF9E85C55D78}.Release|x64.Build.0 = Release|Any CPU
		{660F4A87-2944-46D9-8877-DF9E85C55D78}.Release|x64.Deploy.0 = Release|Any CPU
		{660F4A87-2944-46D9-8877-DF9E85C55D78}.Release|x86.ActiveCfg = Release|Any CPU
		{660F4A87-2944-46D9-8877-DF9E85C55D78}.Release|x86.Build.0 = Release|Any CPU
		{660F4A87-2944-46D9-8877-DF9E85C55D78}.Release|x86.Deploy.0 = Release|Any CPU
		{0FF2A54E-C5A4-425A-A7CF-7BF2BF6A6B9A}.Debug|Any CPU.ActiveCfg = Debug|iPhone
		{0FF2A54E-C5A4-425A-A7CF-7BF2BF6A6B9A}.Debug|Any CPU.Build.0 = Debug|iPhone
		{0FF2A54E-C5A4-425A-A7CF-7BF2BF6A6B9A}.Debug|Any CPU.Deploy.0 = Debug|iPhone
		{0FF2A54E-C5A4-425A-A7CF-7BF2BF6A6B9A}.Debug|ARM.ActiveCfg = Debug|iPhoneSimulator
		{0FF2A54E-C5A4-425A-A7CF-7BF2BF6A6B9A}.Debug|ARM.Build.0 = Debug|iPhoneSimulator
		{0FF2A54E-C5A4-425A-A7CF-7BF2BF6A6B9A}.Debug|ARM.Deploy.0 = Debug|iPhoneSimulator
		{0FF2A54E-C5A4-425A-A7CF-7BF2BF6A6B9A}.Debug|iPhone.ActiveCfg = Debug|iPhone
		{0FF2A54E-C5A4-425A-A7CF-7BF2BF6A6B9A}.Debug|iPhone.Build.0 = Debug|iPhone
		{0FF2A54E-C5A4-425A-A7CF-7BF2BF6A6B9A}.Debug|iPhone.Deploy.0 = Debug|iPhone
		{0FF2A54E-C5A4-425A-A7CF-7BF2BF6A6B9A}.Debug|iPhoneSimulator.ActiveCfg = Debug|iPhoneSimulator
		{0FF2A54E-C5A4-425A-A7CF-7BF2BF6A6B9A}.Debug|iPhoneSimulator.Build.0 = Debug|iPhoneSimulator
		{0FF2A54E-C5A4-425A-A7CF-7BF2BF6A6B9A}.Debug|iPhoneSimulator.Deploy.0 = Debug|iPhoneSimulator
		{0FF2A54E-C5A4-425A-A7CF-7BF2BF6A6B9A}.Debug|x64.ActiveCfg = Debug|iPhone
		{0FF2A54E-C5A4-425A-A7CF-7BF2BF6A6B9A}.Debug|x64.Build.0 = Debug|iPhone
		{0FF2A54E-C5A4-425A-A7CF-7BF2BF6A6B9A}.Debug|x64.Deploy.0 = Debug|iPhone
		{0FF2A54E-C5A4-425A-A7CF-7BF2BF6A6B9A}.Debug|x86.ActiveCfg = Debug|iPhone
		{0FF2A54E-C5A4-425A-A7CF-7BF2BF6A6B9A}.Debug|x86.Build.0 = Debug|iPhone
		{0FF2A54E-C5A4-425A-A7CF-7BF2BF6A6B9A}.Debug|x86.Deploy.0 = Debug|iPhone
		{0FF2A54E-C5A4-425A-A7CF-7BF2BF6A6B9A}.Release|Any CPU.ActiveCfg = Release|iPhone
		{0FF2A54E-C5A4-425A-A7CF-7BF2BF6A6B9A}.Release|Any CPU.Build.0 = Release|iPhone
		{0FF2A54E-C5A4-425A-A7CF-7BF2BF6A6B9A}.Release|Any CPU.Deploy.0 = Release|iPhone
		{0FF2A54E-C5A4-425A-A7CF-7BF2BF6A6B9A}.Release|ARM.ActiveCfg = Release|iPhone
		{0FF2A54E-C5A4-425A-A7CF-7BF2BF6A6B9A}.Release|ARM.Build.0 = Release|iPhone
		{0FF2A54E-C5A4-425A-A7CF-7BF2BF6A6B9A}.Release|ARM.Deploy.0 = Release|iPhone
		{0FF2A54E-C5A4-425A-A7CF-7BF2BF6A6B9A}.Release|iPhone.ActiveCfg = Release|iPhone
		{0FF2A54E-C5A4-425A-A7CF-7BF2BF6A6B9A}.Release|iPhone.Build.0 = Release|iPhone
		{0FF2A54E-C5A4-425A-A7CF-7BF2BF6A6B9A}.Release|iPhone.Deploy.0 = Release|iPhone
		{0FF2A54E-C5A4-425A-A7CF-7BF2BF6A6B9A}.Release|iPhoneSimulator.ActiveCfg = Release|iPhoneSimulator
		{0FF2A54E-C5A4-425A-A7CF-7BF2BF6A6B9A}.Release|iPhoneSimulator.Build.0 = Release|iPhoneSimulator
		{0FF2A54E-C5A4-425A-A7CF-7BF2BF6A6B9A}.Release|iPhoneSimulator.Deploy.0 = Release|iPhoneSimulator
		{0FF2A54E-C5A4-425A-A7CF-7BF2BF6A6B9A}.Release|x64.ActiveCfg = Release|iPhone
		{0FF2A54E-C5A4-425A-A7CF-7BF2BF6A6B9A}.Release|x64.Build.0 = Release|iPhone
		{0FF2A54E-C5A4-425A-A7CF-7BF2BF6A6B9A}.Release|x64.Deploy.0 = Release|iPhone
		{0FF2A54E-C5A4-425A-A7CF-7BF2BF6A6B9A}.Release|x86.ActiveCfg = Release|iPhone
		{0FF2A54E-C5A4-425A-A7CF-7BF2BF6A6B9A}.Release|x86.Build.0 = Release|iPhone
		{0FF2A54E-C5A4-425A-A7CF-7BF2BF6A6B9A}.Release|x86.Deploy.0 = Release|iPhone
		{224ACFFE-B7A8-4400-BB85-1BDAE9D1A7E4}.Debug|Any CPU.ActiveCfg = Debug|Any CPU
		{224ACFFE-B7A8-4400-BB85-1BDAE9D1A7E4}.Debug|Any CPU.Build.0 = Debug|Any CPU
		{224ACFFE-B7A8-4400-BB85-1BDAE9D1A7E4}.Debug|Any CPU.Deploy.0 = Debug|Any CPU
		{224ACFFE-B7A8-4400-BB85-1BDAE9D1A7E4}.Debug|ARM.ActiveCfg = Debug|Any CPU
		{224ACFFE-B7A8-4400-BB85-1BDAE9D1A7E4}.Debug|ARM.Build.0 = Debug|Any CPU
		{224ACFFE-B7A8-4400-BB85-1BDAE9D1A7E4}.Debug|ARM.Deploy.0 = Debug|Any CPU
		{224ACFFE-B7A8-4400-BB85-1BDAE9D1A7E4}.Debug|iPhone.ActiveCfg = Debug|Any CPU
		{224ACFFE-B7A8-4400-BB85-1BDAE9D1A7E4}.Debug|iPhone.Build.0 = Debug|Any CPU
		{224ACFFE-B7A8-4400-BB85-1BDAE9D1A7E4}.Debug|iPhone.Deploy.0 = Debug|Any CPU
		{224ACFFE-B7A8-4400-BB85-1BDAE9D1A7E4}.Debug|iPhoneSimulator.ActiveCfg = Debug|Any CPU
		{224ACFFE-B7A8-4400-BB85-1BDAE9D1A7E4}.Debug|iPhoneSimulator.Build.0 = Debug|Any CPU
		{224ACFFE-B7A8-4400-BB85-1BDAE9D1A7E4}.Debug|iPhoneSimulator.Deploy.0 = Debug|Any CPU
		{224ACFFE-B7A8-4400-BB85-1BDAE9D1A7E4}.Debug|x64.ActiveCfg = Debug|Any CPU
		{224ACFFE-B7A8-4400-BB85-1BDAE9D1A7E4}.Debug|x64.Build.0 = Debug|Any CPU
		{224ACFFE-B7A8-4400-BB85-1BDAE9D1A7E4}.Debug|x64.Deploy.0 = Debug|Any CPU
		{224ACFFE-B7A8-4400-BB85-1BDAE9D1A7E4}.Debug|x86.ActiveCfg = Debug|Any CPU
		{224ACFFE-B7A8-4400-BB85-1BDAE9D1A7E4}.Debug|x86.Build.0 = Debug|Any CPU
		{224ACFFE-B7A8-4400-BB85-1BDAE9D1A7E4}.Debug|x86.Deploy.0 = Debug|Any CPU
		{224ACFFE-B7A8-4400-BB85-1BDAE9D1A7E4}.Release|Any CPU.ActiveCfg = Release|Any CPU
		{224ACFFE-B7A8-4400-BB85-1BDAE9D1A7E4}.Release|Any CPU.Build.0 = Release|Any CPU
		{224ACFFE-B7A8-4400-BB85-1BDAE9D1A7E4}.Release|Any CPU.Deploy.0 = Release|Any CPU
		{224ACFFE-B7A8-4400-BB85-1BDAE9D1A7E4}.Release|ARM.ActiveCfg = Release|Any CPU
		{224ACFFE-B7A8-4400-BB85-1BDAE9D1A7E4}.Release|ARM.Build.0 = Release|Any CPU
		{224ACFFE-B7A8-4400-BB85-1BDAE9D1A7E4}.Release|ARM.Deploy.0 = Release|Any CPU
		{224ACFFE-B7A8-4400-BB85-1BDAE9D1A7E4}.Release|iPhone.ActiveCfg = Release|Any CPU
		{224ACFFE-B7A8-4400-BB85-1BDAE9D1A7E4}.Release|iPhone.Build.0 = Release|Any CPU
		{224ACFFE-B7A8-4400-BB85-1BDAE9D1A7E4}.Release|iPhone.Deploy.0 = Release|Any CPU
		{224ACFFE-B7A8-4400-BB85-1BDAE9D1A7E4}.Release|iPhoneSimulator.ActiveCfg = Release|Any CPU
		{224ACFFE-B7A8-4400-BB85-1BDAE9D1A7E4}.Release|iPhoneSimulator.Build.0 = Release|Any CPU
		{224ACFFE-B7A8-4400-BB85-1BDAE9D1A7E4}.Release|iPhoneSimulator.Deploy.0 = Release|Any CPU
		{224ACFFE-B7A8-4400-BB85-1BDAE9D1A7E4}.Release|x64.ActiveCfg = Release|Any CPU
		{224ACFFE-B7A8-4400-BB85-1BDAE9D1A7E4}.Release|x64.Build.0 = Release|Any CPU
		{224ACFFE-B7A8-4400-BB85-1BDAE9D1A7E4}.Release|x64.Deploy.0 = Release|Any CPU
		{224ACFFE-B7A8-4400-BB85-1BDAE9D1A7E4}.Release|x86.ActiveCfg = Release|Any CPU
		{224ACFFE-B7A8-4400-BB85-1BDAE9D1A7E4}.Release|x86.Build.0 = Release|Any CPU
		{224ACFFE-B7A8-4400-BB85-1BDAE9D1A7E4}.Release|x86.Deploy.0 = Release|Any CPU
	EndGlobalSection
	GlobalSection(SolutionProperties) = preSolution
		HideSolutionNode = FALSE
	EndGlobalSection
	GlobalSection(ExtensibilityGlobals) = postSolution
		SolutionGuid = {E3AE2395-F681-428B-9D83-2CC6A764F809}
	EndGlobalSection
EndGlobal
