
Microsoft Visual Studio Solution File, Format Version 12.00
# Visual Studio Version 16
VisualStudioVersion = 16.0.29806.167
MinimumVisualStudioVersion = 10.0.40219.1
Project("{FAE04EC0-301F-11D3-BF4B-00C04F79EFBC}") = "RelLayout.UWP", "RelLayout\RelLayout.UWP\RelLayout.UWP.csproj", "{9CADBC46-1B66-4742-988E-5D11AF80D92F}"
EndProject
Project("{FAE04EC0-301F-11D3-BF4B-00C04F79EFBC}") = "RelLayout.Android", "RelLayout\RelLayout.Android\RelLayout.Android.csproj", "{9703631C-1130-4C35-BF5E-050F95645A75}"
EndProject
Project("{FAE04EC0-301F-11D3-BF4B-00C04F79EFBC}") = "RelLayout.iOS", "RelLayout\RelLayout.iOS\RelLayout.iOS.csproj", "{711E91AA-7C7F-4EDE-828E-258A2E8D354D}"
EndProject
Project("{9A19103F-16F7-4668-BE54-9A1E7A4F7556}") = "RelLayout", "RelLayout\RelLayout\RelLayout.csproj", "{7C336B9C-2033-4643-82DC-E91A80A910BF}"
EndProject
Global
	GlobalSection(SolutionConfigurationPlatforms) = preSolution
		Debug|Any CPU = Debug|Any CPU
		Debug|ARM = Debug|ARM
		Debug|iPhone = Debug|iPhone
		Debug|iPhoneSimulator = Debug|iPhoneSimulator
		Debug|x64 = Debug|x64
		Debug|x86 = Debug|x86
		Release|Any CPU = Release|Any CPU
		Release|ARM = Release|ARM
		Release|iPhone = Release|iPhone
		Release|iPhoneSimulator = Release|iPhoneSimulator
		Release|x64 = Release|x64
		Release|x86 = Release|x86
	EndGlobalSection
	GlobalSection(ProjectConfigurationPlatforms) = postSolution
		{9CADBC46-1B66-4742-988E-5D11AF80D92F}.Debug|Any CPU.ActiveCfg = Debug|x86
		{9CADBC46-1B66-4742-988E-5D11AF80D92F}.Debug|Any CPU.Build.0 = Debug|x86
		{9CADBC46-1B66-4742-988E-5D11AF80D92F}.Debug|Any CPU.Deploy.0 = Debug|x86
		{9CADBC46-1B66-4742-988E-5D11AF80D92F}.Debug|ARM.ActiveCfg = Debug|ARM
		{9CADBC46-1B66-4742-988E-5D11AF80D92F}.Debug|ARM.Build.0 = Debug|ARM
		{9CADBC46-1B66-4742-988E-5D11AF80D92F}.Debug|ARM.Deploy.0 = Debug|ARM
		{9CADBC46-1B66-4742-988E-5D11AF80D92F}.Debug|iPhone.ActiveCfg = Debug|x86
		{9CADBC46-1B66-4742-988E-5D11AF80D92F}.Debug|iPhone.Build.0 = Debug|x86
		{9CADBC46-1B66-4742-988E-5D11AF80D92F}.Debug|iPhone.Deploy.0 = Debug|x86
		{9CADBC46-1B66-4742-988E-5D11AF80D92F}.Debug|iPhoneSimulator.ActiveCfg = Debug|x86
		{9CADBC46-1B66-4742-988E-5D11AF80D92F}.Debug|iPhoneSimulator.Build.0 = Debug|x86
		{9CADBC46-1B66-4742-988E-5D11AF80D92F}.Debug|iPhoneSimulator.Deploy.0 = Debug|x86
		{9CADBC46-1B66-4742-988E-5D11AF80D92F}.Debug|x64.ActiveCfg = Debug|x64
		{9CADBC46-1B66-4742-988E-5D11AF80D92F}.Debug|x64.Build.0 = Debug|x64
		{9CADBC46-1B66-4742-988E-5D11AF80D92F}.Debug|x64.Deploy.0 = Debug|x64
		{9CADBC46-1B66-4742-988E-5D11AF80D92F}.Debug|x86.ActiveCfg = Debug|x86
		{9CADBC46-1B66-4742-988E-5D11AF80D92F}.Debug|x86.Build.0 = Debug|x86
		{9CADBC46-1B66-4742-988E-5D11AF80D92F}.Debug|x86.Deploy.0 = Debug|x86
		{9CADBC46-1B66-4742-988E-5D11AF80D92F}.Release|Any CPU.ActiveCfg = Release|x86
		{9CADBC46-1B66-4742-988E-5D11AF80D92F}.Release|Any CPU.Build.0 = Release|x86
		{9CADBC46-1B66-4742-988E-5D11AF80D92F}.Release|Any CPU.Deploy.0 = Release|x86
		{9CADBC46-1B66-4742-988E-5D11AF80D92F}.Release|ARM.ActiveCfg = Release|ARM
		{9CADBC46-1B66-4742-988E-5D11AF80D92F}.Release|ARM.Build.0 = Release|ARM
		{9CADBC46-1B66-4742-988E-5D11AF80D92F}.Release|ARM.Deploy.0 = Release|ARM
		{9CADBC46-1B66-4742-988E-5D11AF80D92F}.Release|iPhone.ActiveCfg = Release|x86
		{9CADBC46-1B66-4742-988E-5D11AF80D92F}.Release|iPhone.Build.0 = Release|x86
		{9CADBC46-1B66-4742-988E-5D11AF80D92F}.Release|iPhone.Deploy.0 = Release|x86
		{9CADBC46-1B66-4742-988E-5D11AF80D92F}.Release|iPhoneSimulator.ActiveCfg = Release|x86
		{9CADBC46-1B66-4742-988E-5D11AF80D92F}.Release|iPhoneSimulator.Build.0 = Release|x86
		{9CADBC46-1B66-4742-988E-5D11AF80D92F}.Release|iPhoneSimulator.Deploy.0 = Release|x86
		{9CADBC46-1B66-4742-988E-5D11AF80D92F}.Release|x64.ActiveCfg = Release|x64
		{9CADBC46-1B66-4742-988E-5D11AF80D92F}.Release|x64.Build.0 = Release|x64
		{9CADBC46-1B66-4742-988E-5D11AF80D92F}.Release|x64.Deploy.0 = Release|x64
		{9CADBC46-1B66-4742-988E-5D11AF80D92F}.Release|x86.ActiveCfg = Release|x86
		{9CADBC46-1B66-4742-988E-5D11AF80D92F}.Release|x86.Build.0 = Release|x86
		{9CADBC46-1B66-4742-988E-5D11AF80D92F}.Release|x86.Deploy.0 = Release|x86
		{9703631C-1130-4C35-BF5E-050F95645A75}.Debug|Any CPU.ActiveCfg = Debug|Any CPU
		{9703631C-1130-4C35-BF5E-050F95645A75}.Debug|Any CPU.Build.0 = Debug|Any CPU
		{9703631C-1130-4C35-BF5E-050F95645A75}.Debug|Any CPU.Deploy.0 = Debug|Any CPU
		{9703631C-1130-4C35-BF5E-050F95645A75}.Debug|ARM.ActiveCfg = Debug|Any CPU
		{9703631C-1130-4C35-BF5E-050F95645A75}.Debug|ARM.Build.0 = Debug|Any CPU
		{9703631C-1130-4C35-BF5E-050F95645A75}.Debug|ARM.Deploy.0 = Debug|Any CPU
		{9703631C-1130-4C35-BF5E-050F95645A75}.Debug|iPhone.ActiveCfg = Debug|Any CPU
		{9703631C-1130-4C35-BF5E-050F95645A75}.Debug|iPhone.Build.0 = Debug|Any CPU
		{9703631C-1130-4C35-BF5E-050F95645A75}.Debug|iPhone.Deploy.0 = Debug|Any CPU
		{9703631C-1130-4C35-BF5E-050F95645A75}.Debug|iPhoneSimulator.ActiveCfg = Debug|Any CPU
		{9703631C-1130-4C35-BF5E-050F95645A75}.Debug|iPhoneSimulator.Build.0 = Debug|Any CPU
		{9703631C-1130-4C35-BF5E-050F95645A75}.Debug|iPhoneSimulator.Deploy.0 = Debug|Any CPU
		{9703631C-1130-4C35-BF5E-050F95645A75}.Debug|x64.ActiveCfg = Debug|Any CPU
		{9703631C-1130-4C35-BF5E-050F95645A75}.Debug|x64.Build.0 = Debug|Any CPU
		{9703631C-1130-4C35-BF5E-050F95645A75}.Debug|x64.Deploy.0 = Debug|Any CPU
		{9703631C-1130-4C35-BF5E-050F95645A75}.Debug|x86.ActiveCfg = Debug|Any CPU
		{9703631C-1130-4C35-BF5E-050F95645A75}.Debug|x86.Build.0 = Debug|Any CPU
		{9703631C-1130-4C35-BF5E-050F95645A75}.Debug|x86.Deploy.0 = Debug|Any CPU
		{9703631C-1130-4C35-BF5E-050F95645A75}.Release|Any CPU.ActiveCfg = Release|Any CPU
		{9703631C-1130-4C35-BF5E-050F95645A75}.Release|Any CPU.Build.0 = Release|Any CPU
		{9703631C-1130-4C35-BF5E-050F95645A75}.Release|Any CPU.Deploy.0 = Release|Any CPU
		{9703631C-1130-4C35-BF5E-050F95645A75}.Release|ARM.ActiveCfg = Release|Any CPU
		{9703631C-1130-4C35-BF5E-050F95645A75}.Release|ARM.Build.0 = Release|Any CPU
		{9703631C-1130-4C35-BF5E-050F95645A75}.Release|ARM.Deploy.0 = Release|Any CPU
		{9703631C-1130-4C35-BF5E-050F95645A75}.Release|iPhone.ActiveCfg = Release|Any CPU
		{9703631C-1130-4C35-BF5E-050F95645A75}.Release|iPhone.Build.0 = Release|Any CPU
		{9703631C-1130-4C35-BF5E-050F95645A75}.Release|iPhone.Deploy.0 = Release|Any CPU
		{9703631C-1130-4C35-BF5E-050F95645A75}.Release|iPhoneSimulator.ActiveCfg = Release|Any CPU
		{9703631C-1130-4C35-BF5E-050F95645A75}.Release|iPhoneSimulator.Build.0 = Release|Any CPU
		{9703631C-1130-4C35-BF5E-050F95645A75}.Release|iPhoneSimulator.Deploy.0 = Release|Any CPU
		{9703631C-1130-4C35-BF5E-050F95645A75}.Release|x64.ActiveCfg = Release|Any CPU
		{9703631C-1130-4C35-BF5E-050F95645A75}.Release|x64.Build.0 = Release|Any CPU
		{9703631C-1130-4C35-BF5E-050F95645A75}.Release|x64.Deploy.0 = Release|Any CPU
		{9703631C-1130-4C35-BF5E-050F95645A75}.Release|x86.ActiveCfg = Release|Any CPU
		{9703631C-1130-4C35-BF5E-050F95645A75}.Release|x86.Build.0 = Release|Any CPU
		{9703631C-1130-4C35-BF5E-050F95645A75}.Release|x86.Deploy.0 = Release|Any CPU
		{711E91AA-7C7F-4EDE-828E-258A2E8D354D}.Debug|Any CPU.ActiveCfg = Debug|iPhone
		{711E91AA-7C7F-4EDE-828E-258A2E8D354D}.Debug|Any CPU.Build.0 = Debug|iPhone
		{711E91AA-7C7F-4EDE-828E-258A2E8D354D}.Debug|Any CPU.Deploy.0 = Debug|iPhone
		{711E91AA-7C7F-4EDE-828E-258A2E8D354D}.Debug|ARM.ActiveCfg = Debug|iPhoneSimulator
		{711E91AA-7C7F-4EDE-828E-258A2E8D354D}.Debug|ARM.Build.0 = Debug|iPhoneSimulator
		{711E91AA-7C7F-4EDE-828E-258A2E8D354D}.Debug|ARM.Deploy.0 = Debug|iPhoneSimulator
		{711E91AA-7C7F-4EDE-828E-258A2E8D354D}.Debug|iPhone.ActiveCfg = Debug|iPhone
		{711E91AA-7C7F-4EDE-828E-258A2E8D354D}.Debug|iPhone.Build.0 = Debug|iPhone
		{711E91AA-7C7F-4EDE-828E-258A2E8D354D}.Debug|iPhone.Deploy.0 = Debug|iPhone
		{711E91AA-7C7F-4EDE-828E-258A2E8D354D}.Debug|iPhoneSimulator.ActiveCfg = Debug|iPhoneSimulator
		{711E91AA-7C7F-4EDE-828E-258A2E8D354D}.Debug|iPhoneSimulator.Build.0 = Debug|iPhoneSimulator
		{711E91AA-7C7F-4EDE-828E-258A2E8D354D}.Debug|iPhoneSimulator.Deploy.0 = Debug|iPhoneSimulator
		{711E91AA-7C7F-4EDE-828E-258A2E8D354D}.Debug|x64.ActiveCfg = Debug|iPhone
		{711E91AA-7C7F-4EDE-828E-258A2E8D354D}.Debug|x64.Build.0 = Debug|iPhone
		{711E91AA-7C7F-4EDE-828E-258A2E8D354D}.Debug|x64.Deploy.0 = Debug|iPhone
		{711E91AA-7C7F-4EDE-828E-258A2E8D354D}.Debug|x86.ActiveCfg = Debug|iPhone
		{711E91AA-7C7F-4EDE-828E-258A2E8D354D}.Debug|x86.Build.0 = Debug|iPhone
		{711E91AA-7C7F-4EDE-828E-258A2E8D354D}.Debug|x86.Deploy.0 = Debug|iPhone
		{711E91AA-7C7F-4EDE-828E-258A2E8D354D}.Release|Any CPU.ActiveCfg = Release|iPhone
		{711E91AA-7C7F-4EDE-828E-258A2E8D354D}.Release|Any CPU.Build.0 = Release|iPhone
		{711E91AA-7C7F-4EDE-828E-258A2E8D354D}.Release|Any CPU.Deploy.0 = Release|iPhone
		{711E91AA-7C7F-4EDE-828E-258A2E8D354D}.Release|ARM.ActiveCfg = Release|iPhone
		{711E91AA-7C7F-4EDE-828E-258A2E8D354D}.Release|ARM.Build.0 = Release|iPhone
		{711E91AA-7C7F-4EDE-828E-258A2E8D354D}.Release|ARM.Deploy.0 = Release|iPhone
		{711E91AA-7C7F-4EDE-828E-258A2E8D354D}.Release|iPhone.ActiveCfg = Release|iPhone
		{711E91AA-7C7F-4EDE-828E-258A2E8D354D}.Release|iPhone.Build.0 = Release|iPhone
		{711E91AA-7C7F-4EDE-828E-258A2E8D354D}.Release|iPhone.Deploy.0 = Release|iPhone
		{711E91AA-7C7F-4EDE-828E-258A2E8D354D}.Release|iPhoneSimulator.ActiveCfg = Release|iPhoneSimulator
		{711E91AA-7C7F-4EDE-828E-258A2E8D354D}.Release|iPhoneSimulator.Build.0 = Release|iPhoneSimulator
		{711E91AA-7C7F-4EDE-828E-258A2E8D354D}.Release|iPhoneSimulator.Deploy.0 = Release|iPhoneSimulator
		{711E91AA-7C7F-4EDE-828E-258A2E8D354D}.Release|x64.ActiveCfg = Release|iPhone
		{711E91AA-7C7F-4EDE-828E-258A2E8D354D}.Release|x64.Build.0 = Release|iPhone
		{711E91AA-7C7F-4EDE-828E-258A2E8D354D}.Release|x64.Deploy.0 = Release|iPhone
		{711E91AA-7C7F-4EDE-828E-258A2E8D354D}.Release|x86.ActiveCfg = Release|iPhone
		{711E91AA-7C7F-4EDE-828E-258A2E8D354D}.Release|x86.Build.0 = Release|iPhone
		{711E91AA-7C7F-4EDE-828E-258A2E8D354D}.Release|x86.Deploy.0 = Release|iPhone
		{7C336B9C-2033-4643-82DC-E91A80A910BF}.Debug|Any CPU.ActiveCfg = Debug|Any CPU
		{7C336B9C-2033-4643-82DC-E91A80A910BF}.Debug|Any CPU.Build.0 = Debug|Any CPU
		{7C336B9C-2033-4643-82DC-E91A80A910BF}.Debug|Any CPU.Deploy.0 = Debug|Any CPU
		{7C336B9C-2033-4643-82DC-E91A80A910BF}.Debug|ARM.ActiveCfg = Debug|Any CPU
		{7C336B9C-2033-4643-82DC-E91A80A910BF}.Debug|ARM.Build.0 = Debug|Any CPU
		{7C336B9C-2033-4643-82DC-E91A80A910BF}.Debug|ARM.Deploy.0 = Debug|Any CPU
		{7C336B9C-2033-4643-82DC-E91A80A910BF}.Debug|iPhone.ActiveCfg = Debug|Any CPU
		{7C336B9C-2033-4643-82DC-E91A80A910BF}.Debug|iPhone.Build.0 = Debug|Any CPU
		{7C336B9C-2033-4643-82DC-E91A80A910BF}.Debug|iPhone.Deploy.0 = Debug|Any CPU
		{7C336B9C-2033-4643-82DC-E91A80A910BF}.Debug|iPhoneSimulator.ActiveCfg = Debug|Any CPU
		{7C336B9C-2033-4643-82DC-E91A80A910BF}.Debug|iPhoneSimulator.Build.0 = Debug|Any CPU
		{7C336B9C-2033-4643-82DC-E91A80A910BF}.Debug|iPhoneSimulator.Deploy.0 = Debug|Any CPU
		{7C336B9C-2033-4643-82DC-E91A80A910BF}.Debug|x64.ActiveCfg = Debug|Any CPU
		{7C336B9C-2033-4643-82DC-E91A80A910BF}.Debug|x64.Build.0 = Debug|Any CPU
		{7C336B9C-2033-4643-82DC-E91A80A910BF}.Debug|x64.Deploy.0 = Debug|Any CPU
		{7C336B9C-2033-4643-82DC-E91A80A910BF}.Debug|x86.ActiveCfg = Debug|Any CPU
		{7C336B9C-2033-4643-82DC-E91A80A910BF}.Debug|x86.Build.0 = Debug|Any CPU
		{7C336B9C-2033-4643-82DC-E91A80A910BF}.Debug|x86.Deploy.0 = Debug|Any CPU
		{7C336B9C-2033-4643-82DC-E91A80A910BF}.Release|Any CPU.ActiveCfg = Release|Any CPU
		{7C336B9C-2033-4643-82DC-E91A80A910BF}.Release|Any CPU.Build.0 = Release|Any CPU
		{7C336B9C-2033-4643-82DC-E91A80A910BF}.Release|Any CPU.Deploy.0 = Release|Any CPU
		{7C336B9C-2033-4643-82DC-E91A80A910BF}.Release|ARM.ActiveCfg = Release|Any CPU
		{7C336B9C-2033-4643-82DC-E91A80A910BF}.Release|ARM.Build.0 = Release|Any CPU
		{7C336B9C-2033-4643-82DC-E91A80A910BF}.Release|ARM.Deploy.0 = Release|Any CPU
		{7C336B9C-2033-4643-82DC-E91A80A910BF}.Release|iPhone.ActiveCfg = Release|Any CPU
		{7C336B9C-2033-4643-82DC-E91A80A910BF}.Release|iPhone.Build.0 = Release|Any CPU
		{7C336B9C-2033-4643-82DC-E91A80A910BF}.Release|iPhone.Deploy.0 = Release|Any CPU
		{7C336B9C-2033-4643-82DC-E91A80A910BF}.Release|iPhoneSimulator.ActiveCfg = Release|Any CPU
		{7C336B9C-2033-4643-82DC-E91A80A910BF}.Release|iPhoneSimulator.Build.0 = Release|Any CPU
		{7C336B9C-2033-4643-82DC-E91A80A910BF}.Release|iPhoneSimulator.Deploy.0 = Release|Any CPU
		{7C336B9C-2033-4643-82DC-E91A80A910BF}.Release|x64.ActiveCfg = Release|Any CPU
		{7C336B9C-2033-4643-82DC-E91A80A910BF}.Release|x64.Build.0 = Release|Any CPU
		{7C336B9C-2033-4643-82DC-E91A80A910BF}.Release|x64.Deploy.0 = Release|Any CPU
		{7C336B9C-2033-4643-82DC-E91A80A910BF}.Release|x86.ActiveCfg = Release|Any CPU
		{7C336B9C-2033-4643-82DC-E91A80A910BF}.Release|x86.Build.0 = Release|Any CPU
		{7C336B9C-2033-4643-82DC-E91A80A910BF}.Release|x86.Deploy.0 = Release|Any CPU
	EndGlobalSection
	GlobalSection(SolutionProperties) = preSolution
		HideSolutionNode = FALSE
	EndGlobalSection
	GlobalSection(ExtensibilityGlobals) = postSolution
		SolutionGuid = {FD7FF99E-48B1-4CDE-82F0-69531A7564D0}
	EndGlobalSection
EndGlobal
