
Microsoft Visual Studio Solution File, Format Version 12.00
# Visual Studio Version 16
VisualStudioVersion = 16.0.31402.337
MinimumVisualStudioVersion = 10.0.40219.1
Project("{FAE04EC0-301F-11D3-BF4B-00C04F79EFBC}") = "SoundApp.UWP", "SoundApp\SoundApp.UWP\SoundApp.UWP.csproj", "{893DA35C-0D16-41B2-955A-B9412726295D}"
EndProject
Project("{FAE04EC0-301F-11D3-BF4B-00C04F79EFBC}") = "SoundApp.Android", "SoundApp\SoundApp.Android\SoundApp.Android.csproj", "{D7D36E83-3219-4AC4-B3BC-FCA66B00FEFA}"
EndProject
Project("{FAE04EC0-301F-11D3-BF4B-00C04F79EFBC}") = "SoundApp.iOS", "SoundApp\SoundApp.iOS\SoundApp.iOS.csproj", "{1024B3F2-F93D-4C9C-85AB-4A9903944D2B}"
EndProject
Project("{FAE04EC0-301F-11D3-BF4B-00C04F79EFBC}") = "SoundApp", "SoundApp\SoundApp\SoundApp.csproj", "{D7329F1C-1D18-4E76-8590-DBD740A8018F}"
EndProject
Global
	GlobalSection(SolutionConfigurationPlatforms) = preSolution
		Debug|Any CPU = Debug|Any CPU
		Debug|ARM = Debug|ARM
		Debug|iPhone = Debug|iPhone
		Debug|iPhoneSimulator = Debug|iPhoneSimulator
		Debug|x64 = Debug|x64
		Debug|x86 = Debug|x86
		Release|Any CPU = Release|Any CPU
		Release|ARM = Release|ARM
		Release|iPhone = Release|iPhone
		Release|iPhoneSimulator = Release|iPhoneSimulator
		Release|x64 = Release|x64
		Release|x86 = Release|x86
	EndGlobalSection
	GlobalSection(ProjectConfigurationPlatforms) = postSolution
		{893DA35C-0D16-41B2-955A-B9412726295D}.Debug|Any CPU.ActiveCfg = Debug|x86
		{893DA35C-0D16-41B2-955A-B9412726295D}.Debug|Any CPU.Build.0 = Debug|x86
		{893DA35C-0D16-41B2-955A-B9412726295D}.Debug|Any CPU.Deploy.0 = Debug|x86
		{893DA35C-0D16-41B2-955A-B9412726295D}.Debug|ARM.ActiveCfg = Debug|ARM
		{893DA35C-0D16-41B2-955A-B9412726295D}.Debug|ARM.Build.0 = Debug|ARM
		{893DA35C-0D16-41B2-955A-B9412726295D}.Debug|ARM.Deploy.0 = Debug|ARM
		{893DA35C-0D16-41B2-955A-B9412726295D}.Debug|iPhone.ActiveCfg = Debug|x86
		{893DA35C-0D16-41B2-955A-B9412726295D}.Debug|iPhone.Build.0 = Debug|x86
		{893DA35C-0D16-41B2-955A-B9412726295D}.Debug|iPhone.Deploy.0 = Debug|x86
		{893DA35C-0D16-41B2-955A-B9412726295D}.Debug|iPhoneSimulator.ActiveCfg = Debug|x86
		{893DA35C-0D16-41B2-955A-B9412726295D}.Debug|iPhoneSimulator.Build.0 = Debug|x86
		{893DA35C-0D16-41B2-955A-B9412726295D}.Debug|iPhoneSimulator.Deploy.0 = Debug|x86
		{893DA35C-0D16-41B2-955A-B9412726295D}.Debug|x64.ActiveCfg = Debug|x64
		{893DA35C-0D16-41B2-955A-B9412726295D}.Debug|x64.Build.0 = Debug|x64
		{893DA35C-0D16-41B2-955A-B9412726295D}.Debug|x64.Deploy.0 = Debug|x64
		{893DA35C-0D16-41B2-955A-B9412726295D}.Debug|x86.ActiveCfg = Debug|x86
		{893DA35C-0D16-41B2-955A-B9412726295D}.Debug|x86.Build.0 = Debug|x86
		{893DA35C-0D16-41B2-955A-B9412726295D}.Debug|x86.Deploy.0 = Debug|x86
		{893DA35C-0D16-41B2-955A-B9412726295D}.Release|Any CPU.ActiveCfg = Release|x86
		{893DA35C-0D16-41B2-955A-B9412726295D}.Release|Any CPU.Build.0 = Release|x86
		{893DA35C-0D16-41B2-955A-B9412726295D}.Release|Any CPU.Deploy.0 = Release|x86
		{893DA35C-0D16-41B2-955A-B9412726295D}.Release|ARM.ActiveCfg = Release|ARM
		{893DA35C-0D16-41B2-955A-B9412726295D}.Release|ARM.Build.0 = Release|ARM
		{893DA35C-0D16-41B2-955A-B9412726295D}.Release|ARM.Deploy.0 = Release|ARM
		{893DA35C-0D16-41B2-955A-B9412726295D}.Release|iPhone.ActiveCfg = Release|x86
		{893DA35C-0D16-41B2-955A-B9412726295D}.Release|iPhone.Build.0 = Release|x86
		{893DA35C-0D16-41B2-955A-B9412726295D}.Release|iPhone.Deploy.0 = Release|x86
		{893DA35C-0D16-41B2-955A-B9412726295D}.Release|iPhoneSimulator.ActiveCfg = Release|x86
		{893DA35C-0D16-41B2-955A-B9412726295D}.Release|iPhoneSimulator.Build.0 = Release|x86
		{893DA35C-0D16-41B2-955A-B9412726295D}.Release|iPhoneSimulator.Deploy.0 = Release|x86
		{893DA35C-0D16-41B2-955A-B9412726295D}.Release|x64.ActiveCfg = Release|x64
		{893DA35C-0D16-41B2-955A-B9412726295D}.Release|x64.Build.0 = Release|x64
		{893DA35C-0D16-41B2-955A-B9412726295D}.Release|x64.Deploy.0 = Release|x64
		{893DA35C-0D16-41B2-955A-B9412726295D}.Release|x86.ActiveCfg = Release|x86
		{893DA35C-0D16-41B2-955A-B9412726295D}.Release|x86.Build.0 = Release|x86
		{893DA35C-0D16-41B2-955A-B9412726295D}.Release|x86.Deploy.0 = Release|x86
		{D7D36E83-3219-4AC4-B3BC-FCA66B00FEFA}.Debug|Any CPU.ActiveCfg = Debug|Any CPU
		{D7D36E83-3219-4AC4-B3BC-FCA66B00FEFA}.Debug|Any CPU.Build.0 = Debug|Any CPU
		{D7D36E83-3219-4AC4-B3BC-FCA66B00FEFA}.Debug|Any CPU.Deploy.0 = Debug|Any CPU
		{D7D36E83-3219-4AC4-B3BC-FCA66B00FEFA}.Debug|ARM.ActiveCfg = Debug|Any CPU
		{D7D36E83-3219-4AC4-B3BC-FCA66B00FEFA}.Debug|ARM.Build.0 = Debug|Any CPU
		{D7D36E83-3219-4AC4-B3BC-FCA66B00FEFA}.Debug|ARM.Deploy.0 = Debug|Any CPU
		{D7D36E83-3219-4AC4-B3BC-FCA66B00FEFA}.Debug|iPhone.ActiveCfg = Debug|Any CPU
		{D7D36E83-3219-4AC4-B3BC-FCA66B00FEFA}.Debug|iPhone.Build.0 = Debug|Any CPU
		{D7D36E83-3219-4AC4-B3BC-FCA66B00FEFA}.Debug|iPhone.Deploy.0 = Debug|Any CPU
		{D7D36E83-3219-4AC4-B3BC-FCA66B00FEFA}.Debug|iPhoneSimulator.ActiveCfg = Debug|Any CPU
		{D7D36E83-3219-4AC4-B3BC-FCA66B00FEFA}.Debug|iPhoneSimulator.Build.0 = Debug|Any CPU
		{D7D36E83-3219-4AC4-B3BC-FCA66B00FEFA}.Debug|iPhoneSimulator.Deploy.0 = Debug|Any CPU
		{D7D36E83-3219-4AC4-B3BC-FCA66B00FEFA}.Debug|x64.ActiveCfg = Debug|Any CPU
		{D7D36E83-3219-4AC4-B3BC-FCA66B00FEFA}.Debug|x64.Build.0 = Debug|Any CPU
		{D7D36E83-3219-4AC4-B3BC-FCA66B00FEFA}.Debug|x64.Deploy.0 = Debug|Any CPU
		{D7D36E83-3219-4AC4-B3BC-FCA66B00FEFA}.Debug|x86.ActiveCfg = Debug|Any CPU
		{D7D36E83-3219-4AC4-B3BC-FCA66B00FEFA}.Debug|x86.Build.0 = Debug|Any CPU
		{D7D36E83-3219-4AC4-B3BC-FCA66B00FEFA}.Debug|x86.Deploy.0 = Debug|Any CPU
		{D7D36E83-3219-4AC4-B3BC-FCA66B00FEFA}.Release|Any CPU.ActiveCfg = Release|Any CPU
		{D7D36E83-3219-4AC4-B3BC-FCA66B00FEFA}.Release|Any CPU.Build.0 = Release|Any CPU
		{D7D36E83-3219-4AC4-B3BC-FCA66B00FEFA}.Release|Any CPU.Deploy.0 = Release|Any CPU
		{D7D36E83-3219-4AC4-B3BC-FCA66B00FEFA}.Release|ARM.ActiveCfg = Release|Any CPU
		{D7D36E83-3219-4AC4-B3BC-FCA66B00FEFA}.Release|ARM.Build.0 = Release|Any CPU
		{D7D36E83-3219-4AC4-B3BC-FCA66B00FEFA}.Release|ARM.Deploy.0 = Release|Any CPU
		{D7D36E83-3219-4AC4-B3BC-FCA66B00FEFA}.Release|iPhone.ActiveCfg = Release|Any CPU
		{D7D36E83-3219-4AC4-B3BC-FCA66B00FEFA}.Release|iPhone.Build.0 = Release|Any CPU
		{D7D36E83-3219-4AC4-B3BC-FCA66B00FEFA}.Release|iPhone.Deploy.0 = Release|Any CPU
		{D7D36E83-3219-4AC4-B3BC-FCA66B00FEFA}.Release|iPhoneSimulator.ActiveCfg = Release|Any CPU
		{D7D36E83-3219-4AC4-B3BC-FCA66B00FEFA}.Release|iPhoneSimulator.Build.0 = Release|Any CPU
		{D7D36E83-3219-4AC4-B3BC-FCA66B00FEFA}.Release|iPhoneSimulator.Deploy.0 = Release|Any CPU
		{D7D36E83-3219-4AC4-B3BC-FCA66B00FEFA}.Release|x64.ActiveCfg = Release|Any CPU
		{D7D36E83-3219-4AC4-B3BC-FCA66B00FEFA}.Release|x64.Build.0 = Release|Any CPU
		{D7D36E83-3219-4AC4-B3BC-FCA66B00FEFA}.Release|x64.Deploy.0 = Release|Any CPU
		{D7D36E83-3219-4AC4-B3BC-FCA66B00FEFA}.Release|x86.ActiveCfg = Release|Any CPU
		{D7D36E83-3219-4AC4-B3BC-FCA66B00FEFA}.Release|x86.Build.0 = Release|Any CPU
		{D7D36E83-3219-4AC4-B3BC-FCA66B00FEFA}.Release|x86.Deploy.0 = Release|Any CPU
		{1024B3F2-F93D-4C9C-85AB-4A9903944D2B}.Debug|Any CPU.ActiveCfg = Debug|iPhoneSimulator
		{1024B3F2-F93D-4C9C-85AB-4A9903944D2B}.Debug|Any CPU.Build.0 = Debug|iPhoneSimulator
		{1024B3F2-F93D-4C9C-85AB-4A9903944D2B}.Debug|Any CPU.Deploy.0 = Debug|iPhoneSimulator
		{1024B3F2-F93D-4C9C-85AB-4A9903944D2B}.Debug|ARM.ActiveCfg = Debug|iPhone
		{1024B3F2-F93D-4C9C-85AB-4A9903944D2B}.Debug|ARM.Build.0 = Debug|iPhone
		{1024B3F2-F93D-4C9C-85AB-4A9903944D2B}.Debug|ARM.Deploy.0 = Debug|iPhone
		{1024B3F2-F93D-4C9C-85AB-4A9903944D2B}.Debug|iPhone.ActiveCfg = Debug|iPhone
		{1024B3F2-F93D-4C9C-85AB-4A9903944D2B}.Debug|iPhone.Build.0 = Debug|iPhone
		{1024B3F2-F93D-4C9C-85AB-4A9903944D2B}.Debug|iPhone.Deploy.0 = Debug|iPhone
		{1024B3F2-F93D-4C9C-85AB-4A9903944D2B}.Debug|iPhoneSimulator.ActiveCfg = Debug|iPhoneSimulator
		{1024B3F2-F93D-4C9C-85AB-4A9903944D2B}.Debug|iPhoneSimulator.Build.0 = Debug|iPhoneSimulator
		{1024B3F2-F93D-4C9C-85AB-4A9903944D2B}.Debug|iPhoneSimulator.Deploy.0 = Debug|iPhoneSimulator
		{1024B3F2-F93D-4C9C-85AB-4A9903944D2B}.Debug|x64.ActiveCfg = Debug|iPhoneSimulator
		{1024B3F2-F93D-4C9C-85AB-4A9903944D2B}.Debug|x64.Build.0 = Debug|iPhoneSimulator
		{1024B3F2-F93D-4C9C-85AB-4A9903944D2B}.Debug|x64.Deploy.0 = Debug|iPhoneSimulator
		{1024B3F2-F93D-4C9C-85AB-4A9903944D2B}.Debug|x86.ActiveCfg = Debug|iPhoneSimulator
		{1024B3F2-F93D-4C9C-85AB-4A9903944D2B}.Debug|x86.Build.0 = Debug|iPhoneSimulator
		{1024B3F2-F93D-4C9C-85AB-4A9903944D2B}.Debug|x86.Deploy.0 = Debug|iPhoneSimulator
		{1024B3F2-F93D-4C9C-85AB-4A9903944D2B}.Release|Any CPU.ActiveCfg = Release|iPhoneSimulator
		{1024B3F2-F93D-4C9C-85AB-4A9903944D2B}.Release|Any CPU.Build.0 = Release|iPhoneSimulator
		{1024B3F2-F93D-4C9C-85AB-4A9903944D2B}.Release|Any CPU.Deploy.0 = Release|iPhoneSimulator
		{1024B3F2-F93D-4C9C-85AB-4A9903944D2B}.Release|ARM.ActiveCfg = Release|iPhoneSimulator
		{1024B3F2-F93D-4C9C-85AB-4A9903944D2B}.Release|ARM.Build.0 = Release|iPhoneSimulator
		{1024B3F2-F93D-4C9C-85AB-4A9903944D2B}.Release|ARM.Deploy.0 = Release|iPhoneSimulator
		{1024B3F2-F93D-4C9C-85AB-4A9903944D2B}.Release|iPhone.ActiveCfg = Release|iPhone
		{1024B3F2-F93D-4C9C-85AB-4A9903944D2B}.Release|iPhone.Build.0 = Release|iPhone
		{1024B3F2-F93D-4C9C-85AB-4A9903944D2B}.Release|iPhone.Deploy.0 = Release|iPhone
		{1024B3F2-F93D-4C9C-85AB-4A9903944D2B}.Release|iPhoneSimulator.ActiveCfg = Release|iPhoneSimulator
		{1024B3F2-F93D-4C9C-85AB-4A9903944D2B}.Release|iPhoneSimulator.Build.0 = Release|iPhoneSimulator
		{1024B3F2-F93D-4C9C-85AB-4A9903944D2B}.Release|iPhoneSimulator.Deploy.0 = Release|iPhoneSimulator
		{1024B3F2-F93D-4C9C-85AB-4A9903944D2B}.Release|x64.ActiveCfg = Release|iPhoneSimulator
		{1024B3F2-F93D-4C9C-85AB-4A9903944D2B}.Release|x64.Build.0 = Release|iPhoneSimulator
		{1024B3F2-F93D-4C9C-85AB-4A9903944D2B}.Release|x64.Deploy.0 = Release|iPhoneSimulator
		{1024B3F2-F93D-4C9C-85AB-4A9903944D2B}.Release|x86.ActiveCfg = Release|iPhoneSimulator
		{1024B3F2-F93D-4C9C-85AB-4A9903944D2B}.Release|x86.Build.0 = Release|iPhoneSimulator
		{1024B3F2-F93D-4C9C-85AB-4A9903944D2B}.Release|x86.Deploy.0 = Release|iPhoneSimulator
		{D7329F1C-1D18-4E76-8590-DBD740A8018F}.Debug|Any CPU.ActiveCfg = Debug|Any CPU
		{D7329F1C-1D18-4E76-8590-DBD740A8018F}.Debug|Any CPU.Build.0 = Debug|Any CPU
		{D7329F1C-1D18-4E76-8590-DBD740A8018F}.Debug|Any CPU.Deploy.0 = Debug|Any CPU
		{D7329F1C-1D18-4E76-8590-DBD740A8018F}.Debug|ARM.ActiveCfg = Debug|Any CPU
		{D7329F1C-1D18-4E76-8590-DBD740A8018F}.Debug|ARM.Build.0 = Debug|Any CPU
		{D7329F1C-1D18-4E76-8590-DBD740A8018F}.Debug|ARM.Deploy.0 = Debug|Any CPU
		{D7329F1C-1D18-4E76-8590-DBD740A8018F}.Debug|iPhone.ActiveCfg = Debug|Any CPU
		{D7329F1C-1D18-4E76-8590-DBD740A8018F}.Debug|iPhone.Build.0 = Debug|Any CPU
		{D7329F1C-1D18-4E76-8590-DBD740A8018F}.Debug|iPhone.Deploy.0 = Debug|Any CPU
		{D7329F1C-1D18-4E76-8590-DBD740A8018F}.Debug|iPhoneSimulator.ActiveCfg = Debug|Any CPU
		{D7329F1C-1D18-4E76-8590-DBD740A8018F}.Debug|iPhoneSimulator.Build.0 = Debug|Any CPU
		{D7329F1C-1D18-4E76-8590-DBD740A8018F}.Debug|iPhoneSimulator.Deploy.0 = Debug|Any CPU
		{D7329F1C-1D18-4E76-8590-DBD740A8018F}.Debug|x64.ActiveCfg = Debug|Any CPU
		{D7329F1C-1D18-4E76-8590-DBD740A8018F}.Debug|x64.Build.0 = Debug|Any CPU
		{D7329F1C-1D18-4E76-8590-DBD740A8018F}.Debug|x64.Deploy.0 = Debug|Any CPU
		{D7329F1C-1D18-4E76-8590-DBD740A8018F}.Debug|x86.ActiveCfg = Debug|Any CPU
		{D7329F1C-1D18-4E76-8590-DBD740A8018F}.Debug|x86.Build.0 = Debug|Any CPU
		{D7329F1C-1D18-4E76-8590-DBD740A8018F}.Debug|x86.Deploy.0 = Debug|Any CPU
		{D7329F1C-1D18-4E76-8590-DBD740A8018F}.Release|Any CPU.ActiveCfg = Release|Any CPU
		{D7329F1C-1D18-4E76-8590-DBD740A8018F}.Release|Any CPU.Build.0 = Release|Any CPU
		{D7329F1C-1D18-4E76-8590-DBD740A8018F}.Release|Any CPU.Deploy.0 = Release|Any CPU
		{D7329F1C-1D18-4E76-8590-DBD740A8018F}.Release|ARM.ActiveCfg = Release|Any CPU
		{D7329F1C-1D18-4E76-8590-DBD740A8018F}.Release|ARM.Build.0 = Release|Any CPU
		{D7329F1C-1D18-4E76-8590-DBD740A8018F}.Release|ARM.Deploy.0 = Release|Any CPU
		{D7329F1C-1D18-4E76-8590-DBD740A8018F}.Release|iPhone.ActiveCfg = Release|Any CPU
		{D7329F1C-1D18-4E76-8590-DBD740A8018F}.Release|iPhone.Build.0 = Release|Any CPU
		{D7329F1C-1D18-4E76-8590-DBD740A8018F}.Release|iPhone.Deploy.0 = Release|Any CPU
		{D7329F1C-1D18-4E76-8590-DBD740A8018F}.Release|iPhoneSimulator.ActiveCfg = Release|Any CPU
		{D7329F1C-1D18-4E76-8590-DBD740A8018F}.Release|iPhoneSimulator.Build.0 = Release|Any CPU
		{D7329F1C-1D18-4E76-8590-DBD740A8018F}.Release|iPhoneSimulator.Deploy.0 = Release|Any CPU
		{D7329F1C-1D18-4E76-8590-DBD740A8018F}.Release|x64.ActiveCfg = Release|Any CPU
		{D7329F1C-1D18-4E76-8590-DBD740A8018F}.Release|x64.Build.0 = Release|Any CPU
		{D7329F1C-1D18-4E76-8590-DBD740A8018F}.Release|x64.Deploy.0 = Release|Any CPU
		{D7329F1C-1D18-4E76-8590-DBD740A8018F}.Release|x86.ActiveCfg = Release|Any CPU
		{D7329F1C-1D18-4E76-8590-DBD740A8018F}.Release|x86.Build.0 = Release|Any CPU
		{D7329F1C-1D18-4E76-8590-DBD740A8018F}.Release|x86.Deploy.0 = Release|Any CPU
	EndGlobalSection
	GlobalSection(SolutionProperties) = preSolution
		HideSolutionNode = FALSE
	EndGlobalSection
	GlobalSection(ExtensibilityGlobals) = postSolution
		SolutionGuid = {91A8C54B-D9E5-4CEC-A15E-5A9DB1231400}
	EndGlobalSection
EndGlobal
