
Microsoft Visual Studio Solution File, Format Version 12.00
# Visual Studio Version 16
VisualStudioVersion = 16.0.31321.278
MinimumVisualStudioVersion = 10.0.40219.1
Project("{FAE04EC0-301F-11D3-BF4B-00C04F79EFBC}") = "DBIntro.UWP", "DBIntro\DBIntro.UWP\DBIntro.UWP.csproj", "{312DFC52-7A72-4481-BC9D-5326A405FAE1}"
EndProject
Project("{FAE04EC0-301F-11D3-BF4B-00C04F79EFBC}") = "DBIntro.Android", "DBIntro\DBIntro.Android\DBIntro.Android.csproj", "{E8E2E5B0-27ED-4DA8-AE17-ACD71CF5B573}"
EndProject
Project("{FAE04EC0-301F-11D3-BF4B-00C04F79EFBC}") = "DBIntro.iOS", "DBIntro\DBIntro.iOS\DBIntro.iOS.csproj", "{E3CAD252-95F9-42C0-A178-60783EC35D4E}"
EndProject
Project("{FAE04EC0-301F-11D3-BF4B-00C04F79EFBC}") = "DBIntro", "DBIntro\DBIntro\DBIntro.csproj", "{45118CBE-0482-4FE4-B521-387CE686B3FA}"
EndProject
Global
	GlobalSection(SolutionConfigurationPlatforms) = preSolution
		Debug|Any CPU = Debug|Any CPU
		Debug|ARM = Debug|ARM
		Debug|iPhone = Debug|iPhone
		Debug|iPhoneSimulator = Debug|iPhoneSimulator
		Debug|x64 = Debug|x64
		Debug|x86 = Debug|x86
		Release|Any CPU = Release|Any CPU
		Release|ARM = Release|ARM
		Release|iPhone = Release|iPhone
		Release|iPhoneSimulator = Release|iPhoneSimulator
		Release|x64 = Release|x64
		Release|x86 = Release|x86
	EndGlobalSection
	GlobalSection(ProjectConfigurationPlatforms) = postSolution
		{312DFC52-7A72-4481-BC9D-5326A405FAE1}.Debug|Any CPU.ActiveCfg = Debug|x86
		{312DFC52-7A72-4481-BC9D-5326A405FAE1}.Debug|Any CPU.Build.0 = Debug|x86
		{312DFC52-7A72-4481-BC9D-5326A405FAE1}.Debug|Any CPU.Deploy.0 = Debug|x86
		{312DFC52-7A72-4481-BC9D-5326A405FAE1}.Debug|ARM.ActiveCfg = Debug|ARM
		{312DFC52-7A72-4481-BC9D-5326A405FAE1}.Debug|ARM.Build.0 = Debug|ARM
		{312DFC52-7A72-4481-BC9D-5326A405FAE1}.Debug|ARM.Deploy.0 = Debug|ARM
		{312DFC52-7A72-4481-BC9D-5326A405FAE1}.Debug|iPhone.ActiveCfg = Debug|x86
		{312DFC52-7A72-4481-BC9D-5326A405FAE1}.Debug|iPhone.Build.0 = Debug|x86
		{312DFC52-7A72-4481-BC9D-5326A405FAE1}.Debug|iPhone.Deploy.0 = Debug|x86
		{312DFC52-7A72-4481-BC9D-5326A405FAE1}.Debug|iPhoneSimulator.ActiveCfg = Debug|x86
		{312DFC52-7A72-4481-BC9D-5326A405FAE1}.Debug|iPhoneSimulator.Build.0 = Debug|x86
		{312DFC52-7A72-4481-BC9D-5326A405FAE1}.Debug|iPhoneSimulator.Deploy.0 = Debug|x86
		{312DFC52-7A72-4481-BC9D-5326A405FAE1}.Debug|x64.ActiveCfg = Debug|x64
		{312DFC52-7A72-4481-BC9D-5326A405FAE1}.Debug|x64.Build.0 = Debug|x64
		{312DFC52-7A72-4481-BC9D-5326A405FAE1}.Debug|x64.Deploy.0 = Debug|x64
		{312DFC52-7A72-4481-BC9D-5326A405FAE1}.Debug|x86.ActiveCfg = Debug|x86
		{312DFC52-7A72-4481-BC9D-5326A405FAE1}.Debug|x86.Build.0 = Debug|x86
		{312DFC52-7A72-4481-BC9D-5326A405FAE1}.Debug|x86.Deploy.0 = Debug|x86
		{312DFC52-7A72-4481-BC9D-5326A405FAE1}.Release|Any CPU.ActiveCfg = Release|x86
		{312DFC52-7A72-4481-BC9D-5326A405FAE1}.Release|Any CPU.Build.0 = Release|x86
		{312DFC52-7A72-4481-BC9D-5326A405FAE1}.Release|Any CPU.Deploy.0 = Release|x86
		{312DFC52-7A72-4481-BC9D-5326A405FAE1}.Release|ARM.ActiveCfg = Release|ARM
		{312DFC52-7A72-4481-BC9D-5326A405FAE1}.Release|ARM.Build.0 = Release|ARM
		{312DFC52-7A72-4481-BC9D-5326A405FAE1}.Release|ARM.Deploy.0 = Release|ARM
		{312DFC52-7A72-4481-BC9D-5326A405FAE1}.Release|iPhone.ActiveCfg = Release|x86
		{312DFC52-7A72-4481-BC9D-5326A405FAE1}.Release|iPhone.Build.0 = Release|x86
		{312DFC52-7A72-4481-BC9D-5326A405FAE1}.Release|iPhone.Deploy.0 = Release|x86
		{312DFC52-7A72-4481-BC9D-5326A405FAE1}.Release|iPhoneSimulator.ActiveCfg = Release|x86
		{312DFC52-7A72-4481-BC9D-5326A405FAE1}.Release|iPhoneSimulator.Build.0 = Release|x86
		{312DFC52-7A72-4481-BC9D-5326A405FAE1}.Release|iPhoneSimulator.Deploy.0 = Release|x86
		{312DFC52-7A72-4481-BC9D-5326A405FAE1}.Release|x64.ActiveCfg = Release|x64
		{312DFC52-7A72-4481-BC9D-5326A405FAE1}.Release|x64.Build.0 = Release|x64
		{312DFC52-7A72-4481-BC9D-5326A405FAE1}.Release|x64.Deploy.0 = Release|x64
		{312DFC52-7A72-4481-BC9D-5326A405FAE1}.Release|x86.ActiveCfg = Release|x86
		{312DFC52-7A72-4481-BC9D-5326A405FAE1}.Release|x86.Build.0 = Release|x86
		{312DFC52-7A72-4481-BC9D-5326A405FAE1}.Release|x86.Deploy.0 = Release|x86
		{E8E2E5B0-27ED-4DA8-AE17-ACD71CF5B573}.Debug|Any CPU.ActiveCfg = Debug|Any CPU
		{E8E2E5B0-27ED-4DA8-AE17-ACD71CF5B573}.Debug|Any CPU.Build.0 = Debug|Any CPU
		{E8E2E5B0-27ED-4DA8-AE17-ACD71CF5B573}.Debug|Any CPU.Deploy.0 = Debug|Any CPU
		{E8E2E5B0-27ED-4DA8-AE17-ACD71CF5B573}.Debug|ARM.ActiveCfg = Debug|Any CPU
		{E8E2E5B0-27ED-4DA8-AE17-ACD71CF5B573}.Debug|ARM.Build.0 = Debug|Any CPU
		{E8E2E5B0-27ED-4DA8-AE17-ACD71CF5B573}.Debug|ARM.Deploy.0 = Debug|Any CPU
		{E8E2E5B0-27ED-4DA8-AE17-ACD71CF5B573}.Debug|iPhone.ActiveCfg = Debug|Any CPU
		{E8E2E5B0-27ED-4DA8-AE17-ACD71CF5B573}.Debug|iPhone.Build.0 = Debug|Any CPU
		{E8E2E5B0-27ED-4DA8-AE17-ACD71CF5B573}.Debug|iPhone.Deploy.0 = Debug|Any CPU
		{E8E2E5B0-27ED-4DA8-AE17-ACD71CF5B573}.Debug|iPhoneSimulator.ActiveCfg = Debug|Any CPU
		{E8E2E5B0-27ED-4DA8-AE17-ACD71CF5B573}.Debug|iPhoneSimulator.Build.0 = Debug|Any CPU
		{E8E2E5B0-27ED-4DA8-AE17-ACD71CF5B573}.Debug|iPhoneSimulator.Deploy.0 = Debug|Any CPU
		{E8E2E5B0-27ED-4DA8-AE17-ACD71CF5B573}.Debug|x64.ActiveCfg = Debug|Any CPU
		{E8E2E5B0-27ED-4DA8-AE17-ACD71CF5B573}.Debug|x64.Build.0 = Debug|Any CPU
		{E8E2E5B0-27ED-4DA8-AE17-ACD71CF5B573}.Debug|x64.Deploy.0 = Debug|Any CPU
		{E8E2E5B0-27ED-4DA8-AE17-ACD71CF5B573}.Debug|x86.ActiveCfg = Debug|Any CPU
		{E8E2E5B0-27ED-4DA8-AE17-ACD71CF5B573}.Debug|x86.Build.0 = Debug|Any CPU
		{E8E2E5B0-27ED-4DA8-AE17-ACD71CF5B573}.Debug|x86.Deploy.0 = Debug|Any CPU
		{E8E2E5B0-27ED-4DA8-AE17-ACD71CF5B573}.Release|Any CPU.ActiveCfg = Release|Any CPU
		{E8E2E5B0-27ED-4DA8-AE17-ACD71CF5B573}.Release|Any CPU.Build.0 = Release|Any CPU
		{E8E2E5B0-27ED-4DA8-AE17-ACD71CF5B573}.Release|Any CPU.Deploy.0 = Release|Any CPU
		{E8E2E5B0-27ED-4DA8-AE17-ACD71CF5B573}.Release|ARM.ActiveCfg = Release|Any CPU
		{E8E2E5B0-27ED-4DA8-AE17-ACD71CF5B573}.Release|ARM.Build.0 = Release|Any CPU
		{E8E2E5B0-27ED-4DA8-AE17-ACD71CF5B573}.Release|ARM.Deploy.0 = Release|Any CPU
		{E8E2E5B0-27ED-4DA8-AE17-ACD71CF5B573}.Release|iPhone.ActiveCfg = Release|Any CPU
		{E8E2E5B0-27ED-4DA8-AE17-ACD71CF5B573}.Release|iPhone.Build.0 = Release|Any CPU
		{E8E2E5B0-27ED-4DA8-AE17-ACD71CF5B573}.Release|iPhone.Deploy.0 = Release|Any CPU
		{E8E2E5B0-27ED-4DA8-AE17-ACD71CF5B573}.Release|iPhoneSimulator.ActiveCfg = Release|Any CPU
		{E8E2E5B0-27ED-4DA8-AE17-ACD71CF5B573}.Release|iPhoneSimulator.Build.0 = Release|Any CPU
		{E8E2E5B0-27ED-4DA8-AE17-ACD71CF5B573}.Release|iPhoneSimulator.Deploy.0 = Release|Any CPU
		{E8E2E5B0-27ED-4DA8-AE17-ACD71CF5B573}.Release|x64.ActiveCfg = Release|Any CPU
		{E8E2E5B0-27ED-4DA8-AE17-ACD71CF5B573}.Release|x64.Build.0 = Release|Any CPU
		{E8E2E5B0-27ED-4DA8-AE17-ACD71CF5B573}.Release|x64.Deploy.0 = Release|Any CPU
		{E8E2E5B0-27ED-4DA8-AE17-ACD71CF5B573}.Release|x86.ActiveCfg = Release|Any CPU
		{E8E2E5B0-27ED-4DA8-AE17-ACD71CF5B573}.Release|x86.Build.0 = Release|Any CPU
		{E8E2E5B0-27ED-4DA8-AE17-ACD71CF5B573}.Release|x86.Deploy.0 = Release|Any CPU
		{E3CAD252-95F9-42C0-A178-60783EC35D4E}.Debug|Any CPU.ActiveCfg = Debug|iPhoneSimulator
		{E3CAD252-95F9-42C0-A178-60783EC35D4E}.Debug|Any CPU.Build.0 = Debug|iPhoneSimulator
		{E3CAD252-95F9-42C0-A178-60783EC35D4E}.Debug|Any CPU.Deploy.0 = Debug|iPhoneSimulator
		{E3CAD252-95F9-42C0-A178-60783EC35D4E}.Debug|ARM.ActiveCfg = Debug|iPhone
		{E3CAD252-95F9-42C0-A178-60783EC35D4E}.Debug|ARM.Build.0 = Debug|iPhone
		{E3CAD252-95F9-42C0-A178-60783EC35D4E}.Debug|ARM.Deploy.0 = Debug|iPhone
		{E3CAD252-95F9-42C0-A178-60783EC35D4E}.Debug|iPhone.ActiveCfg = Debug|iPhone
		{E3CAD252-95F9-42C0-A178-60783EC35D4E}.Debug|iPhone.Build.0 = Debug|iPhone
		{E3CAD252-95F9-42C0-A178-60783EC35D4E}.Debug|iPhone.Deploy.0 = Debug|iPhone
		{E3CAD252-95F9-42C0-A178-60783EC35D4E}.Debug|iPhoneSimulator.ActiveCfg = Debug|iPhoneSimulator
		{E3CAD252-95F9-42C0-A178-60783EC35D4E}.Debug|iPhoneSimulator.Build.0 = Debug|iPhoneSimulator
		{E3CAD252-95F9-42C0-A178-60783EC35D4E}.Debug|iPhoneSimulator.Deploy.0 = Debug|iPhoneSimulator
		{E3CAD252-95F9-42C0-A178-60783EC35D4E}.Debug|x64.ActiveCfg = Debug|iPhoneSimulator
		{E3CAD252-95F9-42C0-A178-60783EC35D4E}.Debug|x64.Build.0 = Debug|iPhoneSimulator
		{E3CAD252-95F9-42C0-A178-60783EC35D4E}.Debug|x64.Deploy.0 = Debug|iPhoneSimulator
		{E3CAD252-95F9-42C0-A178-60783EC35D4E}.Debug|x86.ActiveCfg = Debug|iPhoneSimulator
		{E3CAD252-95F9-42C0-A178-60783EC35D4E}.Debug|x86.Build.0 = Debug|iPhoneSimulator
		{E3CAD252-95F9-42C0-A178-60783EC35D4E}.Debug|x86.Deploy.0 = Debug|iPhoneSimulator
		{E3CAD252-95F9-42C0-A178-60783EC35D4E}.Release|Any CPU.ActiveCfg = Release|iPhoneSimulator
		{E3CAD252-95F9-42C0-A178-60783EC35D4E}.Release|Any CPU.Build.0 = Release|iPhoneSimulator
		{E3CAD252-95F9-42C0-A178-60783EC35D4E}.Release|Any CPU.Deploy.0 = Release|iPhoneSimulator
		{E3CAD252-95F9-42C0-A178-60783EC35D4E}.Release|ARM.ActiveCfg = Release|iPhoneSimulator
		{E3CAD252-95F9-42C0-A178-60783EC35D4E}.Release|ARM.Build.0 = Release|iPhoneSimulator
		{E3CAD252-95F9-42C0-A178-60783EC35D4E}.Release|ARM.Deploy.0 = Release|iPhoneSimulator
		{E3CAD252-95F9-42C0-A178-60783EC35D4E}.Release|iPhone.ActiveCfg = Release|iPhone
		{E3CAD252-95F9-42C0-A178-60783EC35D4E}.Release|iPhone.Build.0 = Release|iPhone
		{E3CAD252-95F9-42C0-A178-60783EC35D4E}.Release|iPhone.Deploy.0 = Release|iPhone
		{E3CAD252-95F9-42C0-A178-60783EC35D4E}.Release|iPhoneSimulator.ActiveCfg = Release|iPhoneSimulator
		{E3CAD252-95F9-42C0-A178-60783EC35D4E}.Release|iPhoneSimulator.Build.0 = Release|iPhoneSimulator
		{E3CAD252-95F9-42C0-A178-60783EC35D4E}.Release|iPhoneSimulator.Deploy.0 = Release|iPhoneSimulator
		{E3CAD252-95F9-42C0-A178-60783EC35D4E}.Release|x64.ActiveCfg = Release|iPhoneSimulator
		{E3CAD252-95F9-42C0-A178-60783EC35D4E}.Release|x64.Build.0 = Release|iPhoneSimulator
		{E3CAD252-95F9-42C0-A178-60783EC35D4E}.Release|x64.Deploy.0 = Release|iPhoneSimulator
		{E3CAD252-95F9-42C0-A178-60783EC35D4E}.Release|x86.ActiveCfg = Release|iPhoneSimulator
		{E3CAD252-95F9-42C0-A178-60783EC35D4E}.Release|x86.Build.0 = Release|iPhoneSimulator
		{E3CAD252-95F9-42C0-A178-60783EC35D4E}.Release|x86.Deploy.0 = Release|iPhoneSimulator
		{45118CBE-0482-4FE4-B521-387CE686B3FA}.Debug|Any CPU.ActiveCfg = Debug|Any CPU
		{45118CBE-0482-4FE4-B521-387CE686B3FA}.Debug|Any CPU.Build.0 = Debug|Any CPU
		{45118CBE-0482-4FE4-B521-387CE686B3FA}.Debug|Any CPU.Deploy.0 = Debug|Any CPU
		{45118CBE-0482-4FE4-B521-387CE686B3FA}.Debug|ARM.ActiveCfg = Debug|Any CPU
		{45118CBE-0482-4FE4-B521-387CE686B3FA}.Debug|ARM.Build.0 = Debug|Any CPU
		{45118CBE-0482-4FE4-B521-387CE686B3FA}.Debug|ARM.Deploy.0 = Debug|Any CPU
		{45118CBE-0482-4FE4-B521-387CE686B3FA}.Debug|iPhone.ActiveCfg = Debug|Any CPU
		{45118CBE-0482-4FE4-B521-387CE686B3FA}.Debug|iPhone.Build.0 = Debug|Any CPU
		{45118CBE-0482-4FE4-B521-387CE686B3FA}.Debug|iPhone.Deploy.0 = Debug|Any CPU
		{45118CBE-0482-4FE4-B521-387CE686B3FA}.Debug|iPhoneSimulator.ActiveCfg = Debug|Any CPU
		{45118CBE-0482-4FE4-B521-387CE686B3FA}.Debug|iPhoneSimulator.Build.0 = Debug|Any CPU
		{45118CBE-0482-4FE4-B521-387CE686B3FA}.Debug|iPhoneSimulator.Deploy.0 = Debug|Any CPU
		{45118CBE-0482-4FE4-B521-387CE686B3FA}.Debug|x64.ActiveCfg = Debug|Any CPU
		{45118CBE-0482-4FE4-B521-387CE686B3FA}.Debug|x64.Build.0 = Debug|Any CPU
		{45118CBE-0482-4FE4-B521-387CE686B3FA}.Debug|x64.Deploy.0 = Debug|Any CPU
		{45118CBE-0482-4FE4-B521-387CE686B3FA}.Debug|x86.ActiveCfg = Debug|Any CPU
		{45118CBE-0482-4FE4-B521-387CE686B3FA}.Debug|x86.Build.0 = Debug|Any CPU
		{45118CBE-0482-4FE4-B521-387CE686B3FA}.Debug|x86.Deploy.0 = Debug|Any CPU
		{45118CBE-0482-4FE4-B521-387CE686B3FA}.Release|Any CPU.ActiveCfg = Release|Any CPU
		{45118CBE-0482-4FE4-B521-387CE686B3FA}.Release|Any CPU.Build.0 = Release|Any CPU
		{45118CBE-0482-4FE4-B521-387CE686B3FA}.Release|Any CPU.Deploy.0 = Release|Any CPU
		{45118CBE-0482-4FE4-B521-387CE686B3FA}.Release|ARM.ActiveCfg = Release|Any CPU
		{45118CBE-0482-4FE4-B521-387CE686B3FA}.Release|ARM.Build.0 = Release|Any CPU
		{45118CBE-0482-4FE4-B521-387CE686B3FA}.Release|ARM.Deploy.0 = Release|Any CPU
		{45118CBE-0482-4FE4-B521-387CE686B3FA}.Release|iPhone.ActiveCfg = Release|Any CPU
		{45118CBE-0482-4FE4-B521-387CE686B3FA}.Release|iPhone.Build.0 = Release|Any CPU
		{45118CBE-0482-4FE4-B521-387CE686B3FA}.Release|iPhone.Deploy.0 = Release|Any CPU
		{45118CBE-0482-4FE4-B521-387CE686B3FA}.Release|iPhoneSimulator.ActiveCfg = Release|Any CPU
		{45118CBE-0482-4FE4-B521-387CE686B3FA}.Release|iPhoneSimulator.Build.0 = Release|Any CPU
		{45118CBE-0482-4FE4-B521-387CE686B3FA}.Release|iPhoneSimulator.Deploy.0 = Release|Any CPU
		{45118CBE-0482-4FE4-B521-387CE686B3FA}.Release|x64.ActiveCfg = Release|Any CPU
		{45118CBE-0482-4FE4-B521-387CE686B3FA}.Release|x64.Build.0 = Release|Any CPU
		{45118CBE-0482-4FE4-B521-387CE686B3FA}.Release|x64.Deploy.0 = Release|Any CPU
		{45118CBE-0482-4FE4-B521-387CE686B3FA}.Release|x86.ActiveCfg = Release|Any CPU
		{45118CBE-0482-4FE4-B521-387CE686B3FA}.Release|x86.Build.0 = Release|Any CPU
		{45118CBE-0482-4FE4-B521-387CE686B3FA}.Release|x86.Deploy.0 = Release|Any CPU
	EndGlobalSection
	GlobalSection(SolutionProperties) = preSolution
		HideSolutionNode = FALSE
	EndGlobalSection
	GlobalSection(ExtensibilityGlobals) = postSolution
		SolutionGuid = {07E86CEF-2306-44EF-926E-1228B7D6E1E3}
	EndGlobalSection
EndGlobal
